
Microsoft Visual Studio Solution File, Format Version 12.00
# Visual Studio Version 16
VisualStudioVersion = 16.0.30114.105
MinimumVisualStudioVersion = 10.0.40219.1
Project("{2150E333-8FDC-42A3-9474-1A3956D46DE8}") = "src", "src", "{DD050532-8D1F-4A96-BABE-988D2CBD8214}"
EndProject
Project("{FAE04EC0-301F-11D3-BF4B-00C04F79EFBC}") = "Omnius.Axis.Daemon", "src\Omnius.Axis.Daemon\Omnius.Axis.Daemon.csproj", "{C7217B2B-31FF-4580-992C-050DDE72AFB8}"
EndProject
Project("{FAE04EC0-301F-11D3-BF4B-00C04F79EFBC}") = "Omnius.Axis.Engines", "src\Omnius.Axis.Engines\Omnius.Axis.Engines.csproj", "{3B59984F-7CF4-4C29-AE55-CDA487678ECC}"
EndProject
Project("{FAE04EC0-301F-11D3-BF4B-00C04F79EFBC}") = "Omnius.Axis.Intaractors", "src\Omnius.Axis.Intaractors\Omnius.Axis.Intaractors.csproj", "{45FF622B-3446-4AD1-B492-56AEA6236627}"
EndProject
Project("{FAE04EC0-301F-11D3-BF4B-00C04F79EFBC}") = "Omnius.Axis.Launcher", "src\Omnius.Axis.Launcher\Omnius.Axis.Launcher.csproj", "{5BBC1E15-8A64-4F13-83AB-335396635ACF}"
EndProject
Project("{FAE04EC0-301F-11D3-BF4B-00C04F79EFBC}") = "Omnius.Axis.Models", "src\Omnius.Axis.Models\Omnius.Axis.Models.csproj", "{C9A64725-32C5-4C59-9757-71AD51752669}"
EndProject
Project("{FAE04EC0-301F-11D3-BF4B-00C04F79EFBC}") = "Omnius.Axis.Remoting", "src\Omnius.Axis.Remoting\Omnius.Axis.Remoting.csproj", "{746751FE-6D67-4C4B-A234-077025F60A61}"
EndProject
Project("{FAE04EC0-301F-11D3-BF4B-00C04F79EFBC}") = "Omnius.Axis.Ui.Desktop", "src\Omnius.Axis.Ui.Desktop\Omnius.Axis.Ui.Desktop.csproj", "{980F6A1A-217D-4BC9-888C-509D6C8778C3}"
EndProject
Project("{FAE04EC0-301F-11D3-BF4B-00C04F79EFBC}") = "Omnius.Axis.Utils", "src\Omnius.Axis.Utils\Omnius.Axis.Utils.csproj", "{99C4F946-6AF5-4558-B479-E536B88377BE}"
EndProject
Project("{2150E333-8FDC-42A3-9474-1A3956D46DE8}") = "test", "test", "{EBCB535B-0D5B-4563-AB30-1B8B76704AAA}"
EndProject
Project("{FAE04EC0-301F-11D3-BF4B-00C04F79EFBC}") = "Omnius.Axis.Engines.Tests", "test\Omnius.Axis.Engines.Tests\Omnius.Axis.Engines.Tests.csproj", "{5635E3E6-B393-4C3E-BC47-09C776431166}"
EndProject
Project("{2150E333-8FDC-42A3-9474-1A3956D46DE8}") = "refs", "refs", "{7FBDCA4A-4135-4F14-8F7B-BAA29B6EDE18}"
EndProject
Project("{2150E333-8FDC-42A3-9474-1A3956D46DE8}") = "core", "core", "{931E193A-D0E4-433B-8861-CB3DF34E9D20}"
EndProject
Project("{2150E333-8FDC-42A3-9474-1A3956D46DE8}") = "src", "src", "{F176404C-1914-49B5-9FF1-C2FA58B621DD}"
EndProject
Project("{FAE04EC0-301F-11D3-BF4B-00C04F79EFBC}") = "Omnius.Core.Avalonia", "refs\core\src\Omnius.Core.Avalonia\Omnius.Core.Avalonia.csproj", "{08DA07BC-5DAB-41F5-95D1-DFD9FC4641D7}"
EndProject
Project("{FAE04EC0-301F-11D3-BF4B-00C04F79EFBC}") = "Omnius.Core.Collections", "refs\core\src\Omnius.Core.Collections\Omnius.Core.Collections.csproj", "{2B3EB1C9-0F1F-48C2-B31B-349C8AEBC6B9}"
EndProject
Project("{FAE04EC0-301F-11D3-BF4B-00C04F79EFBC}") = "Omnius.Core.Cryptography", "refs\core\src\Omnius.Core.Cryptography\Omnius.Core.Cryptography.csproj", "{63759F2B-46A9-42E5-A821-254BB417BD07}"
EndProject
Project("{FAE04EC0-301F-11D3-BF4B-00C04F79EFBC}") = "Omnius.Core.Net.Caps", "refs\core\src\Omnius.Core.Net.Caps\Omnius.Core.Net.Caps.csproj", "{E71073E1-7BD4-4D3B-A04C-58B57653FA1F}"
EndProject
Project("{FAE04EC0-301F-11D3-BF4B-00C04F79EFBC}") = "Omnius.Core.Net.Connections", "refs\core\src\Omnius.Core.Net.Connections\Omnius.Core.Net.Connections.csproj", "{8DFFB5FA-CECA-4AFF-B64B-6C41B69B1D81}"
EndProject
Project("{FAE04EC0-301F-11D3-BF4B-00C04F79EFBC}") = "Omnius.Core.Net.Proxies", "refs\core\src\Omnius.Core.Net.Proxies\Omnius.Core.Net.Proxies.csproj", "{9C1E5F58-5054-473B-9F33-E65539154D07}"
EndProject
Project("{FAE04EC0-301F-11D3-BF4B-00C04F79EFBC}") = "Omnius.Core.Net.Upnp", "refs\core\src\Omnius.Core.Net.Upnp\Omnius.Core.Net.Upnp.csproj", "{94DFE369-6D69-4759-959C-025AF5E9B8CC}"
EndProject
Project("{FAE04EC0-301F-11D3-BF4B-00C04F79EFBC}") = "Omnius.Core.Net", "refs\core\src\Omnius.Core.Net\Omnius.Core.Net.csproj", "{AD854C58-136F-4FEC-BE66-3BCE1C94A604}"
EndProject
Project("{FAE04EC0-301F-11D3-BF4B-00C04F79EFBC}") = "Omnius.Core.Pipelines", "refs\core\src\Omnius.Core.Pipelines\Omnius.Core.Pipelines.csproj", "{B55AC04A-192D-4C2C-9F3D-D8DC8583097B}"
EndProject
Project("{FAE04EC0-301F-11D3-BF4B-00C04F79EFBC}") = "Omnius.Core.RocketPack.DefinitionCompiler", "refs\core\src\Omnius.Core.RocketPack.DefinitionCompiler\Omnius.Core.RocketPack.DefinitionCompiler.csproj", "{3750621D-E08D-489C-8B24-FA3DB00AC71B}"
EndProject
Project("{FAE04EC0-301F-11D3-BF4B-00C04F79EFBC}") = "Omnius.Core.RocketPack.Remoting", "refs\core\src\Omnius.Core.RocketPack.Remoting\Omnius.Core.RocketPack.Remoting.csproj", "{97CDBB3C-9341-4F85-81DF-E3DDC21C052B}"
EndProject
Project("{FAE04EC0-301F-11D3-BF4B-00C04F79EFBC}") = "Omnius.Core.RocketPack", "refs\core\src\Omnius.Core.RocketPack\Omnius.Core.RocketPack.csproj", "{6733BC57-1658-42C0-8616-D8B6FC0B16DA}"
EndProject
Project("{FAE04EC0-301F-11D3-BF4B-00C04F79EFBC}") = "Omnius.Core.Serialization", "refs\core\src\Omnius.Core.Serialization\Omnius.Core.Serialization.csproj", "{6D84CEE8-0E6F-4AAF-81FD-7C20D7B37BB5}"
EndProject
Project("{FAE04EC0-301F-11D3-BF4B-00C04F79EFBC}") = "Omnius.Core.Storages", "refs\core\src\Omnius.Core.Storages\Omnius.Core.Storages.csproj", "{E2BBAD57-6F1A-4EC5-A625-808E0B703797}"
EndProject
Project("{FAE04EC0-301F-11D3-BF4B-00C04F79EFBC}") = "Omnius.Core.Streams", "refs\core\src\Omnius.Core.Streams\Omnius.Core.Streams.csproj", "{1978A06D-4837-4E75-A8AF-B6383EF5EE2B}"
EndProject
Project("{FAE04EC0-301F-11D3-BF4B-00C04F79EFBC}") = "Omnius.Core.Tasks", "refs\core\src\Omnius.Core.Tasks\Omnius.Core.Tasks.csproj", "{70611213-E3D4-4C55-8603-6F0970B35BF0}"
EndProject
Project("{FAE04EC0-301F-11D3-BF4B-00C04F79EFBC}") = "Omnius.Core.UnitTestToolkit", "refs\core\src\Omnius.Core.UnitTestToolkit\Omnius.Core.UnitTestToolkit.csproj", "{658C5D9A-42D3-4199-8CAA-74A64403F8FF}"
EndProject
Project("{FAE04EC0-301F-11D3-BF4B-00C04F79EFBC}") = "Omnius.Core.Utils", "refs\core\src\Omnius.Core.Utils\Omnius.Core.Utils.csproj", "{E33CB357-DA4C-4067-9E4C-8673E514A4D6}"
EndProject
Project("{FAE04EC0-301F-11D3-BF4B-00C04F79EFBC}") = "Omnius.Core", "refs\core\src\Omnius.Core\Omnius.Core.csproj", "{311BCA42-EB50-451E-B2F4-65D1251CB096}"
EndProject
Project("{2150E333-8FDC-42A3-9474-1A3956D46DE8}") = "test", "test", "{25C4369B-638F-4EE5-AB3E-9C71DD46D41E}"
EndProject
Project("{FAE04EC0-301F-11D3-BF4B-00C04F79EFBC}") = "Omnius.Core.Cryptography.Tests", "refs\core\test\Omnius.Core.Cryptography.Tests\Omnius.Core.Cryptography.Tests.csproj", "{92D3A17C-CB93-4F17-8EBE-2FF5B3BEB012}"
EndProject
Project("{FAE04EC0-301F-11D3-BF4B-00C04F79EFBC}") = "Omnius.Core.Net.Connections.Tests", "refs\core\test\Omnius.Core.Net.Connections.Tests\Omnius.Core.Net.Connections.Tests.csproj", "{1881FA78-F121-4063-9634-DB383B245055}"
EndProject
Project("{FAE04EC0-301F-11D3-BF4B-00C04F79EFBC}") = "Omnius.Core.Net.Tests", "refs\core\test\Omnius.Core.Net.Tests\Omnius.Core.Net.Tests.csproj", "{0750D4DD-91AA-4FF7-9CDA-73AE34451DE9}"
EndProject
Project("{FAE04EC0-301F-11D3-BF4B-00C04F79EFBC}") = "Omnius.Core.Net.Upnp.Tests", "refs\core\test\Omnius.Core.Net.Upnp.Tests\Omnius.Core.Net.Upnp.Tests.csproj", "{47F1DFF3-75D4-49ED-AC7B-1B35A3F67B68}"
EndProject
Project("{FAE04EC0-301F-11D3-BF4B-00C04F79EFBC}") = "Omnius.Core.Pipelines.Tests", "refs\core\test\Omnius.Core.Pipelines.Tests\Omnius.Core.Pipelines.Tests.csproj", "{BF11B5D9-7C2F-44FC-8816-62EA09029912}"
EndProject
Project("{FAE04EC0-301F-11D3-BF4B-00C04F79EFBC}") = "Omnius.Core.RocketPack.DefinitionCompiler.Tests", "refs\core\test\Omnius.Core.RocketPack.DefinitionCompiler.Tests\Omnius.Core.RocketPack.DefinitionCompiler.Tests.csproj", "{E1BDC20F-F35F-455A-AF5D-1BA9BBB83C32}"
EndProject
Project("{FAE04EC0-301F-11D3-BF4B-00C04F79EFBC}") = "Omnius.Core.RocketPack.Remoting.Tests", "refs\core\test\Omnius.Core.RocketPack.Remoting.Tests\Omnius.Core.RocketPack.Remoting.Tests.csproj", "{DEA63886-E23F-4717-871D-870041993ECD}"
EndProject
Project("{FAE04EC0-301F-11D3-BF4B-00C04F79EFBC}") = "Omnius.Core.RocketPack.Tests", "refs\core\test\Omnius.Core.RocketPack.Tests\Omnius.Core.RocketPack.Tests.csproj", "{CEBF64FD-02A0-4335-9EEE-FBDDF3C002B9}"
EndProject
Project("{FAE04EC0-301F-11D3-BF4B-00C04F79EFBC}") = "Omnius.Core.Serialization.Tests", "refs\core\test\Omnius.Core.Serialization.Tests\Omnius.Core.Serialization.Tests.csproj", "{7B33B326-E08C-4F7F-AC20-25EE00DB9526}"
EndProject
Project("{FAE04EC0-301F-11D3-BF4B-00C04F79EFBC}") = "Omnius.Core.Storages.Tests", "refs\core\test\Omnius.Core.Storages.Tests\Omnius.Core.Storages.Tests.csproj", "{031B9F66-8D66-4A16-9946-A088B4B3DF17}"
EndProject
Project("{FAE04EC0-301F-11D3-BF4B-00C04F79EFBC}") = "Omnius.Core.Streams.Tests", "refs\core\test\Omnius.Core.Streams.Tests\Omnius.Core.Streams.Tests.csproj", "{33F186DD-F1CB-44B0-8F60-4476B1868382}"
EndProject
Project("{FAE04EC0-301F-11D3-BF4B-00C04F79EFBC}") = "Omnius.Core.Tests", "refs\core\test\Omnius.Core.Tests\Omnius.Core.Tests.csproj", "{56063C29-3D1F-4C4B-B392-392E8A9909AF}"
EndProject
Global
	GlobalSection(SolutionConfigurationPlatforms) = preSolution
		Debug|Any CPU = Debug|Any CPU
		Release|Any CPU = Release|Any CPU
	EndGlobalSection
	GlobalSection(SolutionProperties) = preSolution
		HideSolutionNode = FALSE
	EndGlobalSection
	GlobalSection(ProjectConfigurationPlatforms) = postSolution
		{C7217B2B-31FF-4580-992C-050DDE72AFB8}.Debug|Any CPU.ActiveCfg = Debug|Any CPU
		{C7217B2B-31FF-4580-992C-050DDE72AFB8}.Debug|Any CPU.Build.0 = Debug|Any CPU
		{C7217B2B-31FF-4580-992C-050DDE72AFB8}.Release|Any CPU.ActiveCfg = Release|Any CPU
		{C7217B2B-31FF-4580-992C-050DDE72AFB8}.Release|Any CPU.Build.0 = Release|Any CPU
		{3B59984F-7CF4-4C29-AE55-CDA487678ECC}.Debug|Any CPU.ActiveCfg = Debug|Any CPU
		{3B59984F-7CF4-4C29-AE55-CDA487678ECC}.Debug|Any CPU.Build.0 = Debug|Any CPU
		{3B59984F-7CF4-4C29-AE55-CDA487678ECC}.Release|Any CPU.ActiveCfg = Release|Any CPU
		{3B59984F-7CF4-4C29-AE55-CDA487678ECC}.Release|Any CPU.Build.0 = Release|Any CPU
		{45FF622B-3446-4AD1-B492-56AEA6236627}.Debug|Any CPU.ActiveCfg = Debug|Any CPU
		{45FF622B-3446-4AD1-B492-56AEA6236627}.Debug|Any CPU.Build.0 = Debug|Any CPU
		{45FF622B-3446-4AD1-B492-56AEA6236627}.Release|Any CPU.ActiveCfg = Release|Any CPU
		{45FF622B-3446-4AD1-B492-56AEA6236627}.Release|Any CPU.Build.0 = Release|Any CPU
		{5BBC1E15-8A64-4F13-83AB-335396635ACF}.Debug|Any CPU.ActiveCfg = Debug|Any CPU
		{5BBC1E15-8A64-4F13-83AB-335396635ACF}.Debug|Any CPU.Build.0 = Debug|Any CPU
		{5BBC1E15-8A64-4F13-83AB-335396635ACF}.Release|Any CPU.ActiveCfg = Release|Any CPU
		{5BBC1E15-8A64-4F13-83AB-335396635ACF}.Release|Any CPU.Build.0 = Release|Any CPU
		{C9A64725-32C5-4C59-9757-71AD51752669}.Debug|Any CPU.ActiveCfg = Debug|Any CPU
		{C9A64725-32C5-4C59-9757-71AD51752669}.Debug|Any CPU.Build.0 = Debug|Any CPU
		{C9A64725-32C5-4C59-9757-71AD51752669}.Release|Any CPU.ActiveCfg = Release|Any CPU
		{C9A64725-32C5-4C59-9757-71AD51752669}.Release|Any CPU.Build.0 = Release|Any CPU
		{746751FE-6D67-4C4B-A234-077025F60A61}.Debug|Any CPU.ActiveCfg = Debug|Any CPU
		{746751FE-6D67-4C4B-A234-077025F60A61}.Debug|Any CPU.Build.0 = Debug|Any CPU
		{746751FE-6D67-4C4B-A234-077025F60A61}.Release|Any CPU.ActiveCfg = Release|Any CPU
		{746751FE-6D67-4C4B-A234-077025F60A61}.Release|Any CPU.Build.0 = Release|Any CPU
		{980F6A1A-217D-4BC9-888C-509D6C8778C3}.Debug|Any CPU.ActiveCfg = Debug|Any CPU
		{980F6A1A-217D-4BC9-888C-509D6C8778C3}.Debug|Any CPU.Build.0 = Debug|Any CPU
		{980F6A1A-217D-4BC9-888C-509D6C8778C3}.Release|Any CPU.ActiveCfg = Release|Any CPU
		{980F6A1A-217D-4BC9-888C-509D6C8778C3}.Release|Any CPU.Build.0 = Release|Any CPU
		{99C4F946-6AF5-4558-B479-E536B88377BE}.Debug|Any CPU.ActiveCfg = Debug|Any CPU
		{99C4F946-6AF5-4558-B479-E536B88377BE}.Debug|Any CPU.Build.0 = Debug|Any CPU
		{99C4F946-6AF5-4558-B479-E536B88377BE}.Release|Any CPU.ActiveCfg = Release|Any CPU
		{99C4F946-6AF5-4558-B479-E536B88377BE}.Release|Any CPU.Build.0 = Release|Any CPU
		{5635E3E6-B393-4C3E-BC47-09C776431166}.Debug|Any CPU.ActiveCfg = Debug|Any CPU
		{5635E3E6-B393-4C3E-BC47-09C776431166}.Debug|Any CPU.Build.0 = Debug|Any CPU
		{5635E3E6-B393-4C3E-BC47-09C776431166}.Release|Any CPU.ActiveCfg = Release|Any CPU
		{5635E3E6-B393-4C3E-BC47-09C776431166}.Release|Any CPU.Build.0 = Release|Any CPU
		{08DA07BC-5DAB-41F5-95D1-DFD9FC4641D7}.Debug|Any CPU.ActiveCfg = Debug|Any CPU
		{08DA07BC-5DAB-41F5-95D1-DFD9FC4641D7}.Debug|Any CPU.Build.0 = Debug|Any CPU
		{08DA07BC-5DAB-41F5-95D1-DFD9FC4641D7}.Release|Any CPU.ActiveCfg = Release|Any CPU
		{08DA07BC-5DAB-41F5-95D1-DFD9FC4641D7}.Release|Any CPU.Build.0 = Release|Any CPU
		{2B3EB1C9-0F1F-48C2-B31B-349C8AEBC6B9}.Debug|Any CPU.ActiveCfg = Debug|Any CPU
		{2B3EB1C9-0F1F-48C2-B31B-349C8AEBC6B9}.Debug|Any CPU.Build.0 = Debug|Any CPU
		{2B3EB1C9-0F1F-48C2-B31B-349C8AEBC6B9}.Release|Any CPU.ActiveCfg = Release|Any CPU
		{2B3EB1C9-0F1F-48C2-B31B-349C8AEBC6B9}.Release|Any CPU.Build.0 = Release|Any CPU
		{63759F2B-46A9-42E5-A821-254BB417BD07}.Debug|Any CPU.ActiveCfg = Debug|Any CPU
		{63759F2B-46A9-42E5-A821-254BB417BD07}.Debug|Any CPU.Build.0 = Debug|Any CPU
		{63759F2B-46A9-42E5-A821-254BB417BD07}.Release|Any CPU.ActiveCfg = Release|Any CPU
		{63759F2B-46A9-42E5-A821-254BB417BD07}.Release|Any CPU.Build.0 = Release|Any CPU
		{E71073E1-7BD4-4D3B-A04C-58B57653FA1F}.Debug|Any CPU.ActiveCfg = Debug|Any CPU
		{E71073E1-7BD4-4D3B-A04C-58B57653FA1F}.Debug|Any CPU.Build.0 = Debug|Any CPU
		{E71073E1-7BD4-4D3B-A04C-58B57653FA1F}.Release|Any CPU.ActiveCfg = Release|Any CPU
		{E71073E1-7BD4-4D3B-A04C-58B57653FA1F}.Release|Any CPU.Build.0 = Release|Any CPU
		{8DFFB5FA-CECA-4AFF-B64B-6C41B69B1D81}.Debug|Any CPU.ActiveCfg = Debug|Any CPU
		{8DFFB5FA-CECA-4AFF-B64B-6C41B69B1D81}.Debug|Any CPU.Build.0 = Debug|Any CPU
		{8DFFB5FA-CECA-4AFF-B64B-6C41B69B1D81}.Release|Any CPU.ActiveCfg = Release|Any CPU
		{8DFFB5FA-CECA-4AFF-B64B-6C41B69B1D81}.Release|Any CPU.Build.0 = Release|Any CPU
		{9C1E5F58-5054-473B-9F33-E65539154D07}.Debug|Any CPU.ActiveCfg = Debug|Any CPU
		{9C1E5F58-5054-473B-9F33-E65539154D07}.Debug|Any CPU.Build.0 = Debug|Any CPU
		{9C1E5F58-5054-473B-9F33-E65539154D07}.Release|Any CPU.ActiveCfg = Release|Any CPU
		{9C1E5F58-5054-473B-9F33-E65539154D07}.Release|Any CPU.Build.0 = Release|Any CPU
		{94DFE369-6D69-4759-959C-025AF5E9B8CC}.Debug|Any CPU.ActiveCfg = Debug|Any CPU
		{94DFE369-6D69-4759-959C-025AF5E9B8CC}.Debug|Any CPU.Build.0 = Debug|Any CPU
		{94DFE369-6D69-4759-959C-025AF5E9B8CC}.Release|Any CPU.ActiveCfg = Release|Any CPU
		{94DFE369-6D69-4759-959C-025AF5E9B8CC}.Release|Any CPU.Build.0 = Release|Any CPU
		{AD854C58-136F-4FEC-BE66-3BCE1C94A604}.Debug|Any CPU.ActiveCfg = Debug|Any CPU
		{AD854C58-136F-4FEC-BE66-3BCE1C94A604}.Debug|Any CPU.Build.0 = Debug|Any CPU
		{AD854C58-136F-4FEC-BE66-3BCE1C94A604}.Release|Any CPU.ActiveCfg = Release|Any CPU
		{AD854C58-136F-4FEC-BE66-3BCE1C94A604}.Release|Any CPU.Build.0 = Release|Any CPU
		{B55AC04A-192D-4C2C-9F3D-D8DC8583097B}.Debug|Any CPU.ActiveCfg = Debug|Any CPU
		{B55AC04A-192D-4C2C-9F3D-D8DC8583097B}.Debug|Any CPU.Build.0 = Debug|Any CPU
		{B55AC04A-192D-4C2C-9F3D-D8DC8583097B}.Release|Any CPU.ActiveCfg = Release|Any CPU
		{B55AC04A-192D-4C2C-9F3D-D8DC8583097B}.Release|Any CPU.Build.0 = Release|Any CPU
		{3750621D-E08D-489C-8B24-FA3DB00AC71B}.Debug|Any CPU.ActiveCfg = Debug|Any CPU
		{3750621D-E08D-489C-8B24-FA3DB00AC71B}.Debug|Any CPU.Build.0 = Debug|Any CPU
		{3750621D-E08D-489C-8B24-FA3DB00AC71B}.Release|Any CPU.ActiveCfg = Release|Any CPU
		{3750621D-E08D-489C-8B24-FA3DB00AC71B}.Release|Any CPU.Build.0 = Release|Any CPU
		{97CDBB3C-9341-4F85-81DF-E3DDC21C052B}.Debug|Any CPU.ActiveCfg = Debug|Any CPU
		{97CDBB3C-9341-4F85-81DF-E3DDC21C052B}.Debug|Any CPU.Build.0 = Debug|Any CPU
		{97CDBB3C-9341-4F85-81DF-E3DDC21C052B}.Release|Any CPU.ActiveCfg = Release|Any CPU
		{97CDBB3C-9341-4F85-81DF-E3DDC21C052B}.Release|Any CPU.Build.0 = Release|Any CPU
		{6733BC57-1658-42C0-8616-D8B6FC0B16DA}.Debug|Any CPU.ActiveCfg = Debug|Any CPU
		{6733BC57-1658-42C0-8616-D8B6FC0B16DA}.Debug|Any CPU.Build.0 = Debug|Any CPU
		{6733BC57-1658-42C0-8616-D8B6FC0B16DA}.Release|Any CPU.ActiveCfg = Release|Any CPU
		{6733BC57-1658-42C0-8616-D8B6FC0B16DA}.Release|Any CPU.Build.0 = Release|Any CPU
		{6D84CEE8-0E6F-4AAF-81FD-7C20D7B37BB5}.Debug|Any CPU.ActiveCfg = Debug|Any CPU
		{6D84CEE8-0E6F-4AAF-81FD-7C20D7B37BB5}.Debug|Any CPU.Build.0 = Debug|Any CPU
		{6D84CEE8-0E6F-4AAF-81FD-7C20D7B37BB5}.Release|Any CPU.ActiveCfg = Release|Any CPU
		{6D84CEE8-0E6F-4AAF-81FD-7C20D7B37BB5}.Release|Any CPU.Build.0 = Release|Any CPU
		{E2BBAD57-6F1A-4EC5-A625-808E0B703797}.Debug|Any CPU.ActiveCfg = Debug|Any CPU
		{E2BBAD57-6F1A-4EC5-A625-808E0B703797}.Debug|Any CPU.Build.0 = Debug|Any CPU
		{E2BBAD57-6F1A-4EC5-A625-808E0B703797}.Release|Any CPU.ActiveCfg = Release|Any CPU
		{E2BBAD57-6F1A-4EC5-A625-808E0B703797}.Release|Any CPU.Build.0 = Release|Any CPU
		{1978A06D-4837-4E75-A8AF-B6383EF5EE2B}.Debug|Any CPU.ActiveCfg = Debug|Any CPU
		{1978A06D-4837-4E75-A8AF-B6383EF5EE2B}.Debug|Any CPU.Build.0 = Debug|Any CPU
		{1978A06D-4837-4E75-A8AF-B6383EF5EE2B}.Release|Any CPU.ActiveCfg = Release|Any CPU
		{1978A06D-4837-4E75-A8AF-B6383EF5EE2B}.Release|Any CPU.Build.0 = Release|Any CPU
		{70611213-E3D4-4C55-8603-6F0970B35BF0}.Debug|Any CPU.ActiveCfg = Debug|Any CPU
		{70611213-E3D4-4C55-8603-6F0970B35BF0}.Debug|Any CPU.Build.0 = Debug|Any CPU
		{70611213-E3D4-4C55-8603-6F0970B35BF0}.Release|Any CPU.ActiveCfg = Release|Any CPU
		{70611213-E3D4-4C55-8603-6F0970B35BF0}.Release|Any CPU.Build.0 = Release|Any CPU
		{658C5D9A-42D3-4199-8CAA-74A64403F8FF}.Debug|Any CPU.ActiveCfg = Debug|Any CPU
		{658C5D9A-42D3-4199-8CAA-74A64403F8FF}.Debug|Any CPU.Build.0 = Debug|Any CPU
		{658C5D9A-42D3-4199-8CAA-74A64403F8FF}.Release|Any CPU.ActiveCfg = Release|Any CPU
		{658C5D9A-42D3-4199-8CAA-74A64403F8FF}.Release|Any CPU.Build.0 = Release|Any CPU
		{E33CB357-DA4C-4067-9E4C-8673E514A4D6}.Debug|Any CPU.ActiveCfg = Debug|Any CPU
		{E33CB357-DA4C-4067-9E4C-8673E514A4D6}.Debug|Any CPU.Build.0 = Debug|Any CPU
		{E33CB357-DA4C-4067-9E4C-8673E514A4D6}.Release|Any CPU.ActiveCfg = Release|Any CPU
		{E33CB357-DA4C-4067-9E4C-8673E514A4D6}.Release|Any CPU.Build.0 = Release|Any CPU
		{311BCA42-EB50-451E-B2F4-65D1251CB096}.Debug|Any CPU.ActiveCfg = Debug|Any CPU
		{311BCA42-EB50-451E-B2F4-65D1251CB096}.Debug|Any CPU.Build.0 = Debug|Any CPU
		{311BCA42-EB50-451E-B2F4-65D1251CB096}.Release|Any CPU.ActiveCfg = Release|Any CPU
		{311BCA42-EB50-451E-B2F4-65D1251CB096}.Release|Any CPU.Build.0 = Release|Any CPU
		{92D3A17C-CB93-4F17-8EBE-2FF5B3BEB012}.Debug|Any CPU.ActiveCfg = Debug|Any CPU
		{92D3A17C-CB93-4F17-8EBE-2FF5B3BEB012}.Debug|Any CPU.Build.0 = Debug|Any CPU
		{92D3A17C-CB93-4F17-8EBE-2FF5B3BEB012}.Release|Any CPU.ActiveCfg = Release|Any CPU
		{92D3A17C-CB93-4F17-8EBE-2FF5B3BEB012}.Release|Any CPU.Build.0 = Release|Any CPU
		{1881FA78-F121-4063-9634-DB383B245055}.Debug|Any CPU.ActiveCfg = Debug|Any CPU
		{1881FA78-F121-4063-9634-DB383B245055}.Debug|Any CPU.Build.0 = Debug|Any CPU
		{1881FA78-F121-4063-9634-DB383B245055}.Release|Any CPU.ActiveCfg = Release|Any CPU
		{1881FA78-F121-4063-9634-DB383B245055}.Release|Any CPU.Build.0 = Release|Any CPU
		{0750D4DD-91AA-4FF7-9CDA-73AE34451DE9}.Debug|Any CPU.ActiveCfg = Debug|Any CPU
		{0750D4DD-91AA-4FF7-9CDA-73AE34451DE9}.Debug|Any CPU.Build.0 = Debug|Any CPU
		{0750D4DD-91AA-4FF7-9CDA-73AE34451DE9}.Release|Any CPU.ActiveCfg = Release|Any CPU
		{0750D4DD-91AA-4FF7-9CDA-73AE34451DE9}.Release|Any CPU.Build.0 = Release|Any CPU
		{47F1DFF3-75D4-49ED-AC7B-1B35A3F67B68}.Debug|Any CPU.ActiveCfg = Debug|Any CPU
		{47F1DFF3-75D4-49ED-AC7B-1B35A3F67B68}.Debug|Any CPU.Build.0 = Debug|Any CPU
		{47F1DFF3-75D4-49ED-AC7B-1B35A3F67B68}.Release|Any CPU.ActiveCfg = Release|Any CPU
		{47F1DFF3-75D4-49ED-AC7B-1B35A3F67B68}.Release|Any CPU.Build.0 = Release|Any CPU
		{BF11B5D9-7C2F-44FC-8816-62EA09029912}.Debug|Any CPU.ActiveCfg = Debug|Any CPU
		{BF11B5D9-7C2F-44FC-8816-62EA09029912}.Debug|Any CPU.Build.0 = Debug|Any CPU
		{BF11B5D9-7C2F-44FC-8816-62EA09029912}.Release|Any CPU.ActiveCfg = Release|Any CPU
		{BF11B5D9-7C2F-44FC-8816-62EA09029912}.Release|Any CPU.Build.0 = Release|Any CPU
		{E1BDC20F-F35F-455A-AF5D-1BA9BBB83C32}.Debug|Any CPU.ActiveCfg = Debug|Any CPU
		{E1BDC20F-F35F-455A-AF5D-1BA9BBB83C32}.Debug|Any CPU.Build.0 = Debug|Any CPU
		{E1BDC20F-F35F-455A-AF5D-1BA9BBB83C32}.Release|Any CPU.ActiveCfg = Release|Any CPU
		{E1BDC20F-F35F-455A-AF5D-1BA9BBB83C32}.Release|Any CPU.Build.0 = Release|Any CPU
		{DEA63886-E23F-4717-871D-870041993ECD}.Debug|Any CPU.ActiveCfg = Debug|Any CPU
		{DEA63886-E23F-4717-871D-870041993ECD}.Debug|Any CPU.Build.0 = Debug|Any CPU
		{DEA63886-E23F-4717-871D-870041993ECD}.Release|Any CPU.ActiveCfg = Release|Any CPU
		{DEA63886-E23F-4717-871D-870041993ECD}.Release|Any CPU.Build.0 = Release|Any CPU
		{CEBF64FD-02A0-4335-9EEE-FBDDF3C002B9}.Debug|Any CPU.ActiveCfg = Debug|Any CPU
		{CEBF64FD-02A0-4335-9EEE-FBDDF3C002B9}.Debug|Any CPU.Build.0 = Debug|Any CPU
		{CEBF64FD-02A0-4335-9EEE-FBDDF3C002B9}.Release|Any CPU.ActiveCfg = Release|Any CPU
		{CEBF64FD-02A0-4335-9EEE-FBDDF3C002B9}.Release|Any CPU.Build.0 = Release|Any CPU
		{7B33B326-E08C-4F7F-AC20-25EE00DB9526}.Debug|Any CPU.ActiveCfg = Debug|Any CPU
		{7B33B326-E08C-4F7F-AC20-25EE00DB9526}.Debug|Any CPU.Build.0 = Debug|Any CPU
		{7B33B326-E08C-4F7F-AC20-25EE00DB9526}.Release|Any CPU.ActiveCfg = Release|Any CPU
		{7B33B326-E08C-4F7F-AC20-25EE00DB9526}.Release|Any CPU.Build.0 = Release|Any CPU
		{031B9F66-8D66-4A16-9946-A088B4B3DF17}.Debug|Any CPU.ActiveCfg = Debug|Any CPU
		{031B9F66-8D66-4A16-9946-A088B4B3DF17}.Debug|Any CPU.Build.0 = Debug|Any CPU
		{031B9F66-8D66-4A16-9946-A088B4B3DF17}.Release|Any CPU.ActiveCfg = Release|Any CPU
		{031B9F66-8D66-4A16-9946-A088B4B3DF17}.Release|Any CPU.Build.0 = Release|Any CPU
		{33F186DD-F1CB-44B0-8F60-4476B1868382}.Debug|Any CPU.ActiveCfg = Debug|Any CPU
		{33F186DD-F1CB-44B0-8F60-4476B1868382}.Debug|Any CPU.Build.0 = Debug|Any CPU
		{33F186DD-F1CB-44B0-8F60-4476B1868382}.Release|Any CPU.ActiveCfg = Release|Any CPU
		{33F186DD-F1CB-44B0-8F60-4476B1868382}.Release|Any CPU.Build.0 = Release|Any CPU
		{56063C29-3D1F-4C4B-B392-392E8A9909AF}.Debug|Any CPU.ActiveCfg = Debug|Any CPU
		{56063C29-3D1F-4C4B-B392-392E8A9909AF}.Debug|Any CPU.Build.0 = Debug|Any CPU
		{56063C29-3D1F-4C4B-B392-392E8A9909AF}.Release|Any CPU.ActiveCfg = Release|Any CPU
		{56063C29-3D1F-4C4B-B392-392E8A9909AF}.Release|Any CPU.Build.0 = Release|Any CPU
	EndGlobalSection
	GlobalSection(NestedProjects) = preSolution
		{C7217B2B-31FF-4580-992C-050DDE72AFB8} = {DD050532-8D1F-4A96-BABE-988D2CBD8214}
		{3B59984F-7CF4-4C29-AE55-CDA487678ECC} = {DD050532-8D1F-4A96-BABE-988D2CBD8214}
		{45FF622B-3446-4AD1-B492-56AEA6236627} = {DD050532-8D1F-4A96-BABE-988D2CBD8214}
		{5BBC1E15-8A64-4F13-83AB-335396635ACF} = {DD050532-8D1F-4A96-BABE-988D2CBD8214}
		{C9A64725-32C5-4C59-9757-71AD51752669} = {DD050532-8D1F-4A96-BABE-988D2CBD8214}
		{746751FE-6D67-4C4B-A234-077025F60A61} = {DD050532-8D1F-4A96-BABE-988D2CBD8214}
		{980F6A1A-217D-4BC9-888C-509D6C8778C3} = {DD050532-8D1F-4A96-BABE-988D2CBD8214}
		{99C4F946-6AF5-4558-B479-E536B88377BE} = {DD050532-8D1F-4A96-BABE-988D2CBD8214}
		{5635E3E6-B393-4C3E-BC47-09C776431166} = {EBCB535B-0D5B-4563-AB30-1B8B76704AAA}
		{931E193A-D0E4-433B-8861-CB3DF34E9D20} = {7FBDCA4A-4135-4F14-8F7B-BAA29B6EDE18}
		{F176404C-1914-49B5-9FF1-C2FA58B621DD} = {931E193A-D0E4-433B-8861-CB3DF34E9D20}
		{08DA07BC-5DAB-41F5-95D1-DFD9FC4641D7} = {F176404C-1914-49B5-9FF1-C2FA58B621DD}
		{2B3EB1C9-0F1F-48C2-B31B-349C8AEBC6B9} = {F176404C-1914-49B5-9FF1-C2FA58B621DD}
		{63759F2B-46A9-42E5-A821-254BB417BD07} = {F176404C-1914-49B5-9FF1-C2FA58B621DD}
		{E71073E1-7BD4-4D3B-A04C-58B57653FA1F} = {F176404C-1914-49B5-9FF1-C2FA58B621DD}
		{8DFFB5FA-CECA-4AFF-B64B-6C41B69B1D81} = {F176404C-1914-49B5-9FF1-C2FA58B621DD}
		{9C1E5F58-5054-473B-9F33-E65539154D07} = {F176404C-1914-49B5-9FF1-C2FA58B621DD}
		{94DFE369-6D69-4759-959C-025AF5E9B8CC} = {F176404C-1914-49B5-9FF1-C2FA58B621DD}
		{AD854C58-136F-4FEC-BE66-3BCE1C94A604} = {F176404C-1914-49B5-9FF1-C2FA58B621DD}
		{B55AC04A-192D-4C2C-9F3D-D8DC8583097B} = {F176404C-1914-49B5-9FF1-C2FA58B621DD}
		{3750621D-E08D-489C-8B24-FA3DB00AC71B} = {F176404C-1914-49B5-9FF1-C2FA58B621DD}
		{97CDBB3C-9341-4F85-81DF-E3DDC21C052B} = {F176404C-1914-49B5-9FF1-C2FA58B621DD}
		{6733BC57-1658-42C0-8616-D8B6FC0B16DA} = {F176404C-1914-49B5-9FF1-C2FA58B621DD}
		{6D84CEE8-0E6F-4AAF-81FD-7C20D7B37BB5} = {F176404C-1914-49B5-9FF1-C2FA58B621DD}
		{E2BBAD57-6F1A-4EC5-A625-808E0B703797} = {F176404C-1914-49B5-9FF1-C2FA58B621DD}
		{1978A06D-4837-4E75-A8AF-B6383EF5EE2B} = {F176404C-1914-49B5-9FF1-C2FA58B621DD}
		{70611213-E3D4-4C55-8603-6F0970B35BF0} = {F176404C-1914-49B5-9FF1-C2FA58B621DD}
		{658C5D9A-42D3-4199-8CAA-74A64403F8FF} = {F176404C-1914-49B5-9FF1-C2FA58B621DD}
		{E33CB357-DA4C-4067-9E4C-8673E514A4D6} = {F176404C-1914-49B5-9FF1-C2FA58B621DD}
		{311BCA42-EB50-451E-B2F4-65D1251CB096} = {F176404C-1914-49B5-9FF1-C2FA58B621DD}
		{25C4369B-638F-4EE5-AB3E-9C71DD46D41E} = {931E193A-D0E4-433B-8861-CB3DF34E9D20}
		{92D3A17C-CB93-4F17-8EBE-2FF5B3BEB012} = {25C4369B-638F-4EE5-AB3E-9C71DD46D41E}
		{1881FA78-F121-4063-9634-DB383B245055} = {25C4369B-638F-4EE5-AB3E-9C71DD46D41E}
		{0750D4DD-91AA-4FF7-9CDA-73AE34451DE9} = {25C4369B-638F-4EE5-AB3E-9C71DD46D41E}
		{47F1DFF3-75D4-49ED-AC7B-1B35A3F67B68} = {25C4369B-638F-4EE5-AB3E-9C71DD46D41E}
		{BF11B5D9-7C2F-44FC-8816-62EA09029912} = {25C4369B-638F-4EE5-AB3E-9C71DD46D41E}
		{E1BDC20F-F35F-455A-AF5D-1BA9BBB83C32} = {25C4369B-638F-4EE5-AB3E-9C71DD46D41E}
		{DEA63886-E23F-4717-871D-870041993ECD} = {25C4369B-638F-4EE5-AB3E-9C71DD46D41E}
		{CEBF64FD-02A0-4335-9EEE-FBDDF3C002B9} = {25C4369B-638F-4EE5-AB3E-9C71DD46D41E}
		{7B33B326-E08C-4F7F-AC20-25EE00DB9526} = {25C4369B-638F-4EE5-AB3E-9C71DD46D41E}
		{031B9F66-8D66-4A16-9946-A088B4B3DF17} = {25C4369B-638F-4EE5-AB3E-9C71DD46D41E}
		{33F186DD-F1CB-44B0-8F60-4476B1868382} = {25C4369B-638F-4EE5-AB3E-9C71DD46D41E}
		{56063C29-3D1F-4C4B-B392-392E8A9909AF} = {25C4369B-638F-4EE5-AB3E-9C71DD46D41E}
	EndGlobalSection
EndGlobal
