
Microsoft Visual Studio Solution File, Format Version 12.00
# Visual Studio Version 17
VisualStudioVersion = 17.0.31903.59
MinimumVisualStudioVersion = 10.0.40219.1
Project("{2150E333-8FDC-42A3-9474-1A3956D46DE8}") = "refs", "refs", "{CDA8D7F7-137D-4F71-87B3-30A4BA200C91}"
EndProject
Project("{2150E333-8FDC-42A3-9474-1A3956D46DE8}") = "core-cs", "core-cs", "{9AC103F1-2946-458C-95BB-641F73B243D1}"
EndProject
Project("{2150E333-8FDC-42A3-9474-1A3956D46DE8}") = "src", "src", "{59EE0CC7-A964-4433-891F-7584B9336AFF}"
EndProject
Project("{FAE04EC0-301F-11D3-BF4B-00C04F79EFBC}") = "Omnius.Core.Avalonia", "refs\core-cs\src\Omnius.Core.Avalonia\Omnius.Core.Avalonia.csproj", "{E5DEBEDA-0CA4-44C2-9CDF-A78A239FA4D8}"
EndProject
Project("{FAE04EC0-301F-11D3-BF4B-00C04F79EFBC}") = "Omnius.Core.Collections", "refs\core-cs\src\Omnius.Core.Collections\Omnius.Core.Collections.csproj", "{B48E530C-DAE0-4B0F-AB18-2D15B2E35D0E}"
EndProject
Project("{FAE04EC0-301F-11D3-BF4B-00C04F79EFBC}") = "Omnius.Core.Cryptography", "refs\core-cs\src\Omnius.Core.Cryptography\Omnius.Core.Cryptography.csproj", "{6E7C5BC4-283B-4E43-AB7C-F812772892FA}"
EndProject
Project("{FAE04EC0-301F-11D3-BF4B-00C04F79EFBC}") = "Omnius.Core.Net.Caps", "refs\core-cs\src\Omnius.Core.Net.Caps\Omnius.Core.Net.Caps.csproj", "{071A4BE0-0530-44F1-98FD-BAB6CE3D9BCC}"
EndProject
Project("{FAE04EC0-301F-11D3-BF4B-00C04F79EFBC}") = "Omnius.Core.Net.Connections", "refs\core-cs\src\Omnius.Core.Net.Connections\Omnius.Core.Net.Connections.csproj", "{18D549F5-1FC2-43D8-98FA-66F28FED5A6B}"
EndProject
Project("{FAE04EC0-301F-11D3-BF4B-00C04F79EFBC}") = "Omnius.Core.Net.I2p", "refs\core-cs\src\Omnius.Core.Net.I2p\Omnius.Core.Net.I2p.csproj", "{C3FC9B34-27C6-43E2-9561-D76155F914DB}"
EndProject
Project("{FAE04EC0-301F-11D3-BF4B-00C04F79EFBC}") = "Omnius.Core.Net.Proxies", "refs\core-cs\src\Omnius.Core.Net.Proxies\Omnius.Core.Net.Proxies.csproj", "{F3A7E05E-99C2-4631-B9A8-EF854B036CA4}"
EndProject
Project("{FAE04EC0-301F-11D3-BF4B-00C04F79EFBC}") = "Omnius.Core.Net.Upnp", "refs\core-cs\src\Omnius.Core.Net.Upnp\Omnius.Core.Net.Upnp.csproj", "{CA1722E0-C992-4EA8-9D1E-C559E382F6B1}"
EndProject
Project("{FAE04EC0-301F-11D3-BF4B-00C04F79EFBC}") = "Omnius.Core.Net", "refs\core-cs\src\Omnius.Core.Net\Omnius.Core.Net.csproj", "{7B0999AD-9D33-4DFE-8BCE-BB7A9586438A}"
EndProject
Project("{FAE04EC0-301F-11D3-BF4B-00C04F79EFBC}") = "Omnius.Core.Pipelines", "refs\core-cs\src\Omnius.Core.Pipelines\Omnius.Core.Pipelines.csproj", "{6C8EBE06-401F-4D05-850C-809DA2EC747E}"
EndProject
Project("{FAE04EC0-301F-11D3-BF4B-00C04F79EFBC}") = "Omnius.Core.RocketPack.DefinitionCompiler", "refs\core-cs\src\Omnius.Core.RocketPack.DefinitionCompiler\Omnius.Core.RocketPack.DefinitionCompiler.csproj", "{4A696D21-CFDB-4F27-9E2A-4D779E70B50E}"
EndProject
Project("{FAE04EC0-301F-11D3-BF4B-00C04F79EFBC}") = "Omnius.Core.RocketPack.Remoting", "refs\core-cs\src\Omnius.Core.RocketPack.Remoting\Omnius.Core.RocketPack.Remoting.csproj", "{083CC1B4-EAF6-471B-B192-535DCF227289}"
EndProject
Project("{FAE04EC0-301F-11D3-BF4B-00C04F79EFBC}") = "Omnius.Core.RocketPack", "refs\core-cs\src\Omnius.Core.RocketPack\Omnius.Core.RocketPack.csproj", "{89CBB269-E87E-4124-92E9-B08CCADFA5CB}"
EndProject
Project("{FAE04EC0-301F-11D3-BF4B-00C04F79EFBC}") = "Omnius.Core.Serialization", "refs\core-cs\src\Omnius.Core.Serialization\Omnius.Core.Serialization.csproj", "{84F96512-0703-47DC-B892-77C36F11AC2F}"
EndProject
Project("{FAE04EC0-301F-11D3-BF4B-00C04F79EFBC}") = "Omnius.Core.Sql", "refs\core-cs\src\Omnius.Core.Sql\Omnius.Core.Sql.csproj", "{FDA41FF1-2AF8-49A5-9AE6-AB7569C91693}"
EndProject
Project("{FAE04EC0-301F-11D3-BF4B-00C04F79EFBC}") = "Omnius.Core.Storages", "refs\core-cs\src\Omnius.Core.Storages\Omnius.Core.Storages.csproj", "{1D6F1163-9EB3-4A22-8684-2047210B901F}"
EndProject
Project("{FAE04EC0-301F-11D3-BF4B-00C04F79EFBC}") = "Omnius.Core.Streams", "refs\core-cs\src\Omnius.Core.Streams\Omnius.Core.Streams.csproj", "{9894F94E-86C1-4A0B-8A6E-7D576C577B0A}"
EndProject
Project("{FAE04EC0-301F-11D3-BF4B-00C04F79EFBC}") = "Omnius.Core.Tasks", "refs\core-cs\src\Omnius.Core.Tasks\Omnius.Core.Tasks.csproj", "{70812D89-1266-49BE-A8E1-AF65955D29CA}"
EndProject
Project("{FAE04EC0-301F-11D3-BF4B-00C04F79EFBC}") = "Omnius.Core.UnitTestToolkit", "refs\core-cs\src\Omnius.Core.UnitTestToolkit\Omnius.Core.UnitTestToolkit.csproj", "{ED4D8DFF-75C6-4206-ABB6-D04BA302056C}"
EndProject
Project("{FAE04EC0-301F-11D3-BF4B-00C04F79EFBC}") = "Omnius.Core.Utils", "refs\core-cs\src\Omnius.Core.Utils\Omnius.Core.Utils.csproj", "{155D9060-AD15-4420-B535-6B96FD1094F1}"
EndProject
Project("{FAE04EC0-301F-11D3-BF4B-00C04F79EFBC}") = "Omnius.Core", "refs\core-cs\src\Omnius.Core\Omnius.Core.csproj", "{8B41CECB-49D1-4518-BF39-A19505C4DC1F}"
EndProject
Project("{2150E333-8FDC-42A3-9474-1A3956D46DE8}") = "test", "test", "{2E59C600-9A2E-4513-BA93-EF46BDB95FB2}"
EndProject
Project("{FAE04EC0-301F-11D3-BF4B-00C04F79EFBC}") = "Omnius.Core.Cryptography.Tests", "refs\core-cs\test\Omnius.Core.Cryptography.Tests\Omnius.Core.Cryptography.Tests.csproj", "{7C4E0BC5-5E92-4619-A4F5-F91F9A1D76F4}"
EndProject
Project("{FAE04EC0-301F-11D3-BF4B-00C04F79EFBC}") = "Omnius.Core.Net.Connections.Tests", "refs\core-cs\test\Omnius.Core.Net.Connections.Tests\Omnius.Core.Net.Connections.Tests.csproj", "{406CC176-9247-4411-A537-74ACC60FF606}"
EndProject
Project("{FAE04EC0-301F-11D3-BF4B-00C04F79EFBC}") = "Omnius.Core.Net.I2p.Tests", "refs\core-cs\test\Omnius.Core.Net.I2p.Tests\Omnius.Core.Net.I2p.Tests.csproj", "{4B5D1005-2FBD-4709-A42B-6DF05D8E8608}"
EndProject
Project("{FAE04EC0-301F-11D3-BF4B-00C04F79EFBC}") = "Omnius.Core.Net.Tests", "refs\core-cs\test\Omnius.Core.Net.Tests\Omnius.Core.Net.Tests.csproj", "{1C1AFA78-17FB-4816-8BAB-7AEE7B27BCAF}"
EndProject
Project("{FAE04EC0-301F-11D3-BF4B-00C04F79EFBC}") = "Omnius.Core.Net.Upnp.Tests", "refs\core-cs\test\Omnius.Core.Net.Upnp.Tests\Omnius.Core.Net.Upnp.Tests.csproj", "{5AE7DE68-5D4C-4279-810F-0D4285C2706A}"
EndProject
Project("{FAE04EC0-301F-11D3-BF4B-00C04F79EFBC}") = "Omnius.Core.Pipelines.Tests", "refs\core-cs\test\Omnius.Core.Pipelines.Tests\Omnius.Core.Pipelines.Tests.csproj", "{51C49482-B7E3-4765-AFF9-6B794F2E8C3C}"
EndProject
Project("{FAE04EC0-301F-11D3-BF4B-00C04F79EFBC}") = "Omnius.Core.RocketPack.DefinitionCompiler.Tests", "refs\core-cs\test\Omnius.Core.RocketPack.DefinitionCompiler.Tests\Omnius.Core.RocketPack.DefinitionCompiler.Tests.csproj", "{1D4B9B79-DE75-4948-B908-7B8B74C6337C}"
EndProject
Project("{FAE04EC0-301F-11D3-BF4B-00C04F79EFBC}") = "Omnius.Core.RocketPack.Remoting.Tests", "refs\core-cs\test\Omnius.Core.RocketPack.Remoting.Tests\Omnius.Core.RocketPack.Remoting.Tests.csproj", "{EE905626-3B2F-49A0-9A7E-DE9A430FA951}"
EndProject
Project("{FAE04EC0-301F-11D3-BF4B-00C04F79EFBC}") = "Omnius.Core.RocketPack.Tests", "refs\core-cs\test\Omnius.Core.RocketPack.Tests\Omnius.Core.RocketPack.Tests.csproj", "{0C1C2205-6F85-4894-AF17-433B39BE8076}"
EndProject
Project("{FAE04EC0-301F-11D3-BF4B-00C04F79EFBC}") = "Omnius.Core.Serialization.Tests", "refs\core-cs\test\Omnius.Core.Serialization.Tests\Omnius.Core.Serialization.Tests.csproj", "{40848E3F-1B1F-4A46-BEC2-8BD9D220D40C}"
EndProject
Project("{FAE04EC0-301F-11D3-BF4B-00C04F79EFBC}") = "Omnius.Core.Storages.Tests", "refs\core-cs\test\Omnius.Core.Storages.Tests\Omnius.Core.Storages.Tests.csproj", "{D29A461F-E032-4A6E-88A3-EB0B7A6BFD7C}"
EndProject
Project("{FAE04EC0-301F-11D3-BF4B-00C04F79EFBC}") = "Omnius.Core.Streams.Tests", "refs\core-cs\test\Omnius.Core.Streams.Tests\Omnius.Core.Streams.Tests.csproj", "{0A163ABE-F563-4678-B793-3D3391C51C24}"
EndProject
Project("{FAE04EC0-301F-11D3-BF4B-00C04F79EFBC}") = "Omnius.Core.Tests", "refs\core-cs\test\Omnius.Core.Tests\Omnius.Core.Tests.csproj", "{B6FF98E1-825A-4CE4-B296-64C1E4C388C3}"
EndProject
Project("{2150E333-8FDC-42A3-9474-1A3956D46DE8}") = "src", "src", "{5EE283FB-06E8-4A41-90F6-FA3567D7C726}"
EndProject
Project("{FAE04EC0-301F-11D3-BF4B-00C04F79EFBC}") = "Omnius.Axus.Daemon", "src\Omnius.Axus.Daemon\Omnius.Axus.Daemon.csproj", "{6780F67D-5A52-41A8-BEDE-A6E280F865D3}"
EndProject
Project("{FAE04EC0-301F-11D3-BF4B-00C04F79EFBC}") = "Omnius.Axus.Engines", "src\Omnius.Axus.Engines\Omnius.Axus.Engines.csproj", "{9A9FA68E-7071-4683-916B-535AF642F461}"
EndProject
Project("{FAE04EC0-301F-11D3-BF4B-00C04F79EFBC}") = "Omnius.Axus.Interactors", "src\Omnius.Axus.Interactors\Omnius.Axus.Interactors.csproj", "{3CD3AE89-C335-4E40-816A-E9B6DB87638F}"
EndProject
Project("{FAE04EC0-301F-11D3-BF4B-00C04F79EFBC}") = "Omnius.Axus.Launcher", "src\Omnius.Axus.Launcher\Omnius.Axus.Launcher.csproj", "{1B4EDAE4-D3CC-4DB0-8600-34986179A2A5}"
EndProject
Project("{FAE04EC0-301F-11D3-BF4B-00C04F79EFBC}") = "Omnius.Axus.Messages", "src\Omnius.Axus.Messages\Omnius.Axus.Messages.csproj", "{95E93FEF-B959-4B58-B9CB-F955005ECD2E}"
EndProject
Project("{FAE04EC0-301F-11D3-BF4B-00C04F79EFBC}") = "Omnius.Axus.Remoting", "src\Omnius.Axus.Remoting\Omnius.Axus.Remoting.csproj", "{FD98B381-F908-4F1A-8517-BD5585097444}"
EndProject
Project("{FAE04EC0-301F-11D3-BF4B-00C04F79EFBC}") = "Omnius.Axus.Ui.Desktop", "src\Omnius.Axus.Ui.Desktop\Omnius.Axus.Ui.Desktop.csproj", "{D84D1983-7651-453B-B637-E07A456277C4}"
EndProject
Project("{FAE04EC0-301F-11D3-BF4B-00C04F79EFBC}") = "Omnius.Axus.Utils", "src\Omnius.Axus.Utils\Omnius.Axus.Utils.csproj", "{EDD55EE7-A89F-4404-B528-F5ABBF444927}"
EndProject
Project("{2150E333-8FDC-42A3-9474-1A3956D46DE8}") = "test", "test", "{7E35036A-5BF3-4709-B200-A33602E3EC67}"
EndProject
Project("{FAE04EC0-301F-11D3-BF4B-00C04F79EFBC}") = "Omnius.Axus.Engines.Tests", "test\Omnius.Axus.Engines.Tests\Omnius.Axus.Engines.Tests.csproj", "{923F73A9-A45E-42A7-9784-F72C456EA714}"
EndProject
Project("{FAE04EC0-301F-11D3-BF4B-00C04F79EFBC}") = "Omnius.Axus.IntegrationTests", "test\Omnius.Axus.IntegrationTests\Omnius.Axus.IntegrationTests.csproj", "{6FCE7D1D-BF8C-4B0A-B030-70E758FC1CCF}"
EndProject
Global
	GlobalSection(SolutionConfigurationPlatforms) = preSolution
		Debug|Any CPU = Debug|Any CPU
		Release|Any CPU = Release|Any CPU
	EndGlobalSection
	GlobalSection(SolutionProperties) = preSolution
		HideSolutionNode = FALSE
	EndGlobalSection
	GlobalSection(ProjectConfigurationPlatforms) = postSolution
		{E5DEBEDA-0CA4-44C2-9CDF-A78A239FA4D8}.Debug|Any CPU.ActiveCfg = Debug|Any CPU
		{E5DEBEDA-0CA4-44C2-9CDF-A78A239FA4D8}.Debug|Any CPU.Build.0 = Debug|Any CPU
		{E5DEBEDA-0CA4-44C2-9CDF-A78A239FA4D8}.Release|Any CPU.ActiveCfg = Release|Any CPU
		{E5DEBEDA-0CA4-44C2-9CDF-A78A239FA4D8}.Release|Any CPU.Build.0 = Release|Any CPU
		{B48E530C-DAE0-4B0F-AB18-2D15B2E35D0E}.Debug|Any CPU.ActiveCfg = Debug|Any CPU
		{B48E530C-DAE0-4B0F-AB18-2D15B2E35D0E}.Debug|Any CPU.Build.0 = Debug|Any CPU
		{B48E530C-DAE0-4B0F-AB18-2D15B2E35D0E}.Release|Any CPU.ActiveCfg = Release|Any CPU
		{B48E530C-DAE0-4B0F-AB18-2D15B2E35D0E}.Release|Any CPU.Build.0 = Release|Any CPU
		{6E7C5BC4-283B-4E43-AB7C-F812772892FA}.Debug|Any CPU.ActiveCfg = Debug|Any CPU
		{6E7C5BC4-283B-4E43-AB7C-F812772892FA}.Debug|Any CPU.Build.0 = Debug|Any CPU
		{6E7C5BC4-283B-4E43-AB7C-F812772892FA}.Release|Any CPU.ActiveCfg = Release|Any CPU
		{6E7C5BC4-283B-4E43-AB7C-F812772892FA}.Release|Any CPU.Build.0 = Release|Any CPU
		{071A4BE0-0530-44F1-98FD-BAB6CE3D9BCC}.Debug|Any CPU.ActiveCfg = Debug|Any CPU
		{071A4BE0-0530-44F1-98FD-BAB6CE3D9BCC}.Debug|Any CPU.Build.0 = Debug|Any CPU
		{071A4BE0-0530-44F1-98FD-BAB6CE3D9BCC}.Release|Any CPU.ActiveCfg = Release|Any CPU
		{071A4BE0-0530-44F1-98FD-BAB6CE3D9BCC}.Release|Any CPU.Build.0 = Release|Any CPU
		{18D549F5-1FC2-43D8-98FA-66F28FED5A6B}.Debug|Any CPU.ActiveCfg = Debug|Any CPU
		{18D549F5-1FC2-43D8-98FA-66F28FED5A6B}.Debug|Any CPU.Build.0 = Debug|Any CPU
		{18D549F5-1FC2-43D8-98FA-66F28FED5A6B}.Release|Any CPU.ActiveCfg = Release|Any CPU
		{18D549F5-1FC2-43D8-98FA-66F28FED5A6B}.Release|Any CPU.Build.0 = Release|Any CPU
		{C3FC9B34-27C6-43E2-9561-D76155F914DB}.Debug|Any CPU.ActiveCfg = Debug|Any CPU
		{C3FC9B34-27C6-43E2-9561-D76155F914DB}.Debug|Any CPU.Build.0 = Debug|Any CPU
		{C3FC9B34-27C6-43E2-9561-D76155F914DB}.Release|Any CPU.ActiveCfg = Release|Any CPU
		{C3FC9B34-27C6-43E2-9561-D76155F914DB}.Release|Any CPU.Build.0 = Release|Any CPU
		{F3A7E05E-99C2-4631-B9A8-EF854B036CA4}.Debug|Any CPU.ActiveCfg = Debug|Any CPU
		{F3A7E05E-99C2-4631-B9A8-EF854B036CA4}.Debug|Any CPU.Build.0 = Debug|Any CPU
		{F3A7E05E-99C2-4631-B9A8-EF854B036CA4}.Release|Any CPU.ActiveCfg = Release|Any CPU
		{F3A7E05E-99C2-4631-B9A8-EF854B036CA4}.Release|Any CPU.Build.0 = Release|Any CPU
		{CA1722E0-C992-4EA8-9D1E-C559E382F6B1}.Debug|Any CPU.ActiveCfg = Debug|Any CPU
		{CA1722E0-C992-4EA8-9D1E-C559E382F6B1}.Debug|Any CPU.Build.0 = Debug|Any CPU
		{CA1722E0-C992-4EA8-9D1E-C559E382F6B1}.Release|Any CPU.ActiveCfg = Release|Any CPU
		{CA1722E0-C992-4EA8-9D1E-C559E382F6B1}.Release|Any CPU.Build.0 = Release|Any CPU
		{7B0999AD-9D33-4DFE-8BCE-BB7A9586438A}.Debug|Any CPU.ActiveCfg = Debug|Any CPU
		{7B0999AD-9D33-4DFE-8BCE-BB7A9586438A}.Debug|Any CPU.Build.0 = Debug|Any CPU
		{7B0999AD-9D33-4DFE-8BCE-BB7A9586438A}.Release|Any CPU.ActiveCfg = Release|Any CPU
		{7B0999AD-9D33-4DFE-8BCE-BB7A9586438A}.Release|Any CPU.Build.0 = Release|Any CPU
		{6C8EBE06-401F-4D05-850C-809DA2EC747E}.Debug|Any CPU.ActiveCfg = Debug|Any CPU
		{6C8EBE06-401F-4D05-850C-809DA2EC747E}.Debug|Any CPU.Build.0 = Debug|Any CPU
		{6C8EBE06-401F-4D05-850C-809DA2EC747E}.Release|Any CPU.ActiveCfg = Release|Any CPU
		{6C8EBE06-401F-4D05-850C-809DA2EC747E}.Release|Any CPU.Build.0 = Release|Any CPU
		{4A696D21-CFDB-4F27-9E2A-4D779E70B50E}.Debug|Any CPU.ActiveCfg = Debug|Any CPU
		{4A696D21-CFDB-4F27-9E2A-4D779E70B50E}.Debug|Any CPU.Build.0 = Debug|Any CPU
		{4A696D21-CFDB-4F27-9E2A-4D779E70B50E}.Release|Any CPU.ActiveCfg = Release|Any CPU
		{4A696D21-CFDB-4F27-9E2A-4D779E70B50E}.Release|Any CPU.Build.0 = Release|Any CPU
		{083CC1B4-EAF6-471B-B192-535DCF227289}.Debug|Any CPU.ActiveCfg = Debug|Any CPU
		{083CC1B4-EAF6-471B-B192-535DCF227289}.Debug|Any CPU.Build.0 = Debug|Any CPU
		{083CC1B4-EAF6-471B-B192-535DCF227289}.Release|Any CPU.ActiveCfg = Release|Any CPU
		{083CC1B4-EAF6-471B-B192-535DCF227289}.Release|Any CPU.Build.0 = Release|Any CPU
		{89CBB269-E87E-4124-92E9-B08CCADFA5CB}.Debug|Any CPU.ActiveCfg = Debug|Any CPU
		{89CBB269-E87E-4124-92E9-B08CCADFA5CB}.Debug|Any CPU.Build.0 = Debug|Any CPU
		{89CBB269-E87E-4124-92E9-B08CCADFA5CB}.Release|Any CPU.ActiveCfg = Release|Any CPU
		{89CBB269-E87E-4124-92E9-B08CCADFA5CB}.Release|Any CPU.Build.0 = Release|Any CPU
		{84F96512-0703-47DC-B892-77C36F11AC2F}.Debug|Any CPU.ActiveCfg = Debug|Any CPU
		{84F96512-0703-47DC-B892-77C36F11AC2F}.Debug|Any CPU.Build.0 = Debug|Any CPU
		{84F96512-0703-47DC-B892-77C36F11AC2F}.Release|Any CPU.ActiveCfg = Release|Any CPU
		{84F96512-0703-47DC-B892-77C36F11AC2F}.Release|Any CPU.Build.0 = Release|Any CPU
		{FDA41FF1-2AF8-49A5-9AE6-AB7569C91693}.Debug|Any CPU.ActiveCfg = Debug|Any CPU
		{FDA41FF1-2AF8-49A5-9AE6-AB7569C91693}.Debug|Any CPU.Build.0 = Debug|Any CPU
		{FDA41FF1-2AF8-49A5-9AE6-AB7569C91693}.Release|Any CPU.ActiveCfg = Release|Any CPU
		{FDA41FF1-2AF8-49A5-9AE6-AB7569C91693}.Release|Any CPU.Build.0 = Release|Any CPU
		{1D6F1163-9EB3-4A22-8684-2047210B901F}.Debug|Any CPU.ActiveCfg = Debug|Any CPU
		{1D6F1163-9EB3-4A22-8684-2047210B901F}.Debug|Any CPU.Build.0 = Debug|Any CPU
		{1D6F1163-9EB3-4A22-8684-2047210B901F}.Release|Any CPU.ActiveCfg = Release|Any CPU
		{1D6F1163-9EB3-4A22-8684-2047210B901F}.Release|Any CPU.Build.0 = Release|Any CPU
		{9894F94E-86C1-4A0B-8A6E-7D576C577B0A}.Debug|Any CPU.ActiveCfg = Debug|Any CPU
		{9894F94E-86C1-4A0B-8A6E-7D576C577B0A}.Debug|Any CPU.Build.0 = Debug|Any CPU
		{9894F94E-86C1-4A0B-8A6E-7D576C577B0A}.Release|Any CPU.ActiveCfg = Release|Any CPU
		{9894F94E-86C1-4A0B-8A6E-7D576C577B0A}.Release|Any CPU.Build.0 = Release|Any CPU
		{70812D89-1266-49BE-A8E1-AF65955D29CA}.Debug|Any CPU.ActiveCfg = Debug|Any CPU
		{70812D89-1266-49BE-A8E1-AF65955D29CA}.Debug|Any CPU.Build.0 = Debug|Any CPU
		{70812D89-1266-49BE-A8E1-AF65955D29CA}.Release|Any CPU.ActiveCfg = Release|Any CPU
		{70812D89-1266-49BE-A8E1-AF65955D29CA}.Release|Any CPU.Build.0 = Release|Any CPU
		{ED4D8DFF-75C6-4206-ABB6-D04BA302056C}.Debug|Any CPU.ActiveCfg = Debug|Any CPU
		{ED4D8DFF-75C6-4206-ABB6-D04BA302056C}.Debug|Any CPU.Build.0 = Debug|Any CPU
		{ED4D8DFF-75C6-4206-ABB6-D04BA302056C}.Release|Any CPU.ActiveCfg = Release|Any CPU
		{ED4D8DFF-75C6-4206-ABB6-D04BA302056C}.Release|Any CPU.Build.0 = Release|Any CPU
		{155D9060-AD15-4420-B535-6B96FD1094F1}.Debug|Any CPU.ActiveCfg = Debug|Any CPU
		{155D9060-AD15-4420-B535-6B96FD1094F1}.Debug|Any CPU.Build.0 = Debug|Any CPU
		{155D9060-AD15-4420-B535-6B96FD1094F1}.Release|Any CPU.ActiveCfg = Release|Any CPU
		{155D9060-AD15-4420-B535-6B96FD1094F1}.Release|Any CPU.Build.0 = Release|Any CPU
		{8B41CECB-49D1-4518-BF39-A19505C4DC1F}.Debug|Any CPU.ActiveCfg = Debug|Any CPU
		{8B41CECB-49D1-4518-BF39-A19505C4DC1F}.Debug|Any CPU.Build.0 = Debug|Any CPU
		{8B41CECB-49D1-4518-BF39-A19505C4DC1F}.Release|Any CPU.ActiveCfg = Release|Any CPU
		{8B41CECB-49D1-4518-BF39-A19505C4DC1F}.Release|Any CPU.Build.0 = Release|Any CPU
		{7C4E0BC5-5E92-4619-A4F5-F91F9A1D76F4}.Debug|Any CPU.ActiveCfg = Debug|Any CPU
		{7C4E0BC5-5E92-4619-A4F5-F91F9A1D76F4}.Debug|Any CPU.Build.0 = Debug|Any CPU
		{7C4E0BC5-5E92-4619-A4F5-F91F9A1D76F4}.Release|Any CPU.ActiveCfg = Release|Any CPU
		{7C4E0BC5-5E92-4619-A4F5-F91F9A1D76F4}.Release|Any CPU.Build.0 = Release|Any CPU
		{406CC176-9247-4411-A537-74ACC60FF606}.Debug|Any CPU.ActiveCfg = Debug|Any CPU
		{406CC176-9247-4411-A537-74ACC60FF606}.Debug|Any CPU.Build.0 = Debug|Any CPU
		{406CC176-9247-4411-A537-74ACC60FF606}.Release|Any CPU.ActiveCfg = Release|Any CPU
		{406CC176-9247-4411-A537-74ACC60FF606}.Release|Any CPU.Build.0 = Release|Any CPU
		{4B5D1005-2FBD-4709-A42B-6DF05D8E8608}.Debug|Any CPU.ActiveCfg = Debug|Any CPU
		{4B5D1005-2FBD-4709-A42B-6DF05D8E8608}.Debug|Any CPU.Build.0 = Debug|Any CPU
		{4B5D1005-2FBD-4709-A42B-6DF05D8E8608}.Release|Any CPU.ActiveCfg = Release|Any CPU
		{4B5D1005-2FBD-4709-A42B-6DF05D8E8608}.Release|Any CPU.Build.0 = Release|Any CPU
		{1C1AFA78-17FB-4816-8BAB-7AEE7B27BCAF}.Debug|Any CPU.ActiveCfg = Debug|Any CPU
		{1C1AFA78-17FB-4816-8BAB-7AEE7B27BCAF}.Debug|Any CPU.Build.0 = Debug|Any CPU
		{1C1AFA78-17FB-4816-8BAB-7AEE7B27BCAF}.Release|Any CPU.ActiveCfg = Release|Any CPU
		{1C1AFA78-17FB-4816-8BAB-7AEE7B27BCAF}.Release|Any CPU.Build.0 = Release|Any CPU
		{5AE7DE68-5D4C-4279-810F-0D4285C2706A}.Debug|Any CPU.ActiveCfg = Debug|Any CPU
		{5AE7DE68-5D4C-4279-810F-0D4285C2706A}.Debug|Any CPU.Build.0 = Debug|Any CPU
		{5AE7DE68-5D4C-4279-810F-0D4285C2706A}.Release|Any CPU.ActiveCfg = Release|Any CPU
		{5AE7DE68-5D4C-4279-810F-0D4285C2706A}.Release|Any CPU.Build.0 = Release|Any CPU
		{51C49482-B7E3-4765-AFF9-6B794F2E8C3C}.Debug|Any CPU.ActiveCfg = Debug|Any CPU
		{51C49482-B7E3-4765-AFF9-6B794F2E8C3C}.Debug|Any CPU.Build.0 = Debug|Any CPU
		{51C49482-B7E3-4765-AFF9-6B794F2E8C3C}.Release|Any CPU.ActiveCfg = Release|Any CPU
		{51C49482-B7E3-4765-AFF9-6B794F2E8C3C}.Release|Any CPU.Build.0 = Release|Any CPU
		{1D4B9B79-DE75-4948-B908-7B8B74C6337C}.Debug|Any CPU.ActiveCfg = Debug|Any CPU
		{1D4B9B79-DE75-4948-B908-7B8B74C6337C}.Debug|Any CPU.Build.0 = Debug|Any CPU
		{1D4B9B79-DE75-4948-B908-7B8B74C6337C}.Release|Any CPU.ActiveCfg = Release|Any CPU
		{1D4B9B79-DE75-4948-B908-7B8B74C6337C}.Release|Any CPU.Build.0 = Release|Any CPU
		{EE905626-3B2F-49A0-9A7E-DE9A430FA951}.Debug|Any CPU.ActiveCfg = Debug|Any CPU
		{EE905626-3B2F-49A0-9A7E-DE9A430FA951}.Debug|Any CPU.Build.0 = Debug|Any CPU
		{EE905626-3B2F-49A0-9A7E-DE9A430FA951}.Release|Any CPU.ActiveCfg = Release|Any CPU
		{EE905626-3B2F-49A0-9A7E-DE9A430FA951}.Release|Any CPU.Build.0 = Release|Any CPU
		{0C1C2205-6F85-4894-AF17-433B39BE8076}.Debug|Any CPU.ActiveCfg = Debug|Any CPU
		{0C1C2205-6F85-4894-AF17-433B39BE8076}.Debug|Any CPU.Build.0 = Debug|Any CPU
		{0C1C2205-6F85-4894-AF17-433B39BE8076}.Release|Any CPU.ActiveCfg = Release|Any CPU
		{0C1C2205-6F85-4894-AF17-433B39BE8076}.Release|Any CPU.Build.0 = Release|Any CPU
		{40848E3F-1B1F-4A46-BEC2-8BD9D220D40C}.Debug|Any CPU.ActiveCfg = Debug|Any CPU
		{40848E3F-1B1F-4A46-BEC2-8BD9D220D40C}.Debug|Any CPU.Build.0 = Debug|Any CPU
		{40848E3F-1B1F-4A46-BEC2-8BD9D220D40C}.Release|Any CPU.ActiveCfg = Release|Any CPU
		{40848E3F-1B1F-4A46-BEC2-8BD9D220D40C}.Release|Any CPU.Build.0 = Release|Any CPU
		{D29A461F-E032-4A6E-88A3-EB0B7A6BFD7C}.Debug|Any CPU.ActiveCfg = Debug|Any CPU
		{D29A461F-E032-4A6E-88A3-EB0B7A6BFD7C}.Debug|Any CPU.Build.0 = Debug|Any CPU
		{D29A461F-E032-4A6E-88A3-EB0B7A6BFD7C}.Release|Any CPU.ActiveCfg = Release|Any CPU
		{D29A461F-E032-4A6E-88A3-EB0B7A6BFD7C}.Release|Any CPU.Build.0 = Release|Any CPU
		{0A163ABE-F563-4678-B793-3D3391C51C24}.Debug|Any CPU.ActiveCfg = Debug|Any CPU
		{0A163ABE-F563-4678-B793-3D3391C51C24}.Debug|Any CPU.Build.0 = Debug|Any CPU
		{0A163ABE-F563-4678-B793-3D3391C51C24}.Release|Any CPU.ActiveCfg = Release|Any CPU
		{0A163ABE-F563-4678-B793-3D3391C51C24}.Release|Any CPU.Build.0 = Release|Any CPU
		{B6FF98E1-825A-4CE4-B296-64C1E4C388C3}.Debug|Any CPU.ActiveCfg = Debug|Any CPU
		{B6FF98E1-825A-4CE4-B296-64C1E4C388C3}.Debug|Any CPU.Build.0 = Debug|Any CPU
		{B6FF98E1-825A-4CE4-B296-64C1E4C388C3}.Release|Any CPU.ActiveCfg = Release|Any CPU
		{B6FF98E1-825A-4CE4-B296-64C1E4C388C3}.Release|Any CPU.Build.0 = Release|Any CPU
		{6780F67D-5A52-41A8-BEDE-A6E280F865D3}.Debug|Any CPU.ActiveCfg = Debug|Any CPU
		{6780F67D-5A52-41A8-BEDE-A6E280F865D3}.Debug|Any CPU.Build.0 = Debug|Any CPU
		{6780F67D-5A52-41A8-BEDE-A6E280F865D3}.Release|Any CPU.ActiveCfg = Release|Any CPU
		{6780F67D-5A52-41A8-BEDE-A6E280F865D3}.Release|Any CPU.Build.0 = Release|Any CPU
		{9A9FA68E-7071-4683-916B-535AF642F461}.Debug|Any CPU.ActiveCfg = Debug|Any CPU
		{9A9FA68E-7071-4683-916B-535AF642F461}.Debug|Any CPU.Build.0 = Debug|Any CPU
		{9A9FA68E-7071-4683-916B-535AF642F461}.Release|Any CPU.ActiveCfg = Release|Any CPU
		{9A9FA68E-7071-4683-916B-535AF642F461}.Release|Any CPU.Build.0 = Release|Any CPU
		{3CD3AE89-C335-4E40-816A-E9B6DB87638F}.Debug|Any CPU.ActiveCfg = Debug|Any CPU
		{3CD3AE89-C335-4E40-816A-E9B6DB87638F}.Debug|Any CPU.Build.0 = Debug|Any CPU
		{3CD3AE89-C335-4E40-816A-E9B6DB87638F}.Release|Any CPU.ActiveCfg = Release|Any CPU
		{3CD3AE89-C335-4E40-816A-E9B6DB87638F}.Release|Any CPU.Build.0 = Release|Any CPU
		{1B4EDAE4-D3CC-4DB0-8600-34986179A2A5}.Debug|Any CPU.ActiveCfg = Debug|Any CPU
		{1B4EDAE4-D3CC-4DB0-8600-34986179A2A5}.Debug|Any CPU.Build.0 = Debug|Any CPU
		{1B4EDAE4-D3CC-4DB0-8600-34986179A2A5}.Release|Any CPU.ActiveCfg = Release|Any CPU
		{1B4EDAE4-D3CC-4DB0-8600-34986179A2A5}.Release|Any CPU.Build.0 = Release|Any CPU
		{95E93FEF-B959-4B58-B9CB-F955005ECD2E}.Debug|Any CPU.ActiveCfg = Debug|Any CPU
		{95E93FEF-B959-4B58-B9CB-F955005ECD2E}.Debug|Any CPU.Build.0 = Debug|Any CPU
		{95E93FEF-B959-4B58-B9CB-F955005ECD2E}.Release|Any CPU.ActiveCfg = Release|Any CPU
		{95E93FEF-B959-4B58-B9CB-F955005ECD2E}.Release|Any CPU.Build.0 = Release|Any CPU
		{FD98B381-F908-4F1A-8517-BD5585097444}.Debug|Any CPU.ActiveCfg = Debug|Any CPU
		{FD98B381-F908-4F1A-8517-BD5585097444}.Debug|Any CPU.Build.0 = Debug|Any CPU
		{FD98B381-F908-4F1A-8517-BD5585097444}.Release|Any CPU.ActiveCfg = Release|Any CPU
		{FD98B381-F908-4F1A-8517-BD5585097444}.Release|Any CPU.Build.0 = Release|Any CPU
		{D84D1983-7651-453B-B637-E07A456277C4}.Debug|Any CPU.ActiveCfg = Debug|Any CPU
		{D84D1983-7651-453B-B637-E07A456277C4}.Debug|Any CPU.Build.0 = Debug|Any CPU
		{D84D1983-7651-453B-B637-E07A456277C4}.Release|Any CPU.ActiveCfg = Release|Any CPU
		{D84D1983-7651-453B-B637-E07A456277C4}.Release|Any CPU.Build.0 = Release|Any CPU
		{EDD55EE7-A89F-4404-B528-F5ABBF444927}.Debug|Any CPU.ActiveCfg = Debug|Any CPU
		{EDD55EE7-A89F-4404-B528-F5ABBF444927}.Debug|Any CPU.Build.0 = Debug|Any CPU
		{EDD55EE7-A89F-4404-B528-F5ABBF444927}.Release|Any CPU.ActiveCfg = Release|Any CPU
		{EDD55EE7-A89F-4404-B528-F5ABBF444927}.Release|Any CPU.Build.0 = Release|Any CPU
		{923F73A9-A45E-42A7-9784-F72C456EA714}.Debug|Any CPU.ActiveCfg = Debug|Any CPU
		{923F73A9-A45E-42A7-9784-F72C456EA714}.Debug|Any CPU.Build.0 = Debug|Any CPU
		{923F73A9-A45E-42A7-9784-F72C456EA714}.Release|Any CPU.ActiveCfg = Release|Any CPU
		{923F73A9-A45E-42A7-9784-F72C456EA714}.Release|Any CPU.Build.0 = Release|Any CPU
		{6FCE7D1D-BF8C-4B0A-B030-70E758FC1CCF}.Debug|Any CPU.ActiveCfg = Debug|Any CPU
		{6FCE7D1D-BF8C-4B0A-B030-70E758FC1CCF}.Debug|Any CPU.Build.0 = Debug|Any CPU
		{6FCE7D1D-BF8C-4B0A-B030-70E758FC1CCF}.Release|Any CPU.ActiveCfg = Release|Any CPU
		{6FCE7D1D-BF8C-4B0A-B030-70E758FC1CCF}.Release|Any CPU.Build.0 = Release|Any CPU
	EndGlobalSection
	GlobalSection(NestedProjects) = preSolution
		{9AC103F1-2946-458C-95BB-641F73B243D1} = {CDA8D7F7-137D-4F71-87B3-30A4BA200C91}
		{59EE0CC7-A964-4433-891F-7584B9336AFF} = {9AC103F1-2946-458C-95BB-641F73B243D1}
		{E5DEBEDA-0CA4-44C2-9CDF-A78A239FA4D8} = {59EE0CC7-A964-4433-891F-7584B9336AFF}
		{B48E530C-DAE0-4B0F-AB18-2D15B2E35D0E} = {59EE0CC7-A964-4433-891F-7584B9336AFF}
		{6E7C5BC4-283B-4E43-AB7C-F812772892FA} = {59EE0CC7-A964-4433-891F-7584B9336AFF}
		{071A4BE0-0530-44F1-98FD-BAB6CE3D9BCC} = {59EE0CC7-A964-4433-891F-7584B9336AFF}
		{18D549F5-1FC2-43D8-98FA-66F28FED5A6B} = {59EE0CC7-A964-4433-891F-7584B9336AFF}
		{C3FC9B34-27C6-43E2-9561-D76155F914DB} = {59EE0CC7-A964-4433-891F-7584B9336AFF}
		{F3A7E05E-99C2-4631-B9A8-EF854B036CA4} = {59EE0CC7-A964-4433-891F-7584B9336AFF}
		{CA1722E0-C992-4EA8-9D1E-C559E382F6B1} = {59EE0CC7-A964-4433-891F-7584B9336AFF}
		{7B0999AD-9D33-4DFE-8BCE-BB7A9586438A} = {59EE0CC7-A964-4433-891F-7584B9336AFF}
		{6C8EBE06-401F-4D05-850C-809DA2EC747E} = {59EE0CC7-A964-4433-891F-7584B9336AFF}
		{4A696D21-CFDB-4F27-9E2A-4D779E70B50E} = {59EE0CC7-A964-4433-891F-7584B9336AFF}
		{083CC1B4-EAF6-471B-B192-535DCF227289} = {59EE0CC7-A964-4433-891F-7584B9336AFF}
		{89CBB269-E87E-4124-92E9-B08CCADFA5CB} = {59EE0CC7-A964-4433-891F-7584B9336AFF}
		{84F96512-0703-47DC-B892-77C36F11AC2F} = {59EE0CC7-A964-4433-891F-7584B9336AFF}
		{FDA41FF1-2AF8-49A5-9AE6-AB7569C91693} = {59EE0CC7-A964-4433-891F-7584B9336AFF}
		{1D6F1163-9EB3-4A22-8684-2047210B901F} = {59EE0CC7-A964-4433-891F-7584B9336AFF}
		{9894F94E-86C1-4A0B-8A6E-7D576C577B0A} = {59EE0CC7-A964-4433-891F-7584B9336AFF}
		{70812D89-1266-49BE-A8E1-AF65955D29CA} = {59EE0CC7-A964-4433-891F-7584B9336AFF}
		{ED4D8DFF-75C6-4206-ABB6-D04BA302056C} = {59EE0CC7-A964-4433-891F-7584B9336AFF}
		{155D9060-AD15-4420-B535-6B96FD1094F1} = {59EE0CC7-A964-4433-891F-7584B9336AFF}
		{8B41CECB-49D1-4518-BF39-A19505C4DC1F} = {59EE0CC7-A964-4433-891F-7584B9336AFF}
		{2E59C600-9A2E-4513-BA93-EF46BDB95FB2} = {9AC103F1-2946-458C-95BB-641F73B243D1}
		{7C4E0BC5-5E92-4619-A4F5-F91F9A1D76F4} = {2E59C600-9A2E-4513-BA93-EF46BDB95FB2}
		{406CC176-9247-4411-A537-74ACC60FF606} = {2E59C600-9A2E-4513-BA93-EF46BDB95FB2}
		{4B5D1005-2FBD-4709-A42B-6DF05D8E8608} = {2E59C600-9A2E-4513-BA93-EF46BDB95FB2}
		{1C1AFA78-17FB-4816-8BAB-7AEE7B27BCAF} = {2E59C600-9A2E-4513-BA93-EF46BDB95FB2}
		{5AE7DE68-5D4C-4279-810F-0D4285C2706A} = {2E59C600-9A2E-4513-BA93-EF46BDB95FB2}
		{51C49482-B7E3-4765-AFF9-6B794F2E8C3C} = {2E59C600-9A2E-4513-BA93-EF46BDB95FB2}
		{1D4B9B79-DE75-4948-B908-7B8B74C6337C} = {2E59C600-9A2E-4513-BA93-EF46BDB95FB2}
		{EE905626-3B2F-49A0-9A7E-DE9A430FA951} = {2E59C600-9A2E-4513-BA93-EF46BDB95FB2}
		{0C1C2205-6F85-4894-AF17-433B39BE8076} = {2E59C600-9A2E-4513-BA93-EF46BDB95FB2}
		{40848E3F-1B1F-4A46-BEC2-8BD9D220D40C} = {2E59C600-9A2E-4513-BA93-EF46BDB95FB2}
		{D29A461F-E032-4A6E-88A3-EB0B7A6BFD7C} = {2E59C600-9A2E-4513-BA93-EF46BDB95FB2}
		{0A163ABE-F563-4678-B793-3D3391C51C24} = {2E59C600-9A2E-4513-BA93-EF46BDB95FB2}
		{B6FF98E1-825A-4CE4-B296-64C1E4C388C3} = {2E59C600-9A2E-4513-BA93-EF46BDB95FB2}
		{6780F67D-5A52-41A8-BEDE-A6E280F865D3} = {5EE283FB-06E8-4A41-90F6-FA3567D7C726}
		{9A9FA68E-7071-4683-916B-535AF642F461} = {5EE283FB-06E8-4A41-90F6-FA3567D7C726}
		{3CD3AE89-C335-4E40-816A-E9B6DB87638F} = {5EE283FB-06E8-4A41-90F6-FA3567D7C726}
		{1B4EDAE4-D3CC-4DB0-8600-34986179A2A5} = {5EE283FB-06E8-4A41-90F6-FA3567D7C726}
		{95E93FEF-B959-4B58-B9CB-F955005ECD2E} = {5EE283FB-06E8-4A41-90F6-FA3567D7C726}
		{FD98B381-F908-4F1A-8517-BD5585097444} = {5EE283FB-06E8-4A41-90F6-FA3567D7C726}
		{D84D1983-7651-453B-B637-E07A456277C4} = {5EE283FB-06E8-4A41-90F6-FA3567D7C726}
		{EDD55EE7-A89F-4404-B528-F5ABBF444927} = {5EE283FB-06E8-4A41-90F6-FA3567D7C726}
		{923F73A9-A45E-42A7-9784-F72C456EA714} = {7E35036A-5BF3-4709-B200-A33602E3EC67}
		{6FCE7D1D-BF8C-4B0A-B030-70E758FC1CCF} = {7E35036A-5BF3-4709-B200-A33602E3EC67}
	EndGlobalSection
EndGlobal
