
Microsoft Visual Studio Solution File, Format Version 12.00
# Visual Studio Version 17
VisualStudioVersion = 17.0.31903.59
MinimumVisualStudioVersion = 10.0.40219.1
Project("{2150E333-8FDC-42A3-9474-1A3956D46DE8}") = "refs", "refs", "{383DF61E-EE9B-4CE7-B3F5-3B1007222E78}"
EndProject
Project("{2150E333-8FDC-42A3-9474-1A3956D46DE8}") = "core-cs", "core-cs", "{BB3B62CE-7668-4A9C-B5A0-0EF12142FED2}"
EndProject
Project("{2150E333-8FDC-42A3-9474-1A3956D46DE8}") = "src", "src", "{2D6CDFCF-FF8C-473D-B459-F529C239422F}"
EndProject
Project("{FAE04EC0-301F-11D3-BF4B-00C04F79EFBC}") = "Omnius.Core.Avalonia", "refs\core-cs\src\Omnius.Core.Avalonia\Omnius.Core.Avalonia.csproj", "{4B3BCD81-13DF-4C43-977F-0C8CBFF96D08}"
EndProject
Project("{FAE04EC0-301F-11D3-BF4B-00C04F79EFBC}") = "Omnius.Core.Collections", "refs\core-cs\src\Omnius.Core.Collections\Omnius.Core.Collections.csproj", "{3AD632F6-D88C-4DA1-A33D-818353AB8D44}"
EndProject
Project("{FAE04EC0-301F-11D3-BF4B-00C04F79EFBC}") = "Omnius.Core.Cryptography", "refs\core-cs\src\Omnius.Core.Cryptography\Omnius.Core.Cryptography.csproj", "{DCB6F309-1F7A-4869-B11F-C06DABEDCA81}"
EndProject
Project("{FAE04EC0-301F-11D3-BF4B-00C04F79EFBC}") = "Omnius.Core.Net.Caps", "refs\core-cs\src\Omnius.Core.Net.Caps\Omnius.Core.Net.Caps.csproj", "{D2D0B7D6-415E-416F-93B6-7EBB9C3B4B80}"
EndProject
Project("{FAE04EC0-301F-11D3-BF4B-00C04F79EFBC}") = "Omnius.Core.Net.Connections", "refs\core-cs\src\Omnius.Core.Net.Connections\Omnius.Core.Net.Connections.csproj", "{19D296B8-5641-4256-B245-169BA5363E06}"
EndProject
Project("{FAE04EC0-301F-11D3-BF4B-00C04F79EFBC}") = "Omnius.Core.Net.I2p", "refs\core-cs\src\Omnius.Core.Net.I2p\Omnius.Core.Net.I2p.csproj", "{93488A07-B6BC-412B-A923-65B367DFA18B}"
EndProject
Project("{FAE04EC0-301F-11D3-BF4B-00C04F79EFBC}") = "Omnius.Core.Net.Proxies", "refs\core-cs\src\Omnius.Core.Net.Proxies\Omnius.Core.Net.Proxies.csproj", "{C6C36172-AEE2-47B1-BA7D-103DCBF4FCC9}"
EndProject
Project("{FAE04EC0-301F-11D3-BF4B-00C04F79EFBC}") = "Omnius.Core.Net.Upnp", "refs\core-cs\src\Omnius.Core.Net.Upnp\Omnius.Core.Net.Upnp.csproj", "{8242BFAF-AD34-4D94-82D7-FF8E0EB627CA}"
EndProject
Project("{FAE04EC0-301F-11D3-BF4B-00C04F79EFBC}") = "Omnius.Core.Net", "refs\core-cs\src\Omnius.Core.Net\Omnius.Core.Net.csproj", "{2FC95C4A-2A65-40B8-8463-EC4D27F148AC}"
EndProject
Project("{FAE04EC0-301F-11D3-BF4B-00C04F79EFBC}") = "Omnius.Core.Pipelines", "refs\core-cs\src\Omnius.Core.Pipelines\Omnius.Core.Pipelines.csproj", "{02B63D7B-DD9A-4E0B-B865-A10A82EA5A75}"
EndProject
Project("{FAE04EC0-301F-11D3-BF4B-00C04F79EFBC}") = "Omnius.Core.RocketPack.DefinitionCompiler", "refs\core-cs\src\Omnius.Core.RocketPack.DefinitionCompiler\Omnius.Core.RocketPack.DefinitionCompiler.csproj", "{96435B4D-1EE2-4024-B73E-DE12A7767EEC}"
EndProject
Project("{FAE04EC0-301F-11D3-BF4B-00C04F79EFBC}") = "Omnius.Core.RocketPack.Remoting", "refs\core-cs\src\Omnius.Core.RocketPack.Remoting\Omnius.Core.RocketPack.Remoting.csproj", "{A3DB57B0-D203-489E-AEF2-527E797A245F}"
EndProject
Project("{FAE04EC0-301F-11D3-BF4B-00C04F79EFBC}") = "Omnius.Core.RocketPack", "refs\core-cs\src\Omnius.Core.RocketPack\Omnius.Core.RocketPack.csproj", "{A82A9449-C984-4694-AB8D-C08390C69A23}"
EndProject
Project("{FAE04EC0-301F-11D3-BF4B-00C04F79EFBC}") = "Omnius.Core.Serialization", "refs\core-cs\src\Omnius.Core.Serialization\Omnius.Core.Serialization.csproj", "{E3E2C873-042C-49F7-ADF5-0D408E8F059E}"
EndProject
Project("{FAE04EC0-301F-11D3-BF4B-00C04F79EFBC}") = "Omnius.Core.Sql", "refs\core-cs\src\Omnius.Core.Sql\Omnius.Core.Sql.csproj", "{235E9146-71F9-4529-99C0-A0B9263464F0}"
EndProject
Project("{FAE04EC0-301F-11D3-BF4B-00C04F79EFBC}") = "Omnius.Core.Storages", "refs\core-cs\src\Omnius.Core.Storages\Omnius.Core.Storages.csproj", "{848A4D63-0EF1-4A84-AC17-F8BD2565E7F4}"
EndProject
Project("{FAE04EC0-301F-11D3-BF4B-00C04F79EFBC}") = "Omnius.Core.Streams", "refs\core-cs\src\Omnius.Core.Streams\Omnius.Core.Streams.csproj", "{01F987D2-49DF-44A2-A263-2B0150FE3539}"
EndProject
Project("{FAE04EC0-301F-11D3-BF4B-00C04F79EFBC}") = "Omnius.Core.Tasks", "refs\core-cs\src\Omnius.Core.Tasks\Omnius.Core.Tasks.csproj", "{EEE4F06A-71F7-410D-B461-9742FB4D8B49}"
EndProject
Project("{FAE04EC0-301F-11D3-BF4B-00C04F79EFBC}") = "Omnius.Core.Text", "refs\core-cs\src\Omnius.Core.Text\Omnius.Core.Text.csproj", "{BCAF24AE-06AF-47AF-A243-5050F4D0D4E4}"
EndProject
Project("{FAE04EC0-301F-11D3-BF4B-00C04F79EFBC}") = "Omnius.Core.UnitTestToolkit", "refs\core-cs\src\Omnius.Core.UnitTestToolkit\Omnius.Core.UnitTestToolkit.csproj", "{C16B1B96-21C5-4460-86DD-9A7CC3BCDCF1}"
EndProject
Project("{FAE04EC0-301F-11D3-BF4B-00C04F79EFBC}") = "Omnius.Core.Utils", "refs\core-cs\src\Omnius.Core.Utils\Omnius.Core.Utils.csproj", "{BAC9BEA1-CD2D-4508-B3DD-77178498F292}"
EndProject
Project("{FAE04EC0-301F-11D3-BF4B-00C04F79EFBC}") = "Omnius.Core", "refs\core-cs\src\Omnius.Core\Omnius.Core.csproj", "{9929635A-D791-4FBC-A8F0-C8744ED930A3}"
EndProject
Project("{2150E333-8FDC-42A3-9474-1A3956D46DE8}") = "test", "test", "{B75C51E4-DBD8-4D9C-8D7D-8C4DE1BE73F8}"
EndProject
Project("{FAE04EC0-301F-11D3-BF4B-00C04F79EFBC}") = "Omnius.Core.Cryptography.Tests", "refs\core-cs\test\Omnius.Core.Cryptography.Tests\Omnius.Core.Cryptography.Tests.csproj", "{712F4EC6-74B2-45F4-ABF1-FD6BD2296449}"
EndProject
Project("{FAE04EC0-301F-11D3-BF4B-00C04F79EFBC}") = "Omnius.Core.Net.Connections.Tests", "refs\core-cs\test\Omnius.Core.Net.Connections.Tests\Omnius.Core.Net.Connections.Tests.csproj", "{BAD98D9B-2449-4D26-B407-952ACF6A3C08}"
EndProject
Project("{FAE04EC0-301F-11D3-BF4B-00C04F79EFBC}") = "Omnius.Core.Net.I2p.Tests", "refs\core-cs\test\Omnius.Core.Net.I2p.Tests\Omnius.Core.Net.I2p.Tests.csproj", "{59280728-C6C9-4ABD-9065-7699F81C73D8}"
EndProject
Project("{FAE04EC0-301F-11D3-BF4B-00C04F79EFBC}") = "Omnius.Core.Net.Tests", "refs\core-cs\test\Omnius.Core.Net.Tests\Omnius.Core.Net.Tests.csproj", "{7B83EE80-1E4D-4148-9CCC-3F5024B7CDB9}"
EndProject
Project("{FAE04EC0-301F-11D3-BF4B-00C04F79EFBC}") = "Omnius.Core.Net.Upnp.Tests", "refs\core-cs\test\Omnius.Core.Net.Upnp.Tests\Omnius.Core.Net.Upnp.Tests.csproj", "{CC3F87AC-6171-4AFC-A0A7-62BD36A96C92}"
EndProject
Project("{FAE04EC0-301F-11D3-BF4B-00C04F79EFBC}") = "Omnius.Core.Pipelines.Tests", "refs\core-cs\test\Omnius.Core.Pipelines.Tests\Omnius.Core.Pipelines.Tests.csproj", "{BF1D7C99-24E8-40DB-A7C4-6243C4DBC1FA}"
EndProject
Project("{FAE04EC0-301F-11D3-BF4B-00C04F79EFBC}") = "Omnius.Core.RocketPack.DefinitionCompiler.Tests", "refs\core-cs\test\Omnius.Core.RocketPack.DefinitionCompiler.Tests\Omnius.Core.RocketPack.DefinitionCompiler.Tests.csproj", "{A1F61E50-7F56-404A-928B-7DB016005EAD}"
EndProject
Project("{FAE04EC0-301F-11D3-BF4B-00C04F79EFBC}") = "Omnius.Core.RocketPack.Remoting.Tests", "refs\core-cs\test\Omnius.Core.RocketPack.Remoting.Tests\Omnius.Core.RocketPack.Remoting.Tests.csproj", "{C559DBCA-0AC3-46D4-AEF6-3DF45D70F098}"
EndProject
Project("{FAE04EC0-301F-11D3-BF4B-00C04F79EFBC}") = "Omnius.Core.RocketPack.Tests", "refs\core-cs\test\Omnius.Core.RocketPack.Tests\Omnius.Core.RocketPack.Tests.csproj", "{AF07FC77-42A5-4021-B310-22CCAEE78F52}"
EndProject
Project("{FAE04EC0-301F-11D3-BF4B-00C04F79EFBC}") = "Omnius.Core.Serialization.Tests", "refs\core-cs\test\Omnius.Core.Serialization.Tests\Omnius.Core.Serialization.Tests.csproj", "{884B46AF-CA8B-41A8-BEC7-DD66F633F967}"
EndProject
Project("{FAE04EC0-301F-11D3-BF4B-00C04F79EFBC}") = "Omnius.Core.Storages.Tests", "refs\core-cs\test\Omnius.Core.Storages.Tests\Omnius.Core.Storages.Tests.csproj", "{AA60B4C2-0D80-49AA-8F19-4AED90DFC476}"
EndProject
Project("{FAE04EC0-301F-11D3-BF4B-00C04F79EFBC}") = "Omnius.Core.Streams.Tests", "refs\core-cs\test\Omnius.Core.Streams.Tests\Omnius.Core.Streams.Tests.csproj", "{FC7B39CC-1B62-4164-A88A-D340AFF28A3B}"
EndProject
Project("{FAE04EC0-301F-11D3-BF4B-00C04F79EFBC}") = "Omnius.Core.Tests", "refs\core-cs\test\Omnius.Core.Tests\Omnius.Core.Tests.csproj", "{DF6C6793-EADE-444C-87FE-465BFA0D91D1}"
EndProject
Project("{FAE04EC0-301F-11D3-BF4B-00C04F79EFBC}") = "Omnius.Core.Text.Tests", "refs\core-cs\test\Omnius.Core.Text.Tests\Omnius.Core.Text.Tests.csproj", "{5B4B1940-6A8A-491C-B367-9EFA0866CF47}"
EndProject
Project("{2150E333-8FDC-42A3-9474-1A3956D46DE8}") = "src", "src", "{915AAFFD-E8CF-47E5-B916-07222248B461}"
EndProject
Project("{FAE04EC0-301F-11D3-BF4B-00C04F79EFBC}") = "Omnius.Axus.Daemon", "src\Omnius.Axus.Daemon\Omnius.Axus.Daemon.csproj", "{B6A4334C-6D40-4840-9F62-138D86B7DE01}"
EndProject
Project("{FAE04EC0-301F-11D3-BF4B-00C04F79EFBC}") = "Omnius.Axus.Engine", "src\Omnius.Axus.Engine\Omnius.Axus.Engine.csproj", "{7F6CDA68-D900-45C7-8394-6310CE123897}"
EndProject
Project("{FAE04EC0-301F-11D3-BF4B-00C04F79EFBC}") = "Omnius.Axus.Launcher", "src\Omnius.Axus.Launcher\Omnius.Axus.Launcher.csproj", "{A93DC7F5-112E-4C6A-B92C-C8B4F3A08FE4}"
EndProject
Project("{FAE04EC0-301F-11D3-BF4B-00C04F79EFBC}") = "Omnius.Axus.Messages", "src\Omnius.Axus.Messages\Omnius.Axus.Messages.csproj", "{41D2A68F-F8FD-4F67-8F87-0E1A8016E0A6}"
EndProject
Project("{FAE04EC0-301F-11D3-BF4B-00C04F79EFBC}") = "Omnius.Axus.Remoting", "src\Omnius.Axus.Remoting\Omnius.Axus.Remoting.csproj", "{474EEA8E-BF1D-4B53-9C16-B1BDA43AF20D}"
EndProject
Project("{FAE04EC0-301F-11D3-BF4B-00C04F79EFBC}") = "Omnius.Axus.Service", "src\Omnius.Axus.Service\Omnius.Axus.Service.csproj", "{03B986F0-2E1F-4DE0-B2AE-950BC77259B5}"
EndProject
Project("{FAE04EC0-301F-11D3-BF4B-00C04F79EFBC}") = "Omnius.Axus.Ui.Desktop", "src\Omnius.Axus.Ui.Desktop\Omnius.Axus.Ui.Desktop.csproj", "{C9640B67-C895-4C44-8C1A-D9A872AEE43A}"
EndProject
Project("{2150E333-8FDC-42A3-9474-1A3956D46DE8}") = "test", "test", "{2B715C9C-8C7F-40A9-A09A-17DBD4957E51}"
EndProject
Project("{FAE04EC0-301F-11D3-BF4B-00C04F79EFBC}") = "Omnius.Axus.Core.Tests", "test\Omnius.Axus.Core.Tests\Omnius.Axus.Core.Tests.csproj", "{5A84D19E-AA57-41E0-A6D1-E2D7FF75919A}"
EndProject
Project("{FAE04EC0-301F-11D3-BF4B-00C04F79EFBC}") = "Omnius.Axus.IntegrationTests", "test\Omnius.Axus.IntegrationTests\Omnius.Axus.IntegrationTests.csproj", "{03D83588-192D-4B81-AC29-C4A2F5889A9F}"
EndProject
Global
	GlobalSection(SolutionConfigurationPlatforms) = preSolution
		Debug|Any CPU = Debug|Any CPU
		Release|Any CPU = Release|Any CPU
	EndGlobalSection
	GlobalSection(SolutionProperties) = preSolution
		HideSolutionNode = FALSE
	EndGlobalSection
	GlobalSection(ProjectConfigurationPlatforms) = postSolution
		{4B3BCD81-13DF-4C43-977F-0C8CBFF96D08}.Debug|Any CPU.ActiveCfg = Debug|Any CPU
		{4B3BCD81-13DF-4C43-977F-0C8CBFF96D08}.Debug|Any CPU.Build.0 = Debug|Any CPU
		{4B3BCD81-13DF-4C43-977F-0C8CBFF96D08}.Release|Any CPU.ActiveCfg = Release|Any CPU
		{4B3BCD81-13DF-4C43-977F-0C8CBFF96D08}.Release|Any CPU.Build.0 = Release|Any CPU
		{3AD632F6-D88C-4DA1-A33D-818353AB8D44}.Debug|Any CPU.ActiveCfg = Debug|Any CPU
		{3AD632F6-D88C-4DA1-A33D-818353AB8D44}.Debug|Any CPU.Build.0 = Debug|Any CPU
		{3AD632F6-D88C-4DA1-A33D-818353AB8D44}.Release|Any CPU.ActiveCfg = Release|Any CPU
		{3AD632F6-D88C-4DA1-A33D-818353AB8D44}.Release|Any CPU.Build.0 = Release|Any CPU
		{DCB6F309-1F7A-4869-B11F-C06DABEDCA81}.Debug|Any CPU.ActiveCfg = Debug|Any CPU
		{DCB6F309-1F7A-4869-B11F-C06DABEDCA81}.Debug|Any CPU.Build.0 = Debug|Any CPU
		{DCB6F309-1F7A-4869-B11F-C06DABEDCA81}.Release|Any CPU.ActiveCfg = Release|Any CPU
		{DCB6F309-1F7A-4869-B11F-C06DABEDCA81}.Release|Any CPU.Build.0 = Release|Any CPU
		{D2D0B7D6-415E-416F-93B6-7EBB9C3B4B80}.Debug|Any CPU.ActiveCfg = Debug|Any CPU
		{D2D0B7D6-415E-416F-93B6-7EBB9C3B4B80}.Debug|Any CPU.Build.0 = Debug|Any CPU
		{D2D0B7D6-415E-416F-93B6-7EBB9C3B4B80}.Release|Any CPU.ActiveCfg = Release|Any CPU
		{D2D0B7D6-415E-416F-93B6-7EBB9C3B4B80}.Release|Any CPU.Build.0 = Release|Any CPU
		{19D296B8-5641-4256-B245-169BA5363E06}.Debug|Any CPU.ActiveCfg = Debug|Any CPU
		{19D296B8-5641-4256-B245-169BA5363E06}.Debug|Any CPU.Build.0 = Debug|Any CPU
		{19D296B8-5641-4256-B245-169BA5363E06}.Release|Any CPU.ActiveCfg = Release|Any CPU
		{19D296B8-5641-4256-B245-169BA5363E06}.Release|Any CPU.Build.0 = Release|Any CPU
		{93488A07-B6BC-412B-A923-65B367DFA18B}.Debug|Any CPU.ActiveCfg = Debug|Any CPU
		{93488A07-B6BC-412B-A923-65B367DFA18B}.Debug|Any CPU.Build.0 = Debug|Any CPU
		{93488A07-B6BC-412B-A923-65B367DFA18B}.Release|Any CPU.ActiveCfg = Release|Any CPU
		{93488A07-B6BC-412B-A923-65B367DFA18B}.Release|Any CPU.Build.0 = Release|Any CPU
		{C6C36172-AEE2-47B1-BA7D-103DCBF4FCC9}.Debug|Any CPU.ActiveCfg = Debug|Any CPU
		{C6C36172-AEE2-47B1-BA7D-103DCBF4FCC9}.Debug|Any CPU.Build.0 = Debug|Any CPU
		{C6C36172-AEE2-47B1-BA7D-103DCBF4FCC9}.Release|Any CPU.ActiveCfg = Release|Any CPU
		{C6C36172-AEE2-47B1-BA7D-103DCBF4FCC9}.Release|Any CPU.Build.0 = Release|Any CPU
		{8242BFAF-AD34-4D94-82D7-FF8E0EB627CA}.Debug|Any CPU.ActiveCfg = Debug|Any CPU
		{8242BFAF-AD34-4D94-82D7-FF8E0EB627CA}.Debug|Any CPU.Build.0 = Debug|Any CPU
		{8242BFAF-AD34-4D94-82D7-FF8E0EB627CA}.Release|Any CPU.ActiveCfg = Release|Any CPU
		{8242BFAF-AD34-4D94-82D7-FF8E0EB627CA}.Release|Any CPU.Build.0 = Release|Any CPU
		{2FC95C4A-2A65-40B8-8463-EC4D27F148AC}.Debug|Any CPU.ActiveCfg = Debug|Any CPU
		{2FC95C4A-2A65-40B8-8463-EC4D27F148AC}.Debug|Any CPU.Build.0 = Debug|Any CPU
		{2FC95C4A-2A65-40B8-8463-EC4D27F148AC}.Release|Any CPU.ActiveCfg = Release|Any CPU
		{2FC95C4A-2A65-40B8-8463-EC4D27F148AC}.Release|Any CPU.Build.0 = Release|Any CPU
		{02B63D7B-DD9A-4E0B-B865-A10A82EA5A75}.Debug|Any CPU.ActiveCfg = Debug|Any CPU
		{02B63D7B-DD9A-4E0B-B865-A10A82EA5A75}.Debug|Any CPU.Build.0 = Debug|Any CPU
		{02B63D7B-DD9A-4E0B-B865-A10A82EA5A75}.Release|Any CPU.ActiveCfg = Release|Any CPU
		{02B63D7B-DD9A-4E0B-B865-A10A82EA5A75}.Release|Any CPU.Build.0 = Release|Any CPU
		{96435B4D-1EE2-4024-B73E-DE12A7767EEC}.Debug|Any CPU.ActiveCfg = Debug|Any CPU
		{96435B4D-1EE2-4024-B73E-DE12A7767EEC}.Debug|Any CPU.Build.0 = Debug|Any CPU
		{96435B4D-1EE2-4024-B73E-DE12A7767EEC}.Release|Any CPU.ActiveCfg = Release|Any CPU
		{96435B4D-1EE2-4024-B73E-DE12A7767EEC}.Release|Any CPU.Build.0 = Release|Any CPU
		{A3DB57B0-D203-489E-AEF2-527E797A245F}.Debug|Any CPU.ActiveCfg = Debug|Any CPU
		{A3DB57B0-D203-489E-AEF2-527E797A245F}.Debug|Any CPU.Build.0 = Debug|Any CPU
		{A3DB57B0-D203-489E-AEF2-527E797A245F}.Release|Any CPU.ActiveCfg = Release|Any CPU
		{A3DB57B0-D203-489E-AEF2-527E797A245F}.Release|Any CPU.Build.0 = Release|Any CPU
		{A82A9449-C984-4694-AB8D-C08390C69A23}.Debug|Any CPU.ActiveCfg = Debug|Any CPU
		{A82A9449-C984-4694-AB8D-C08390C69A23}.Debug|Any CPU.Build.0 = Debug|Any CPU
		{A82A9449-C984-4694-AB8D-C08390C69A23}.Release|Any CPU.ActiveCfg = Release|Any CPU
		{A82A9449-C984-4694-AB8D-C08390C69A23}.Release|Any CPU.Build.0 = Release|Any CPU
		{E3E2C873-042C-49F7-ADF5-0D408E8F059E}.Debug|Any CPU.ActiveCfg = Debug|Any CPU
		{E3E2C873-042C-49F7-ADF5-0D408E8F059E}.Debug|Any CPU.Build.0 = Debug|Any CPU
		{E3E2C873-042C-49F7-ADF5-0D408E8F059E}.Release|Any CPU.ActiveCfg = Release|Any CPU
		{E3E2C873-042C-49F7-ADF5-0D408E8F059E}.Release|Any CPU.Build.0 = Release|Any CPU
		{235E9146-71F9-4529-99C0-A0B9263464F0}.Debug|Any CPU.ActiveCfg = Debug|Any CPU
		{235E9146-71F9-4529-99C0-A0B9263464F0}.Debug|Any CPU.Build.0 = Debug|Any CPU
		{235E9146-71F9-4529-99C0-A0B9263464F0}.Release|Any CPU.ActiveCfg = Release|Any CPU
		{235E9146-71F9-4529-99C0-A0B9263464F0}.Release|Any CPU.Build.0 = Release|Any CPU
		{848A4D63-0EF1-4A84-AC17-F8BD2565E7F4}.Debug|Any CPU.ActiveCfg = Debug|Any CPU
		{848A4D63-0EF1-4A84-AC17-F8BD2565E7F4}.Debug|Any CPU.Build.0 = Debug|Any CPU
		{848A4D63-0EF1-4A84-AC17-F8BD2565E7F4}.Release|Any CPU.ActiveCfg = Release|Any CPU
		{848A4D63-0EF1-4A84-AC17-F8BD2565E7F4}.Release|Any CPU.Build.0 = Release|Any CPU
		{01F987D2-49DF-44A2-A263-2B0150FE3539}.Debug|Any CPU.ActiveCfg = Debug|Any CPU
		{01F987D2-49DF-44A2-A263-2B0150FE3539}.Debug|Any CPU.Build.0 = Debug|Any CPU
		{01F987D2-49DF-44A2-A263-2B0150FE3539}.Release|Any CPU.ActiveCfg = Release|Any CPU
		{01F987D2-49DF-44A2-A263-2B0150FE3539}.Release|Any CPU.Build.0 = Release|Any CPU
		{EEE4F06A-71F7-410D-B461-9742FB4D8B49}.Debug|Any CPU.ActiveCfg = Debug|Any CPU
		{EEE4F06A-71F7-410D-B461-9742FB4D8B49}.Debug|Any CPU.Build.0 = Debug|Any CPU
		{EEE4F06A-71F7-410D-B461-9742FB4D8B49}.Release|Any CPU.ActiveCfg = Release|Any CPU
		{EEE4F06A-71F7-410D-B461-9742FB4D8B49}.Release|Any CPU.Build.0 = Release|Any CPU
		{BCAF24AE-06AF-47AF-A243-5050F4D0D4E4}.Debug|Any CPU.ActiveCfg = Debug|Any CPU
		{BCAF24AE-06AF-47AF-A243-5050F4D0D4E4}.Debug|Any CPU.Build.0 = Debug|Any CPU
		{BCAF24AE-06AF-47AF-A243-5050F4D0D4E4}.Release|Any CPU.ActiveCfg = Release|Any CPU
		{BCAF24AE-06AF-47AF-A243-5050F4D0D4E4}.Release|Any CPU.Build.0 = Release|Any CPU
		{C16B1B96-21C5-4460-86DD-9A7CC3BCDCF1}.Debug|Any CPU.ActiveCfg = Debug|Any CPU
		{C16B1B96-21C5-4460-86DD-9A7CC3BCDCF1}.Debug|Any CPU.Build.0 = Debug|Any CPU
		{C16B1B96-21C5-4460-86DD-9A7CC3BCDCF1}.Release|Any CPU.ActiveCfg = Release|Any CPU
		{C16B1B96-21C5-4460-86DD-9A7CC3BCDCF1}.Release|Any CPU.Build.0 = Release|Any CPU
		{BAC9BEA1-CD2D-4508-B3DD-77178498F292}.Debug|Any CPU.ActiveCfg = Debug|Any CPU
		{BAC9BEA1-CD2D-4508-B3DD-77178498F292}.Debug|Any CPU.Build.0 = Debug|Any CPU
		{BAC9BEA1-CD2D-4508-B3DD-77178498F292}.Release|Any CPU.ActiveCfg = Release|Any CPU
		{BAC9BEA1-CD2D-4508-B3DD-77178498F292}.Release|Any CPU.Build.0 = Release|Any CPU
		{9929635A-D791-4FBC-A8F0-C8744ED930A3}.Debug|Any CPU.ActiveCfg = Debug|Any CPU
		{9929635A-D791-4FBC-A8F0-C8744ED930A3}.Debug|Any CPU.Build.0 = Debug|Any CPU
		{9929635A-D791-4FBC-A8F0-C8744ED930A3}.Release|Any CPU.ActiveCfg = Release|Any CPU
		{9929635A-D791-4FBC-A8F0-C8744ED930A3}.Release|Any CPU.Build.0 = Release|Any CPU
		{712F4EC6-74B2-45F4-ABF1-FD6BD2296449}.Debug|Any CPU.ActiveCfg = Debug|Any CPU
		{712F4EC6-74B2-45F4-ABF1-FD6BD2296449}.Debug|Any CPU.Build.0 = Debug|Any CPU
		{712F4EC6-74B2-45F4-ABF1-FD6BD2296449}.Release|Any CPU.ActiveCfg = Release|Any CPU
		{712F4EC6-74B2-45F4-ABF1-FD6BD2296449}.Release|Any CPU.Build.0 = Release|Any CPU
		{BAD98D9B-2449-4D26-B407-952ACF6A3C08}.Debug|Any CPU.ActiveCfg = Debug|Any CPU
		{BAD98D9B-2449-4D26-B407-952ACF6A3C08}.Debug|Any CPU.Build.0 = Debug|Any CPU
		{BAD98D9B-2449-4D26-B407-952ACF6A3C08}.Release|Any CPU.ActiveCfg = Release|Any CPU
		{BAD98D9B-2449-4D26-B407-952ACF6A3C08}.Release|Any CPU.Build.0 = Release|Any CPU
		{59280728-C6C9-4ABD-9065-7699F81C73D8}.Debug|Any CPU.ActiveCfg = Debug|Any CPU
		{59280728-C6C9-4ABD-9065-7699F81C73D8}.Debug|Any CPU.Build.0 = Debug|Any CPU
		{59280728-C6C9-4ABD-9065-7699F81C73D8}.Release|Any CPU.ActiveCfg = Release|Any CPU
		{59280728-C6C9-4ABD-9065-7699F81C73D8}.Release|Any CPU.Build.0 = Release|Any CPU
		{7B83EE80-1E4D-4148-9CCC-3F5024B7CDB9}.Debug|Any CPU.ActiveCfg = Debug|Any CPU
		{7B83EE80-1E4D-4148-9CCC-3F5024B7CDB9}.Debug|Any CPU.Build.0 = Debug|Any CPU
		{7B83EE80-1E4D-4148-9CCC-3F5024B7CDB9}.Release|Any CPU.ActiveCfg = Release|Any CPU
		{7B83EE80-1E4D-4148-9CCC-3F5024B7CDB9}.Release|Any CPU.Build.0 = Release|Any CPU
		{CC3F87AC-6171-4AFC-A0A7-62BD36A96C92}.Debug|Any CPU.ActiveCfg = Debug|Any CPU
		{CC3F87AC-6171-4AFC-A0A7-62BD36A96C92}.Debug|Any CPU.Build.0 = Debug|Any CPU
		{CC3F87AC-6171-4AFC-A0A7-62BD36A96C92}.Release|Any CPU.ActiveCfg = Release|Any CPU
		{CC3F87AC-6171-4AFC-A0A7-62BD36A96C92}.Release|Any CPU.Build.0 = Release|Any CPU
		{BF1D7C99-24E8-40DB-A7C4-6243C4DBC1FA}.Debug|Any CPU.ActiveCfg = Debug|Any CPU
		{BF1D7C99-24E8-40DB-A7C4-6243C4DBC1FA}.Debug|Any CPU.Build.0 = Debug|Any CPU
		{BF1D7C99-24E8-40DB-A7C4-6243C4DBC1FA}.Release|Any CPU.ActiveCfg = Release|Any CPU
		{BF1D7C99-24E8-40DB-A7C4-6243C4DBC1FA}.Release|Any CPU.Build.0 = Release|Any CPU
		{A1F61E50-7F56-404A-928B-7DB016005EAD}.Debug|Any CPU.ActiveCfg = Debug|Any CPU
		{A1F61E50-7F56-404A-928B-7DB016005EAD}.Debug|Any CPU.Build.0 = Debug|Any CPU
		{A1F61E50-7F56-404A-928B-7DB016005EAD}.Release|Any CPU.ActiveCfg = Release|Any CPU
		{A1F61E50-7F56-404A-928B-7DB016005EAD}.Release|Any CPU.Build.0 = Release|Any CPU
		{C559DBCA-0AC3-46D4-AEF6-3DF45D70F098}.Debug|Any CPU.ActiveCfg = Debug|Any CPU
		{C559DBCA-0AC3-46D4-AEF6-3DF45D70F098}.Debug|Any CPU.Build.0 = Debug|Any CPU
		{C559DBCA-0AC3-46D4-AEF6-3DF45D70F098}.Release|Any CPU.ActiveCfg = Release|Any CPU
		{C559DBCA-0AC3-46D4-AEF6-3DF45D70F098}.Release|Any CPU.Build.0 = Release|Any CPU
		{AF07FC77-42A5-4021-B310-22CCAEE78F52}.Debug|Any CPU.ActiveCfg = Debug|Any CPU
		{AF07FC77-42A5-4021-B310-22CCAEE78F52}.Debug|Any CPU.Build.0 = Debug|Any CPU
		{AF07FC77-42A5-4021-B310-22CCAEE78F52}.Release|Any CPU.ActiveCfg = Release|Any CPU
		{AF07FC77-42A5-4021-B310-22CCAEE78F52}.Release|Any CPU.Build.0 = Release|Any CPU
		{884B46AF-CA8B-41A8-BEC7-DD66F633F967}.Debug|Any CPU.ActiveCfg = Debug|Any CPU
		{884B46AF-CA8B-41A8-BEC7-DD66F633F967}.Debug|Any CPU.Build.0 = Debug|Any CPU
		{884B46AF-CA8B-41A8-BEC7-DD66F633F967}.Release|Any CPU.ActiveCfg = Release|Any CPU
		{884B46AF-CA8B-41A8-BEC7-DD66F633F967}.Release|Any CPU.Build.0 = Release|Any CPU
		{AA60B4C2-0D80-49AA-8F19-4AED90DFC476}.Debug|Any CPU.ActiveCfg = Debug|Any CPU
		{AA60B4C2-0D80-49AA-8F19-4AED90DFC476}.Debug|Any CPU.Build.0 = Debug|Any CPU
		{AA60B4C2-0D80-49AA-8F19-4AED90DFC476}.Release|Any CPU.ActiveCfg = Release|Any CPU
		{AA60B4C2-0D80-49AA-8F19-4AED90DFC476}.Release|Any CPU.Build.0 = Release|Any CPU
		{FC7B39CC-1B62-4164-A88A-D340AFF28A3B}.Debug|Any CPU.ActiveCfg = Debug|Any CPU
		{FC7B39CC-1B62-4164-A88A-D340AFF28A3B}.Debug|Any CPU.Build.0 = Debug|Any CPU
		{FC7B39CC-1B62-4164-A88A-D340AFF28A3B}.Release|Any CPU.ActiveCfg = Release|Any CPU
		{FC7B39CC-1B62-4164-A88A-D340AFF28A3B}.Release|Any CPU.Build.0 = Release|Any CPU
		{DF6C6793-EADE-444C-87FE-465BFA0D91D1}.Debug|Any CPU.ActiveCfg = Debug|Any CPU
		{DF6C6793-EADE-444C-87FE-465BFA0D91D1}.Debug|Any CPU.Build.0 = Debug|Any CPU
		{DF6C6793-EADE-444C-87FE-465BFA0D91D1}.Release|Any CPU.ActiveCfg = Release|Any CPU
		{DF6C6793-EADE-444C-87FE-465BFA0D91D1}.Release|Any CPU.Build.0 = Release|Any CPU
		{5B4B1940-6A8A-491C-B367-9EFA0866CF47}.Debug|Any CPU.ActiveCfg = Debug|Any CPU
		{5B4B1940-6A8A-491C-B367-9EFA0866CF47}.Debug|Any CPU.Build.0 = Debug|Any CPU
		{5B4B1940-6A8A-491C-B367-9EFA0866CF47}.Release|Any CPU.ActiveCfg = Release|Any CPU
		{5B4B1940-6A8A-491C-B367-9EFA0866CF47}.Release|Any CPU.Build.0 = Release|Any CPU
		{B6A4334C-6D40-4840-9F62-138D86B7DE01}.Debug|Any CPU.ActiveCfg = Debug|Any CPU
		{B6A4334C-6D40-4840-9F62-138D86B7DE01}.Debug|Any CPU.Build.0 = Debug|Any CPU
		{B6A4334C-6D40-4840-9F62-138D86B7DE01}.Release|Any CPU.ActiveCfg = Release|Any CPU
		{B6A4334C-6D40-4840-9F62-138D86B7DE01}.Release|Any CPU.Build.0 = Release|Any CPU
		{7F6CDA68-D900-45C7-8394-6310CE123897}.Debug|Any CPU.ActiveCfg = Debug|Any CPU
		{7F6CDA68-D900-45C7-8394-6310CE123897}.Debug|Any CPU.Build.0 = Debug|Any CPU
		{7F6CDA68-D900-45C7-8394-6310CE123897}.Release|Any CPU.ActiveCfg = Release|Any CPU
		{7F6CDA68-D900-45C7-8394-6310CE123897}.Release|Any CPU.Build.0 = Release|Any CPU
		{A93DC7F5-112E-4C6A-B92C-C8B4F3A08FE4}.Debug|Any CPU.ActiveCfg = Debug|Any CPU
		{A93DC7F5-112E-4C6A-B92C-C8B4F3A08FE4}.Debug|Any CPU.Build.0 = Debug|Any CPU
		{A93DC7F5-112E-4C6A-B92C-C8B4F3A08FE4}.Release|Any CPU.ActiveCfg = Release|Any CPU
		{A93DC7F5-112E-4C6A-B92C-C8B4F3A08FE4}.Release|Any CPU.Build.0 = Release|Any CPU
		{41D2A68F-F8FD-4F67-8F87-0E1A8016E0A6}.Debug|Any CPU.ActiveCfg = Debug|Any CPU
		{41D2A68F-F8FD-4F67-8F87-0E1A8016E0A6}.Debug|Any CPU.Build.0 = Debug|Any CPU
		{41D2A68F-F8FD-4F67-8F87-0E1A8016E0A6}.Release|Any CPU.ActiveCfg = Release|Any CPU
		{41D2A68F-F8FD-4F67-8F87-0E1A8016E0A6}.Release|Any CPU.Build.0 = Release|Any CPU
		{474EEA8E-BF1D-4B53-9C16-B1BDA43AF20D}.Debug|Any CPU.ActiveCfg = Debug|Any CPU
		{474EEA8E-BF1D-4B53-9C16-B1BDA43AF20D}.Debug|Any CPU.Build.0 = Debug|Any CPU
		{474EEA8E-BF1D-4B53-9C16-B1BDA43AF20D}.Release|Any CPU.ActiveCfg = Release|Any CPU
		{474EEA8E-BF1D-4B53-9C16-B1BDA43AF20D}.Release|Any CPU.Build.0 = Release|Any CPU
		{03B986F0-2E1F-4DE0-B2AE-950BC77259B5}.Debug|Any CPU.ActiveCfg = Debug|Any CPU
		{03B986F0-2E1F-4DE0-B2AE-950BC77259B5}.Debug|Any CPU.Build.0 = Debug|Any CPU
		{03B986F0-2E1F-4DE0-B2AE-950BC77259B5}.Release|Any CPU.ActiveCfg = Release|Any CPU
		{03B986F0-2E1F-4DE0-B2AE-950BC77259B5}.Release|Any CPU.Build.0 = Release|Any CPU
		{C9640B67-C895-4C44-8C1A-D9A872AEE43A}.Debug|Any CPU.ActiveCfg = Debug|Any CPU
		{C9640B67-C895-4C44-8C1A-D9A872AEE43A}.Debug|Any CPU.Build.0 = Debug|Any CPU
		{C9640B67-C895-4C44-8C1A-D9A872AEE43A}.Release|Any CPU.ActiveCfg = Release|Any CPU
		{C9640B67-C895-4C44-8C1A-D9A872AEE43A}.Release|Any CPU.Build.0 = Release|Any CPU
		{5A84D19E-AA57-41E0-A6D1-E2D7FF75919A}.Debug|Any CPU.ActiveCfg = Debug|Any CPU
		{5A84D19E-AA57-41E0-A6D1-E2D7FF75919A}.Debug|Any CPU.Build.0 = Debug|Any CPU
		{5A84D19E-AA57-41E0-A6D1-E2D7FF75919A}.Release|Any CPU.ActiveCfg = Release|Any CPU
		{5A84D19E-AA57-41E0-A6D1-E2D7FF75919A}.Release|Any CPU.Build.0 = Release|Any CPU
		{03D83588-192D-4B81-AC29-C4A2F5889A9F}.Debug|Any CPU.ActiveCfg = Debug|Any CPU
		{03D83588-192D-4B81-AC29-C4A2F5889A9F}.Debug|Any CPU.Build.0 = Debug|Any CPU
		{03D83588-192D-4B81-AC29-C4A2F5889A9F}.Release|Any CPU.ActiveCfg = Release|Any CPU
		{03D83588-192D-4B81-AC29-C4A2F5889A9F}.Release|Any CPU.Build.0 = Release|Any CPU
	EndGlobalSection
	GlobalSection(NestedProjects) = preSolution
		{BB3B62CE-7668-4A9C-B5A0-0EF12142FED2} = {383DF61E-EE9B-4CE7-B3F5-3B1007222E78}
		{2D6CDFCF-FF8C-473D-B459-F529C239422F} = {BB3B62CE-7668-4A9C-B5A0-0EF12142FED2}
		{4B3BCD81-13DF-4C43-977F-0C8CBFF96D08} = {2D6CDFCF-FF8C-473D-B459-F529C239422F}
		{3AD632F6-D88C-4DA1-A33D-818353AB8D44} = {2D6CDFCF-FF8C-473D-B459-F529C239422F}
		{DCB6F309-1F7A-4869-B11F-C06DABEDCA81} = {2D6CDFCF-FF8C-473D-B459-F529C239422F}
		{D2D0B7D6-415E-416F-93B6-7EBB9C3B4B80} = {2D6CDFCF-FF8C-473D-B459-F529C239422F}
		{19D296B8-5641-4256-B245-169BA5363E06} = {2D6CDFCF-FF8C-473D-B459-F529C239422F}
		{93488A07-B6BC-412B-A923-65B367DFA18B} = {2D6CDFCF-FF8C-473D-B459-F529C239422F}
		{C6C36172-AEE2-47B1-BA7D-103DCBF4FCC9} = {2D6CDFCF-FF8C-473D-B459-F529C239422F}
		{8242BFAF-AD34-4D94-82D7-FF8E0EB627CA} = {2D6CDFCF-FF8C-473D-B459-F529C239422F}
		{2FC95C4A-2A65-40B8-8463-EC4D27F148AC} = {2D6CDFCF-FF8C-473D-B459-F529C239422F}
		{02B63D7B-DD9A-4E0B-B865-A10A82EA5A75} = {2D6CDFCF-FF8C-473D-B459-F529C239422F}
		{96435B4D-1EE2-4024-B73E-DE12A7767EEC} = {2D6CDFCF-FF8C-473D-B459-F529C239422F}
		{A3DB57B0-D203-489E-AEF2-527E797A245F} = {2D6CDFCF-FF8C-473D-B459-F529C239422F}
		{A82A9449-C984-4694-AB8D-C08390C69A23} = {2D6CDFCF-FF8C-473D-B459-F529C239422F}
		{E3E2C873-042C-49F7-ADF5-0D408E8F059E} = {2D6CDFCF-FF8C-473D-B459-F529C239422F}
		{235E9146-71F9-4529-99C0-A0B9263464F0} = {2D6CDFCF-FF8C-473D-B459-F529C239422F}
		{848A4D63-0EF1-4A84-AC17-F8BD2565E7F4} = {2D6CDFCF-FF8C-473D-B459-F529C239422F}
		{01F987D2-49DF-44A2-A263-2B0150FE3539} = {2D6CDFCF-FF8C-473D-B459-F529C239422F}
		{EEE4F06A-71F7-410D-B461-9742FB4D8B49} = {2D6CDFCF-FF8C-473D-B459-F529C239422F}
		{BCAF24AE-06AF-47AF-A243-5050F4D0D4E4} = {2D6CDFCF-FF8C-473D-B459-F529C239422F}
		{C16B1B96-21C5-4460-86DD-9A7CC3BCDCF1} = {2D6CDFCF-FF8C-473D-B459-F529C239422F}
		{BAC9BEA1-CD2D-4508-B3DD-77178498F292} = {2D6CDFCF-FF8C-473D-B459-F529C239422F}
		{9929635A-D791-4FBC-A8F0-C8744ED930A3} = {2D6CDFCF-FF8C-473D-B459-F529C239422F}
		{B75C51E4-DBD8-4D9C-8D7D-8C4DE1BE73F8} = {BB3B62CE-7668-4A9C-B5A0-0EF12142FED2}
		{712F4EC6-74B2-45F4-ABF1-FD6BD2296449} = {B75C51E4-DBD8-4D9C-8D7D-8C4DE1BE73F8}
		{BAD98D9B-2449-4D26-B407-952ACF6A3C08} = {B75C51E4-DBD8-4D9C-8D7D-8C4DE1BE73F8}
		{59280728-C6C9-4ABD-9065-7699F81C73D8} = {B75C51E4-DBD8-4D9C-8D7D-8C4DE1BE73F8}
		{7B83EE80-1E4D-4148-9CCC-3F5024B7CDB9} = {B75C51E4-DBD8-4D9C-8D7D-8C4DE1BE73F8}
		{CC3F87AC-6171-4AFC-A0A7-62BD36A96C92} = {B75C51E4-DBD8-4D9C-8D7D-8C4DE1BE73F8}
		{BF1D7C99-24E8-40DB-A7C4-6243C4DBC1FA} = {B75C51E4-DBD8-4D9C-8D7D-8C4DE1BE73F8}
		{A1F61E50-7F56-404A-928B-7DB016005EAD} = {B75C51E4-DBD8-4D9C-8D7D-8C4DE1BE73F8}
		{C559DBCA-0AC3-46D4-AEF6-3DF45D70F098} = {B75C51E4-DBD8-4D9C-8D7D-8C4DE1BE73F8}
		{AF07FC77-42A5-4021-B310-22CCAEE78F52} = {B75C51E4-DBD8-4D9C-8D7D-8C4DE1BE73F8}
		{884B46AF-CA8B-41A8-BEC7-DD66F633F967} = {B75C51E4-DBD8-4D9C-8D7D-8C4DE1BE73F8}
		{AA60B4C2-0D80-49AA-8F19-4AED90DFC476} = {B75C51E4-DBD8-4D9C-8D7D-8C4DE1BE73F8}
		{FC7B39CC-1B62-4164-A88A-D340AFF28A3B} = {B75C51E4-DBD8-4D9C-8D7D-8C4DE1BE73F8}
		{DF6C6793-EADE-444C-87FE-465BFA0D91D1} = {B75C51E4-DBD8-4D9C-8D7D-8C4DE1BE73F8}
		{5B4B1940-6A8A-491C-B367-9EFA0866CF47} = {B75C51E4-DBD8-4D9C-8D7D-8C4DE1BE73F8}
		{B6A4334C-6D40-4840-9F62-138D86B7DE01} = {915AAFFD-E8CF-47E5-B916-07222248B461}
		{7F6CDA68-D900-45C7-8394-6310CE123897} = {915AAFFD-E8CF-47E5-B916-07222248B461}
		{A93DC7F5-112E-4C6A-B92C-C8B4F3A08FE4} = {915AAFFD-E8CF-47E5-B916-07222248B461}
		{41D2A68F-F8FD-4F67-8F87-0E1A8016E0A6} = {915AAFFD-E8CF-47E5-B916-07222248B461}
		{474EEA8E-BF1D-4B53-9C16-B1BDA43AF20D} = {915AAFFD-E8CF-47E5-B916-07222248B461}
		{03B986F0-2E1F-4DE0-B2AE-950BC77259B5} = {915AAFFD-E8CF-47E5-B916-07222248B461}
		{C9640B67-C895-4C44-8C1A-D9A872AEE43A} = {915AAFFD-E8CF-47E5-B916-07222248B461}
		{5A84D19E-AA57-41E0-A6D1-E2D7FF75919A} = {2B715C9C-8C7F-40A9-A09A-17DBD4957E51}
		{03D83588-192D-4B81-AC29-C4A2F5889A9F} = {2B715C9C-8C7F-40A9-A09A-17DBD4957E51}
	EndGlobalSection
EndGlobal
