
Microsoft Visual Studio Solution File, Format Version 12.00
# Visual Studio 15
VisualStudioVersion = 15.0.26124.0
MinimumVisualStudioVersion = 15.0.26124.0
Project("{2150E333-8FDC-42A3-9474-1A3956D46DE8}") = "src", "src", "{CB3DA9B1-521E-4955-862C-4F5D44D28828}"
EndProject
Project("{FAE04EC0-301F-11D3-BF4B-00C04F79EFBC}") = "Omnius.Xeus.Api", "src\Omnius.Xeus.Api\Omnius.Xeus.Api.csproj", "{E95CB5BC-F790-4B92-9730-3DAB3A9DD2F1}"
EndProject
Project("{FAE04EC0-301F-11D3-BF4B-00C04F79EFBC}") = "Omnius.Xeus.Daemon", "src\Omnius.Xeus.Daemon\Omnius.Xeus.Daemon.csproj", "{4F9B8E04-B516-4D9D-BE53-CF6175D0D9F5}"
EndProject
Project("{FAE04EC0-301F-11D3-BF4B-00C04F79EFBC}") = "Omnius.Xeus.Engines.Implementations", "src\Omnius.Xeus.Engines.Implementations\Omnius.Xeus.Engines.Implementations.csproj", "{0D4623C1-C2DF-412E-9606-FDFFFCE1BAFB}"
EndProject
Project("{FAE04EC0-301F-11D3-BF4B-00C04F79EFBC}") = "Omnius.Xeus.Engines", "src\Omnius.Xeus.Engines\Omnius.Xeus.Engines.csproj", "{E40E37D5-E075-4C5F-A94B-BFCB4A9C78A7}"
EndProject
Project("{FAE04EC0-301F-11D3-BF4B-00C04F79EFBC}") = "Omnius.Xeus.Interactors.Implementations", "src\Omnius.Xeus.Interactors.Implementations\Omnius.Xeus.Interactors.Implementations.csproj", "{793302FC-5615-46CF-B02D-273B8C70C3C7}"
EndProject
Project("{FAE04EC0-301F-11D3-BF4B-00C04F79EFBC}") = "Omnius.Xeus.Interactors", "src\Omnius.Xeus.Interactors\Omnius.Xeus.Interactors.csproj", "{71F6B6A3-D1D8-4EB4-B66A-43B11978A6E3}"
EndProject
Project("{FAE04EC0-301F-11D3-BF4B-00C04F79EFBC}") = "Omnius.Xeus.Ui.Desktop", "src\Omnius.Xeus.Ui.Desktop\Omnius.Xeus.Ui.Desktop.csproj", "{27347272-D5EB-4788-9D0D-9C1FA4723A8E}"
EndProject
Project("{2150E333-8FDC-42A3-9474-1A3956D46DE8}") = "test", "test", "{3DC07238-52C3-46CB-A831-842786C29789}"
EndProject
Project("{FAE04EC0-301F-11D3-BF4B-00C04F79EFBC}") = "Omnius.Xeus.Daemon.Tests", "test\Omnius.Xeus.Daemon.Tests\Omnius.Xeus.Daemon.Tests.csproj", "{25412D20-4EAC-4A81-888A-90E5CA2E263F}"
EndProject
Project("{FAE04EC0-301F-11D3-BF4B-00C04F79EFBC}") = "Omnius.Xeus.Engines.Tests", "test\Omnius.Xeus.Engines.Tests\Omnius.Xeus.Engines.Tests.csproj", "{34553649-E386-422C-8B32-C6FCA7F98BDC}"
EndProject
Project("{FAE04EC0-301F-11D3-BF4B-00C04F79EFBC}") = "Omnius.Xeus.IntegrationTests", "test\Omnius.Xeus.IntegrationTests\Omnius.Xeus.IntegrationTests.csproj", "{21FD0CD3-0B5C-4084-8C42-105C90149A54}"
EndProject
Project("{2150E333-8FDC-42A3-9474-1A3956D46DE8}") = "refs", "refs", "{07052FD1-F463-4524-8B9C-5C2A22AB78E5}"
EndProject
Project("{2150E333-8FDC-42A3-9474-1A3956D46DE8}") = "core", "core", "{2DE6ED61-7F21-402F-A34D-BA9EB63D75F5}"
EndProject
Project("{2150E333-8FDC-42A3-9474-1A3956D46DE8}") = "src", "src", "{C03F0483-5245-44BC-B9E7-CFCC6451A6D9}"
EndProject
Project("{FAE04EC0-301F-11D3-BF4B-00C04F79EFBC}") = "Omnius.Core.Collections", "refs\core\src\Omnius.Core.Collections\Omnius.Core.Collections.csproj", "{CB76A23A-810B-4068-A212-24E662642EBF}"
EndProject
Project("{FAE04EC0-301F-11D3-BF4B-00C04F79EFBC}") = "Omnius.Core.Cryptography", "refs\core\src\Omnius.Core.Cryptography\Omnius.Core.Cryptography.csproj", "{A4733B28-751D-4E93-A7DD-220AA1BBA259}"
EndProject
Project("{FAE04EC0-301F-11D3-BF4B-00C04F79EFBC}") = "Omnius.Core.Io", "refs\core\src\Omnius.Core.Io\Omnius.Core.Io.csproj", "{16B51B03-DFE0-4832-8BD4-C2190A3FB837}"
EndProject
Project("{FAE04EC0-301F-11D3-BF4B-00C04F79EFBC}") = "Omnius.Core.Network.Proxies", "refs\core\src\Omnius.Core.Network.Proxies\Omnius.Core.Network.Proxies.csproj", "{7BBEBA1F-5ED3-439E-A940-C259E7B2DE15}"
EndProject
Project("{FAE04EC0-301F-11D3-BF4B-00C04F79EFBC}") = "Omnius.Core.Network.Upnp", "refs\core\src\Omnius.Core.Network.Upnp\Omnius.Core.Network.Upnp.csproj", "{73C4AC6A-331F-498F-A8D0-B8C61D6B186B}"
EndProject
Project("{FAE04EC0-301F-11D3-BF4B-00C04F79EFBC}") = "Omnius.Core.Network", "refs\core\src\Omnius.Core.Network\Omnius.Core.Network.csproj", "{5DD4057F-AA36-44C0-B353-103150ABA548}"
EndProject
Project("{FAE04EC0-301F-11D3-BF4B-00C04F79EFBC}") = "Omnius.Core.RocketPack.DefinitionCompiler", "refs\core\src\Omnius.Core.RocketPack.DefinitionCompiler\Omnius.Core.RocketPack.DefinitionCompiler.csproj", "{E857BB1A-3D9F-4BD7-9991-0B2D6AA313F5}"
EndProject
Project("{FAE04EC0-301F-11D3-BF4B-00C04F79EFBC}") = "Omnius.Core.RocketPack.Remoting", "refs\core\src\Omnius.Core.RocketPack.Remoting\Omnius.Core.RocketPack.Remoting.csproj", "{87489B19-F041-4701-9D00-82E0966ED308}"
EndProject
Project("{FAE04EC0-301F-11D3-BF4B-00C04F79EFBC}") = "Omnius.Core.RocketPack", "refs\core\src\Omnius.Core.RocketPack\Omnius.Core.RocketPack.csproj", "{0EED16C3-EFB2-4B09-8451-3BB33AEFB182}"
EndProject
Project("{FAE04EC0-301F-11D3-BF4B-00C04F79EFBC}") = "Omnius.Core.Serialization", "refs\core\src\Omnius.Core.Serialization\Omnius.Core.Serialization.csproj", "{284B1E35-9637-452E-85ED-88335000C52E}"
EndProject
Project("{FAE04EC0-301F-11D3-BF4B-00C04F79EFBC}") = "Omnius.Core.Test", "refs\core\src\Omnius.Core.Test\Omnius.Core.Test.csproj", "{0D4C7BDD-1277-4D5F-B0F4-A01B1BE8A5CF}"
EndProject
Project("{FAE04EC0-301F-11D3-BF4B-00C04F79EFBC}") = "Omnius.Core", "refs\core\src\Omnius.Core\Omnius.Core.csproj", "{575A7373-E4D9-40B9-8CB1-4972D0990780}"
EndProject
Project("{2150E333-8FDC-42A3-9474-1A3956D46DE8}") = "test", "test", "{D396F7F8-67AB-4A26-9343-EA44CA2886FB}"
EndProject
Project("{FAE04EC0-301F-11D3-BF4B-00C04F79EFBC}") = "Omnius.Core.Cryptography.Tests", "refs\core\test\Omnius.Core.Cryptography.Tests\Omnius.Core.Cryptography.Tests.csproj", "{48B46110-919A-4A40-BD96-8F88CD4CB358}"
EndProject
Project("{FAE04EC0-301F-11D3-BF4B-00C04F79EFBC}") = "Omnius.Core.Io.Tests", "refs\core\test\Omnius.Core.Io.Tests\Omnius.Core.Io.Tests.csproj", "{429A1850-4763-4FCC-8EAC-5DED5C43DE7B}"
EndProject
Project("{FAE04EC0-301F-11D3-BF4B-00C04F79EFBC}") = "Omnius.Core.Network.Tests", "refs\core\test\Omnius.Core.Network.Tests\Omnius.Core.Network.Tests.csproj", "{58A684FA-D03E-4981-A613-12689CDB8BA3}"
EndProject
Project("{FAE04EC0-301F-11D3-BF4B-00C04F79EFBC}") = "Omnius.Core.Network.Upnp.Tests", "refs\core\test\Omnius.Core.Network.Upnp.Tests\Omnius.Core.Network.Upnp.Tests.csproj", "{8466DB22-F4DC-4579-9BF8-BC91FC8C41C3}"
EndProject
Project("{FAE04EC0-301F-11D3-BF4B-00C04F79EFBC}") = "Omnius.Core.RocketPack.DefinitionCompiler.Tests", "refs\core\test\Omnius.Core.RocketPack.DefinitionCompiler.Tests\Omnius.Core.RocketPack.DefinitionCompiler.Tests.csproj", "{AB56CEB4-A45C-4448-9D68-40961DB669A6}"
EndProject
Project("{FAE04EC0-301F-11D3-BF4B-00C04F79EFBC}") = "Omnius.Core.RocketPack.Remoting.Tests", "refs\core\test\Omnius.Core.RocketPack.Remoting.Tests\Omnius.Core.RocketPack.Remoting.Tests.csproj", "{46E97A96-C010-4DB9-808A-0250963AD2D8}"
EndProject
Project("{FAE04EC0-301F-11D3-BF4B-00C04F79EFBC}") = "Omnius.Core.RocketPack.Tests", "refs\core\test\Omnius.Core.RocketPack.Tests\Omnius.Core.RocketPack.Tests.csproj", "{4D17443F-E0FA-4755-A36D-70B8401CE429}"
EndProject
Project("{FAE04EC0-301F-11D3-BF4B-00C04F79EFBC}") = "Omnius.Core.Serialization.Tests", "refs\core\test\Omnius.Core.Serialization.Tests\Omnius.Core.Serialization.Tests.csproj", "{8C6720A8-A628-4C0D-B3D3-10B4749639EE}"
EndProject
Project("{FAE04EC0-301F-11D3-BF4B-00C04F79EFBC}") = "Omnius.Core.Tests", "refs\core\test\Omnius.Core.Tests\Omnius.Core.Tests.csproj", "{2268E410-F5A0-42CB-978E-C3D3C929DB77}"
EndProject
Global
	GlobalSection(SolutionConfigurationPlatforms) = preSolution
		Debug|Any CPU = Debug|Any CPU
		Debug|x64 = Debug|x64
		Debug|x86 = Debug|x86
		Release|Any CPU = Release|Any CPU
		Release|x64 = Release|x64
		Release|x86 = Release|x86
	EndGlobalSection
	GlobalSection(SolutionProperties) = preSolution
		HideSolutionNode = FALSE
	EndGlobalSection
	GlobalSection(ProjectConfigurationPlatforms) = postSolution
		{E95CB5BC-F790-4B92-9730-3DAB3A9DD2F1}.Debug|Any CPU.ActiveCfg = Debug|Any CPU
		{E95CB5BC-F790-4B92-9730-3DAB3A9DD2F1}.Debug|Any CPU.Build.0 = Debug|Any CPU
		{E95CB5BC-F790-4B92-9730-3DAB3A9DD2F1}.Debug|x64.ActiveCfg = Debug|Any CPU
		{E95CB5BC-F790-4B92-9730-3DAB3A9DD2F1}.Debug|x64.Build.0 = Debug|Any CPU
		{E95CB5BC-F790-4B92-9730-3DAB3A9DD2F1}.Debug|x86.ActiveCfg = Debug|Any CPU
		{E95CB5BC-F790-4B92-9730-3DAB3A9DD2F1}.Debug|x86.Build.0 = Debug|Any CPU
		{E95CB5BC-F790-4B92-9730-3DAB3A9DD2F1}.Release|Any CPU.ActiveCfg = Release|Any CPU
		{E95CB5BC-F790-4B92-9730-3DAB3A9DD2F1}.Release|Any CPU.Build.0 = Release|Any CPU
		{E95CB5BC-F790-4B92-9730-3DAB3A9DD2F1}.Release|x64.ActiveCfg = Release|Any CPU
		{E95CB5BC-F790-4B92-9730-3DAB3A9DD2F1}.Release|x64.Build.0 = Release|Any CPU
		{E95CB5BC-F790-4B92-9730-3DAB3A9DD2F1}.Release|x86.ActiveCfg = Release|Any CPU
		{E95CB5BC-F790-4B92-9730-3DAB3A9DD2F1}.Release|x86.Build.0 = Release|Any CPU
		{4F9B8E04-B516-4D9D-BE53-CF6175D0D9F5}.Debug|Any CPU.ActiveCfg = Debug|Any CPU
		{4F9B8E04-B516-4D9D-BE53-CF6175D0D9F5}.Debug|Any CPU.Build.0 = Debug|Any CPU
		{4F9B8E04-B516-4D9D-BE53-CF6175D0D9F5}.Debug|x64.ActiveCfg = Debug|Any CPU
		{4F9B8E04-B516-4D9D-BE53-CF6175D0D9F5}.Debug|x64.Build.0 = Debug|Any CPU
		{4F9B8E04-B516-4D9D-BE53-CF6175D0D9F5}.Debug|x86.ActiveCfg = Debug|Any CPU
		{4F9B8E04-B516-4D9D-BE53-CF6175D0D9F5}.Debug|x86.Build.0 = Debug|Any CPU
		{4F9B8E04-B516-4D9D-BE53-CF6175D0D9F5}.Release|Any CPU.ActiveCfg = Release|Any CPU
		{4F9B8E04-B516-4D9D-BE53-CF6175D0D9F5}.Release|Any CPU.Build.0 = Release|Any CPU
		{4F9B8E04-B516-4D9D-BE53-CF6175D0D9F5}.Release|x64.ActiveCfg = Release|Any CPU
		{4F9B8E04-B516-4D9D-BE53-CF6175D0D9F5}.Release|x64.Build.0 = Release|Any CPU
		{4F9B8E04-B516-4D9D-BE53-CF6175D0D9F5}.Release|x86.ActiveCfg = Release|Any CPU
		{4F9B8E04-B516-4D9D-BE53-CF6175D0D9F5}.Release|x86.Build.0 = Release|Any CPU
		{0D4623C1-C2DF-412E-9606-FDFFFCE1BAFB}.Debug|Any CPU.ActiveCfg = Debug|Any CPU
		{0D4623C1-C2DF-412E-9606-FDFFFCE1BAFB}.Debug|Any CPU.Build.0 = Debug|Any CPU
		{0D4623C1-C2DF-412E-9606-FDFFFCE1BAFB}.Debug|x64.ActiveCfg = Debug|Any CPU
		{0D4623C1-C2DF-412E-9606-FDFFFCE1BAFB}.Debug|x64.Build.0 = Debug|Any CPU
		{0D4623C1-C2DF-412E-9606-FDFFFCE1BAFB}.Debug|x86.ActiveCfg = Debug|Any CPU
		{0D4623C1-C2DF-412E-9606-FDFFFCE1BAFB}.Debug|x86.Build.0 = Debug|Any CPU
		{0D4623C1-C2DF-412E-9606-FDFFFCE1BAFB}.Release|Any CPU.ActiveCfg = Release|Any CPU
		{0D4623C1-C2DF-412E-9606-FDFFFCE1BAFB}.Release|Any CPU.Build.0 = Release|Any CPU
		{0D4623C1-C2DF-412E-9606-FDFFFCE1BAFB}.Release|x64.ActiveCfg = Release|Any CPU
		{0D4623C1-C2DF-412E-9606-FDFFFCE1BAFB}.Release|x64.Build.0 = Release|Any CPU
		{0D4623C1-C2DF-412E-9606-FDFFFCE1BAFB}.Release|x86.ActiveCfg = Release|Any CPU
		{0D4623C1-C2DF-412E-9606-FDFFFCE1BAFB}.Release|x86.Build.0 = Release|Any CPU
		{E40E37D5-E075-4C5F-A94B-BFCB4A9C78A7}.Debug|Any CPU.ActiveCfg = Debug|Any CPU
		{E40E37D5-E075-4C5F-A94B-BFCB4A9C78A7}.Debug|Any CPU.Build.0 = Debug|Any CPU
		{E40E37D5-E075-4C5F-A94B-BFCB4A9C78A7}.Debug|x64.ActiveCfg = Debug|Any CPU
		{E40E37D5-E075-4C5F-A94B-BFCB4A9C78A7}.Debug|x64.Build.0 = Debug|Any CPU
		{E40E37D5-E075-4C5F-A94B-BFCB4A9C78A7}.Debug|x86.ActiveCfg = Debug|Any CPU
		{E40E37D5-E075-4C5F-A94B-BFCB4A9C78A7}.Debug|x86.Build.0 = Debug|Any CPU
		{E40E37D5-E075-4C5F-A94B-BFCB4A9C78A7}.Release|Any CPU.ActiveCfg = Release|Any CPU
		{E40E37D5-E075-4C5F-A94B-BFCB4A9C78A7}.Release|Any CPU.Build.0 = Release|Any CPU
		{E40E37D5-E075-4C5F-A94B-BFCB4A9C78A7}.Release|x64.ActiveCfg = Release|Any CPU
		{E40E37D5-E075-4C5F-A94B-BFCB4A9C78A7}.Release|x64.Build.0 = Release|Any CPU
		{E40E37D5-E075-4C5F-A94B-BFCB4A9C78A7}.Release|x86.ActiveCfg = Release|Any CPU
		{E40E37D5-E075-4C5F-A94B-BFCB4A9C78A7}.Release|x86.Build.0 = Release|Any CPU
		{793302FC-5615-46CF-B02D-273B8C70C3C7}.Debug|Any CPU.ActiveCfg = Debug|Any CPU
		{793302FC-5615-46CF-B02D-273B8C70C3C7}.Debug|Any CPU.Build.0 = Debug|Any CPU
		{793302FC-5615-46CF-B02D-273B8C70C3C7}.Debug|x64.ActiveCfg = Debug|Any CPU
		{793302FC-5615-46CF-B02D-273B8C70C3C7}.Debug|x64.Build.0 = Debug|Any CPU
		{793302FC-5615-46CF-B02D-273B8C70C3C7}.Debug|x86.ActiveCfg = Debug|Any CPU
		{793302FC-5615-46CF-B02D-273B8C70C3C7}.Debug|x86.Build.0 = Debug|Any CPU
		{793302FC-5615-46CF-B02D-273B8C70C3C7}.Release|Any CPU.ActiveCfg = Release|Any CPU
		{793302FC-5615-46CF-B02D-273B8C70C3C7}.Release|Any CPU.Build.0 = Release|Any CPU
		{793302FC-5615-46CF-B02D-273B8C70C3C7}.Release|x64.ActiveCfg = Release|Any CPU
		{793302FC-5615-46CF-B02D-273B8C70C3C7}.Release|x64.Build.0 = Release|Any CPU
		{793302FC-5615-46CF-B02D-273B8C70C3C7}.Release|x86.ActiveCfg = Release|Any CPU
		{793302FC-5615-46CF-B02D-273B8C70C3C7}.Release|x86.Build.0 = Release|Any CPU
		{71F6B6A3-D1D8-4EB4-B66A-43B11978A6E3}.Debug|Any CPU.ActiveCfg = Debug|Any CPU
		{71F6B6A3-D1D8-4EB4-B66A-43B11978A6E3}.Debug|Any CPU.Build.0 = Debug|Any CPU
		{71F6B6A3-D1D8-4EB4-B66A-43B11978A6E3}.Debug|x64.ActiveCfg = Debug|Any CPU
		{71F6B6A3-D1D8-4EB4-B66A-43B11978A6E3}.Debug|x64.Build.0 = Debug|Any CPU
		{71F6B6A3-D1D8-4EB4-B66A-43B11978A6E3}.Debug|x86.ActiveCfg = Debug|Any CPU
		{71F6B6A3-D1D8-4EB4-B66A-43B11978A6E3}.Debug|x86.Build.0 = Debug|Any CPU
		{71F6B6A3-D1D8-4EB4-B66A-43B11978A6E3}.Release|Any CPU.ActiveCfg = Release|Any CPU
		{71F6B6A3-D1D8-4EB4-B66A-43B11978A6E3}.Release|Any CPU.Build.0 = Release|Any CPU
		{71F6B6A3-D1D8-4EB4-B66A-43B11978A6E3}.Release|x64.ActiveCfg = Release|Any CPU
		{71F6B6A3-D1D8-4EB4-B66A-43B11978A6E3}.Release|x64.Build.0 = Release|Any CPU
		{71F6B6A3-D1D8-4EB4-B66A-43B11978A6E3}.Release|x86.ActiveCfg = Release|Any CPU
		{71F6B6A3-D1D8-4EB4-B66A-43B11978A6E3}.Release|x86.Build.0 = Release|Any CPU
		{27347272-D5EB-4788-9D0D-9C1FA4723A8E}.Debug|Any CPU.ActiveCfg = Debug|Any CPU
		{27347272-D5EB-4788-9D0D-9C1FA4723A8E}.Debug|Any CPU.Build.0 = Debug|Any CPU
		{27347272-D5EB-4788-9D0D-9C1FA4723A8E}.Debug|x64.ActiveCfg = Debug|Any CPU
		{27347272-D5EB-4788-9D0D-9C1FA4723A8E}.Debug|x64.Build.0 = Debug|Any CPU
		{27347272-D5EB-4788-9D0D-9C1FA4723A8E}.Debug|x86.ActiveCfg = Debug|Any CPU
		{27347272-D5EB-4788-9D0D-9C1FA4723A8E}.Debug|x86.Build.0 = Debug|Any CPU
		{27347272-D5EB-4788-9D0D-9C1FA4723A8E}.Release|Any CPU.ActiveCfg = Release|Any CPU
		{27347272-D5EB-4788-9D0D-9C1FA4723A8E}.Release|Any CPU.Build.0 = Release|Any CPU
		{27347272-D5EB-4788-9D0D-9C1FA4723A8E}.Release|x64.ActiveCfg = Release|Any CPU
		{27347272-D5EB-4788-9D0D-9C1FA4723A8E}.Release|x64.Build.0 = Release|Any CPU
		{27347272-D5EB-4788-9D0D-9C1FA4723A8E}.Release|x86.ActiveCfg = Release|Any CPU
		{27347272-D5EB-4788-9D0D-9C1FA4723A8E}.Release|x86.Build.0 = Release|Any CPU
		{25412D20-4EAC-4A81-888A-90E5CA2E263F}.Debug|Any CPU.ActiveCfg = Debug|Any CPU
		{25412D20-4EAC-4A81-888A-90E5CA2E263F}.Debug|Any CPU.Build.0 = Debug|Any CPU
		{25412D20-4EAC-4A81-888A-90E5CA2E263F}.Debug|x64.ActiveCfg = Debug|Any CPU
		{25412D20-4EAC-4A81-888A-90E5CA2E263F}.Debug|x64.Build.0 = Debug|Any CPU
		{25412D20-4EAC-4A81-888A-90E5CA2E263F}.Debug|x86.ActiveCfg = Debug|Any CPU
		{25412D20-4EAC-4A81-888A-90E5CA2E263F}.Debug|x86.Build.0 = Debug|Any CPU
		{25412D20-4EAC-4A81-888A-90E5CA2E263F}.Release|Any CPU.ActiveCfg = Release|Any CPU
		{25412D20-4EAC-4A81-888A-90E5CA2E263F}.Release|Any CPU.Build.0 = Release|Any CPU
		{25412D20-4EAC-4A81-888A-90E5CA2E263F}.Release|x64.ActiveCfg = Release|Any CPU
		{25412D20-4EAC-4A81-888A-90E5CA2E263F}.Release|x64.Build.0 = Release|Any CPU
		{25412D20-4EAC-4A81-888A-90E5CA2E263F}.Release|x86.ActiveCfg = Release|Any CPU
		{25412D20-4EAC-4A81-888A-90E5CA2E263F}.Release|x86.Build.0 = Release|Any CPU
		{34553649-E386-422C-8B32-C6FCA7F98BDC}.Debug|Any CPU.ActiveCfg = Debug|Any CPU
		{34553649-E386-422C-8B32-C6FCA7F98BDC}.Debug|Any CPU.Build.0 = Debug|Any CPU
		{34553649-E386-422C-8B32-C6FCA7F98BDC}.Debug|x64.ActiveCfg = Debug|Any CPU
		{34553649-E386-422C-8B32-C6FCA7F98BDC}.Debug|x64.Build.0 = Debug|Any CPU
		{34553649-E386-422C-8B32-C6FCA7F98BDC}.Debug|x86.ActiveCfg = Debug|Any CPU
		{34553649-E386-422C-8B32-C6FCA7F98BDC}.Debug|x86.Build.0 = Debug|Any CPU
		{34553649-E386-422C-8B32-C6FCA7F98BDC}.Release|Any CPU.ActiveCfg = Release|Any CPU
		{34553649-E386-422C-8B32-C6FCA7F98BDC}.Release|Any CPU.Build.0 = Release|Any CPU
		{34553649-E386-422C-8B32-C6FCA7F98BDC}.Release|x64.ActiveCfg = Release|Any CPU
		{34553649-E386-422C-8B32-C6FCA7F98BDC}.Release|x64.Build.0 = Release|Any CPU
		{34553649-E386-422C-8B32-C6FCA7F98BDC}.Release|x86.ActiveCfg = Release|Any CPU
		{34553649-E386-422C-8B32-C6FCA7F98BDC}.Release|x86.Build.0 = Release|Any CPU
		{21FD0CD3-0B5C-4084-8C42-105C90149A54}.Debug|Any CPU.ActiveCfg = Debug|Any CPU
		{21FD0CD3-0B5C-4084-8C42-105C90149A54}.Debug|Any CPU.Build.0 = Debug|Any CPU
		{21FD0CD3-0B5C-4084-8C42-105C90149A54}.Debug|x64.ActiveCfg = Debug|Any CPU
		{21FD0CD3-0B5C-4084-8C42-105C90149A54}.Debug|x64.Build.0 = Debug|Any CPU
		{21FD0CD3-0B5C-4084-8C42-105C90149A54}.Debug|x86.ActiveCfg = Debug|Any CPU
		{21FD0CD3-0B5C-4084-8C42-105C90149A54}.Debug|x86.Build.0 = Debug|Any CPU
		{21FD0CD3-0B5C-4084-8C42-105C90149A54}.Release|Any CPU.ActiveCfg = Release|Any CPU
		{21FD0CD3-0B5C-4084-8C42-105C90149A54}.Release|Any CPU.Build.0 = Release|Any CPU
		{21FD0CD3-0B5C-4084-8C42-105C90149A54}.Release|x64.ActiveCfg = Release|Any CPU
		{21FD0CD3-0B5C-4084-8C42-105C90149A54}.Release|x64.Build.0 = Release|Any CPU
		{21FD0CD3-0B5C-4084-8C42-105C90149A54}.Release|x86.ActiveCfg = Release|Any CPU
		{21FD0CD3-0B5C-4084-8C42-105C90149A54}.Release|x86.Build.0 = Release|Any CPU
		{CB76A23A-810B-4068-A212-24E662642EBF}.Debug|Any CPU.ActiveCfg = Debug|Any CPU
		{CB76A23A-810B-4068-A212-24E662642EBF}.Debug|Any CPU.Build.0 = Debug|Any CPU
		{CB76A23A-810B-4068-A212-24E662642EBF}.Debug|x64.ActiveCfg = Debug|Any CPU
		{CB76A23A-810B-4068-A212-24E662642EBF}.Debug|x64.Build.0 = Debug|Any CPU
		{CB76A23A-810B-4068-A212-24E662642EBF}.Debug|x86.ActiveCfg = Debug|Any CPU
		{CB76A23A-810B-4068-A212-24E662642EBF}.Debug|x86.Build.0 = Debug|Any CPU
		{CB76A23A-810B-4068-A212-24E662642EBF}.Release|Any CPU.ActiveCfg = Release|Any CPU
		{CB76A23A-810B-4068-A212-24E662642EBF}.Release|Any CPU.Build.0 = Release|Any CPU
		{CB76A23A-810B-4068-A212-24E662642EBF}.Release|x64.ActiveCfg = Release|Any CPU
		{CB76A23A-810B-4068-A212-24E662642EBF}.Release|x64.Build.0 = Release|Any CPU
		{CB76A23A-810B-4068-A212-24E662642EBF}.Release|x86.ActiveCfg = Release|Any CPU
		{CB76A23A-810B-4068-A212-24E662642EBF}.Release|x86.Build.0 = Release|Any CPU
		{A4733B28-751D-4E93-A7DD-220AA1BBA259}.Debug|Any CPU.ActiveCfg = Debug|Any CPU
		{A4733B28-751D-4E93-A7DD-220AA1BBA259}.Debug|Any CPU.Build.0 = Debug|Any CPU
		{A4733B28-751D-4E93-A7DD-220AA1BBA259}.Debug|x64.ActiveCfg = Debug|Any CPU
		{A4733B28-751D-4E93-A7DD-220AA1BBA259}.Debug|x64.Build.0 = Debug|Any CPU
		{A4733B28-751D-4E93-A7DD-220AA1BBA259}.Debug|x86.ActiveCfg = Debug|Any CPU
		{A4733B28-751D-4E93-A7DD-220AA1BBA259}.Debug|x86.Build.0 = Debug|Any CPU
		{A4733B28-751D-4E93-A7DD-220AA1BBA259}.Release|Any CPU.ActiveCfg = Release|Any CPU
		{A4733B28-751D-4E93-A7DD-220AA1BBA259}.Release|Any CPU.Build.0 = Release|Any CPU
		{A4733B28-751D-4E93-A7DD-220AA1BBA259}.Release|x64.ActiveCfg = Release|Any CPU
		{A4733B28-751D-4E93-A7DD-220AA1BBA259}.Release|x64.Build.0 = Release|Any CPU
		{A4733B28-751D-4E93-A7DD-220AA1BBA259}.Release|x86.ActiveCfg = Release|Any CPU
		{A4733B28-751D-4E93-A7DD-220AA1BBA259}.Release|x86.Build.0 = Release|Any CPU
		{16B51B03-DFE0-4832-8BD4-C2190A3FB837}.Debug|Any CPU.ActiveCfg = Debug|Any CPU
		{16B51B03-DFE0-4832-8BD4-C2190A3FB837}.Debug|Any CPU.Build.0 = Debug|Any CPU
		{16B51B03-DFE0-4832-8BD4-C2190A3FB837}.Debug|x64.ActiveCfg = Debug|Any CPU
		{16B51B03-DFE0-4832-8BD4-C2190A3FB837}.Debug|x64.Build.0 = Debug|Any CPU
		{16B51B03-DFE0-4832-8BD4-C2190A3FB837}.Debug|x86.ActiveCfg = Debug|Any CPU
		{16B51B03-DFE0-4832-8BD4-C2190A3FB837}.Debug|x86.Build.0 = Debug|Any CPU
		{16B51B03-DFE0-4832-8BD4-C2190A3FB837}.Release|Any CPU.ActiveCfg = Release|Any CPU
		{16B51B03-DFE0-4832-8BD4-C2190A3FB837}.Release|Any CPU.Build.0 = Release|Any CPU
		{16B51B03-DFE0-4832-8BD4-C2190A3FB837}.Release|x64.ActiveCfg = Release|Any CPU
		{16B51B03-DFE0-4832-8BD4-C2190A3FB837}.Release|x64.Build.0 = Release|Any CPU
		{16B51B03-DFE0-4832-8BD4-C2190A3FB837}.Release|x86.ActiveCfg = Release|Any CPU
		{16B51B03-DFE0-4832-8BD4-C2190A3FB837}.Release|x86.Build.0 = Release|Any CPU
		{7BBEBA1F-5ED3-439E-A940-C259E7B2DE15}.Debug|Any CPU.ActiveCfg = Debug|Any CPU
		{7BBEBA1F-5ED3-439E-A940-C259E7B2DE15}.Debug|Any CPU.Build.0 = Debug|Any CPU
		{7BBEBA1F-5ED3-439E-A940-C259E7B2DE15}.Debug|x64.ActiveCfg = Debug|Any CPU
		{7BBEBA1F-5ED3-439E-A940-C259E7B2DE15}.Debug|x64.Build.0 = Debug|Any CPU
		{7BBEBA1F-5ED3-439E-A940-C259E7B2DE15}.Debug|x86.ActiveCfg = Debug|Any CPU
		{7BBEBA1F-5ED3-439E-A940-C259E7B2DE15}.Debug|x86.Build.0 = Debug|Any CPU
		{7BBEBA1F-5ED3-439E-A940-C259E7B2DE15}.Release|Any CPU.ActiveCfg = Release|Any CPU
		{7BBEBA1F-5ED3-439E-A940-C259E7B2DE15}.Release|Any CPU.Build.0 = Release|Any CPU
		{7BBEBA1F-5ED3-439E-A940-C259E7B2DE15}.Release|x64.ActiveCfg = Release|Any CPU
		{7BBEBA1F-5ED3-439E-A940-C259E7B2DE15}.Release|x64.Build.0 = Release|Any CPU
		{7BBEBA1F-5ED3-439E-A940-C259E7B2DE15}.Release|x86.ActiveCfg = Release|Any CPU
		{7BBEBA1F-5ED3-439E-A940-C259E7B2DE15}.Release|x86.Build.0 = Release|Any CPU
		{73C4AC6A-331F-498F-A8D0-B8C61D6B186B}.Debug|Any CPU.ActiveCfg = Debug|Any CPU
		{73C4AC6A-331F-498F-A8D0-B8C61D6B186B}.Debug|Any CPU.Build.0 = Debug|Any CPU
		{73C4AC6A-331F-498F-A8D0-B8C61D6B186B}.Debug|x64.ActiveCfg = Debug|Any CPU
		{73C4AC6A-331F-498F-A8D0-B8C61D6B186B}.Debug|x64.Build.0 = Debug|Any CPU
		{73C4AC6A-331F-498F-A8D0-B8C61D6B186B}.Debug|x86.ActiveCfg = Debug|Any CPU
		{73C4AC6A-331F-498F-A8D0-B8C61D6B186B}.Debug|x86.Build.0 = Debug|Any CPU
		{73C4AC6A-331F-498F-A8D0-B8C61D6B186B}.Release|Any CPU.ActiveCfg = Release|Any CPU
		{73C4AC6A-331F-498F-A8D0-B8C61D6B186B}.Release|Any CPU.Build.0 = Release|Any CPU
		{73C4AC6A-331F-498F-A8D0-B8C61D6B186B}.Release|x64.ActiveCfg = Release|Any CPU
		{73C4AC6A-331F-498F-A8D0-B8C61D6B186B}.Release|x64.Build.0 = Release|Any CPU
		{73C4AC6A-331F-498F-A8D0-B8C61D6B186B}.Release|x86.ActiveCfg = Release|Any CPU
		{73C4AC6A-331F-498F-A8D0-B8C61D6B186B}.Release|x86.Build.0 = Release|Any CPU
		{5DD4057F-AA36-44C0-B353-103150ABA548}.Debug|Any CPU.ActiveCfg = Debug|Any CPU
		{5DD4057F-AA36-44C0-B353-103150ABA548}.Debug|Any CPU.Build.0 = Debug|Any CPU
		{5DD4057F-AA36-44C0-B353-103150ABA548}.Debug|x64.ActiveCfg = Debug|Any CPU
		{5DD4057F-AA36-44C0-B353-103150ABA548}.Debug|x64.Build.0 = Debug|Any CPU
		{5DD4057F-AA36-44C0-B353-103150ABA548}.Debug|x86.ActiveCfg = Debug|Any CPU
		{5DD4057F-AA36-44C0-B353-103150ABA548}.Debug|x86.Build.0 = Debug|Any CPU
		{5DD4057F-AA36-44C0-B353-103150ABA548}.Release|Any CPU.ActiveCfg = Release|Any CPU
		{5DD4057F-AA36-44C0-B353-103150ABA548}.Release|Any CPU.Build.0 = Release|Any CPU
		{5DD4057F-AA36-44C0-B353-103150ABA548}.Release|x64.ActiveCfg = Release|Any CPU
		{5DD4057F-AA36-44C0-B353-103150ABA548}.Release|x64.Build.0 = Release|Any CPU
		{5DD4057F-AA36-44C0-B353-103150ABA548}.Release|x86.ActiveCfg = Release|Any CPU
		{5DD4057F-AA36-44C0-B353-103150ABA548}.Release|x86.Build.0 = Release|Any CPU
		{E857BB1A-3D9F-4BD7-9991-0B2D6AA313F5}.Debug|Any CPU.ActiveCfg = Debug|Any CPU
		{E857BB1A-3D9F-4BD7-9991-0B2D6AA313F5}.Debug|Any CPU.Build.0 = Debug|Any CPU
		{E857BB1A-3D9F-4BD7-9991-0B2D6AA313F5}.Debug|x64.ActiveCfg = Debug|Any CPU
		{E857BB1A-3D9F-4BD7-9991-0B2D6AA313F5}.Debug|x64.Build.0 = Debug|Any CPU
		{E857BB1A-3D9F-4BD7-9991-0B2D6AA313F5}.Debug|x86.ActiveCfg = Debug|Any CPU
		{E857BB1A-3D9F-4BD7-9991-0B2D6AA313F5}.Debug|x86.Build.0 = Debug|Any CPU
		{E857BB1A-3D9F-4BD7-9991-0B2D6AA313F5}.Release|Any CPU.ActiveCfg = Release|Any CPU
		{E857BB1A-3D9F-4BD7-9991-0B2D6AA313F5}.Release|Any CPU.Build.0 = Release|Any CPU
		{E857BB1A-3D9F-4BD7-9991-0B2D6AA313F5}.Release|x64.ActiveCfg = Release|Any CPU
		{E857BB1A-3D9F-4BD7-9991-0B2D6AA313F5}.Release|x64.Build.0 = Release|Any CPU
		{E857BB1A-3D9F-4BD7-9991-0B2D6AA313F5}.Release|x86.ActiveCfg = Release|Any CPU
		{E857BB1A-3D9F-4BD7-9991-0B2D6AA313F5}.Release|x86.Build.0 = Release|Any CPU
		{87489B19-F041-4701-9D00-82E0966ED308}.Debug|Any CPU.ActiveCfg = Debug|Any CPU
		{87489B19-F041-4701-9D00-82E0966ED308}.Debug|Any CPU.Build.0 = Debug|Any CPU
		{87489B19-F041-4701-9D00-82E0966ED308}.Debug|x64.ActiveCfg = Debug|Any CPU
		{87489B19-F041-4701-9D00-82E0966ED308}.Debug|x64.Build.0 = Debug|Any CPU
		{87489B19-F041-4701-9D00-82E0966ED308}.Debug|x86.ActiveCfg = Debug|Any CPU
		{87489B19-F041-4701-9D00-82E0966ED308}.Debug|x86.Build.0 = Debug|Any CPU
		{87489B19-F041-4701-9D00-82E0966ED308}.Release|Any CPU.ActiveCfg = Release|Any CPU
		{87489B19-F041-4701-9D00-82E0966ED308}.Release|Any CPU.Build.0 = Release|Any CPU
		{87489B19-F041-4701-9D00-82E0966ED308}.Release|x64.ActiveCfg = Release|Any CPU
		{87489B19-F041-4701-9D00-82E0966ED308}.Release|x64.Build.0 = Release|Any CPU
		{87489B19-F041-4701-9D00-82E0966ED308}.Release|x86.ActiveCfg = Release|Any CPU
		{87489B19-F041-4701-9D00-82E0966ED308}.Release|x86.Build.0 = Release|Any CPU
		{0EED16C3-EFB2-4B09-8451-3BB33AEFB182}.Debug|Any CPU.ActiveCfg = Debug|Any CPU
		{0EED16C3-EFB2-4B09-8451-3BB33AEFB182}.Debug|Any CPU.Build.0 = Debug|Any CPU
		{0EED16C3-EFB2-4B09-8451-3BB33AEFB182}.Debug|x64.ActiveCfg = Debug|Any CPU
		{0EED16C3-EFB2-4B09-8451-3BB33AEFB182}.Debug|x64.Build.0 = Debug|Any CPU
		{0EED16C3-EFB2-4B09-8451-3BB33AEFB182}.Debug|x86.ActiveCfg = Debug|Any CPU
		{0EED16C3-EFB2-4B09-8451-3BB33AEFB182}.Debug|x86.Build.0 = Debug|Any CPU
		{0EED16C3-EFB2-4B09-8451-3BB33AEFB182}.Release|Any CPU.ActiveCfg = Release|Any CPU
		{0EED16C3-EFB2-4B09-8451-3BB33AEFB182}.Release|Any CPU.Build.0 = Release|Any CPU
		{0EED16C3-EFB2-4B09-8451-3BB33AEFB182}.Release|x64.ActiveCfg = Release|Any CPU
		{0EED16C3-EFB2-4B09-8451-3BB33AEFB182}.Release|x64.Build.0 = Release|Any CPU
		{0EED16C3-EFB2-4B09-8451-3BB33AEFB182}.Release|x86.ActiveCfg = Release|Any CPU
		{0EED16C3-EFB2-4B09-8451-3BB33AEFB182}.Release|x86.Build.0 = Release|Any CPU
		{284B1E35-9637-452E-85ED-88335000C52E}.Debug|Any CPU.ActiveCfg = Debug|Any CPU
		{284B1E35-9637-452E-85ED-88335000C52E}.Debug|Any CPU.Build.0 = Debug|Any CPU
		{284B1E35-9637-452E-85ED-88335000C52E}.Debug|x64.ActiveCfg = Debug|Any CPU
		{284B1E35-9637-452E-85ED-88335000C52E}.Debug|x64.Build.0 = Debug|Any CPU
		{284B1E35-9637-452E-85ED-88335000C52E}.Debug|x86.ActiveCfg = Debug|Any CPU
		{284B1E35-9637-452E-85ED-88335000C52E}.Debug|x86.Build.0 = Debug|Any CPU
		{284B1E35-9637-452E-85ED-88335000C52E}.Release|Any CPU.ActiveCfg = Release|Any CPU
		{284B1E35-9637-452E-85ED-88335000C52E}.Release|Any CPU.Build.0 = Release|Any CPU
		{284B1E35-9637-452E-85ED-88335000C52E}.Release|x64.ActiveCfg = Release|Any CPU
		{284B1E35-9637-452E-85ED-88335000C52E}.Release|x64.Build.0 = Release|Any CPU
		{284B1E35-9637-452E-85ED-88335000C52E}.Release|x86.ActiveCfg = Release|Any CPU
		{284B1E35-9637-452E-85ED-88335000C52E}.Release|x86.Build.0 = Release|Any CPU
		{0D4C7BDD-1277-4D5F-B0F4-A01B1BE8A5CF}.Debug|Any CPU.ActiveCfg = Debug|Any CPU
		{0D4C7BDD-1277-4D5F-B0F4-A01B1BE8A5CF}.Debug|Any CPU.Build.0 = Debug|Any CPU
		{0D4C7BDD-1277-4D5F-B0F4-A01B1BE8A5CF}.Debug|x64.ActiveCfg = Debug|Any CPU
		{0D4C7BDD-1277-4D5F-B0F4-A01B1BE8A5CF}.Debug|x64.Build.0 = Debug|Any CPU
		{0D4C7BDD-1277-4D5F-B0F4-A01B1BE8A5CF}.Debug|x86.ActiveCfg = Debug|Any CPU
		{0D4C7BDD-1277-4D5F-B0F4-A01B1BE8A5CF}.Debug|x86.Build.0 = Debug|Any CPU
		{0D4C7BDD-1277-4D5F-B0F4-A01B1BE8A5CF}.Release|Any CPU.ActiveCfg = Release|Any CPU
		{0D4C7BDD-1277-4D5F-B0F4-A01B1BE8A5CF}.Release|Any CPU.Build.0 = Release|Any CPU
		{0D4C7BDD-1277-4D5F-B0F4-A01B1BE8A5CF}.Release|x64.ActiveCfg = Release|Any CPU
		{0D4C7BDD-1277-4D5F-B0F4-A01B1BE8A5CF}.Release|x64.Build.0 = Release|Any CPU
		{0D4C7BDD-1277-4D5F-B0F4-A01B1BE8A5CF}.Release|x86.ActiveCfg = Release|Any CPU
		{0D4C7BDD-1277-4D5F-B0F4-A01B1BE8A5CF}.Release|x86.Build.0 = Release|Any CPU
		{575A7373-E4D9-40B9-8CB1-4972D0990780}.Debug|Any CPU.ActiveCfg = Debug|Any CPU
		{575A7373-E4D9-40B9-8CB1-4972D0990780}.Debug|Any CPU.Build.0 = Debug|Any CPU
		{575A7373-E4D9-40B9-8CB1-4972D0990780}.Debug|x64.ActiveCfg = Debug|Any CPU
		{575A7373-E4D9-40B9-8CB1-4972D0990780}.Debug|x64.Build.0 = Debug|Any CPU
		{575A7373-E4D9-40B9-8CB1-4972D0990780}.Debug|x86.ActiveCfg = Debug|Any CPU
		{575A7373-E4D9-40B9-8CB1-4972D0990780}.Debug|x86.Build.0 = Debug|Any CPU
		{575A7373-E4D9-40B9-8CB1-4972D0990780}.Release|Any CPU.ActiveCfg = Release|Any CPU
		{575A7373-E4D9-40B9-8CB1-4972D0990780}.Release|Any CPU.Build.0 = Release|Any CPU
		{575A7373-E4D9-40B9-8CB1-4972D0990780}.Release|x64.ActiveCfg = Release|Any CPU
		{575A7373-E4D9-40B9-8CB1-4972D0990780}.Release|x64.Build.0 = Release|Any CPU
		{575A7373-E4D9-40B9-8CB1-4972D0990780}.Release|x86.ActiveCfg = Release|Any CPU
		{575A7373-E4D9-40B9-8CB1-4972D0990780}.Release|x86.Build.0 = Release|Any CPU
		{48B46110-919A-4A40-BD96-8F88CD4CB358}.Debug|Any CPU.ActiveCfg = Debug|Any CPU
		{48B46110-919A-4A40-BD96-8F88CD4CB358}.Debug|Any CPU.Build.0 = Debug|Any CPU
		{48B46110-919A-4A40-BD96-8F88CD4CB358}.Debug|x64.ActiveCfg = Debug|Any CPU
		{48B46110-919A-4A40-BD96-8F88CD4CB358}.Debug|x64.Build.0 = Debug|Any CPU
		{48B46110-919A-4A40-BD96-8F88CD4CB358}.Debug|x86.ActiveCfg = Debug|Any CPU
		{48B46110-919A-4A40-BD96-8F88CD4CB358}.Debug|x86.Build.0 = Debug|Any CPU
		{48B46110-919A-4A40-BD96-8F88CD4CB358}.Release|Any CPU.ActiveCfg = Release|Any CPU
		{48B46110-919A-4A40-BD96-8F88CD4CB358}.Release|Any CPU.Build.0 = Release|Any CPU
		{48B46110-919A-4A40-BD96-8F88CD4CB358}.Release|x64.ActiveCfg = Release|Any CPU
		{48B46110-919A-4A40-BD96-8F88CD4CB358}.Release|x64.Build.0 = Release|Any CPU
		{48B46110-919A-4A40-BD96-8F88CD4CB358}.Release|x86.ActiveCfg = Release|Any CPU
		{48B46110-919A-4A40-BD96-8F88CD4CB358}.Release|x86.Build.0 = Release|Any CPU
		{429A1850-4763-4FCC-8EAC-5DED5C43DE7B}.Debug|Any CPU.ActiveCfg = Debug|Any CPU
		{429A1850-4763-4FCC-8EAC-5DED5C43DE7B}.Debug|Any CPU.Build.0 = Debug|Any CPU
		{429A1850-4763-4FCC-8EAC-5DED5C43DE7B}.Debug|x64.ActiveCfg = Debug|Any CPU
		{429A1850-4763-4FCC-8EAC-5DED5C43DE7B}.Debug|x64.Build.0 = Debug|Any CPU
		{429A1850-4763-4FCC-8EAC-5DED5C43DE7B}.Debug|x86.ActiveCfg = Debug|Any CPU
		{429A1850-4763-4FCC-8EAC-5DED5C43DE7B}.Debug|x86.Build.0 = Debug|Any CPU
		{429A1850-4763-4FCC-8EAC-5DED5C43DE7B}.Release|Any CPU.ActiveCfg = Release|Any CPU
		{429A1850-4763-4FCC-8EAC-5DED5C43DE7B}.Release|Any CPU.Build.0 = Release|Any CPU
		{429A1850-4763-4FCC-8EAC-5DED5C43DE7B}.Release|x64.ActiveCfg = Release|Any CPU
		{429A1850-4763-4FCC-8EAC-5DED5C43DE7B}.Release|x64.Build.0 = Release|Any CPU
		{429A1850-4763-4FCC-8EAC-5DED5C43DE7B}.Release|x86.ActiveCfg = Release|Any CPU
		{429A1850-4763-4FCC-8EAC-5DED5C43DE7B}.Release|x86.Build.0 = Release|Any CPU
		{58A684FA-D03E-4981-A613-12689CDB8BA3}.Debug|Any CPU.ActiveCfg = Debug|Any CPU
		{58A684FA-D03E-4981-A613-12689CDB8BA3}.Debug|Any CPU.Build.0 = Debug|Any CPU
		{58A684FA-D03E-4981-A613-12689CDB8BA3}.Debug|x64.ActiveCfg = Debug|Any CPU
		{58A684FA-D03E-4981-A613-12689CDB8BA3}.Debug|x64.Build.0 = Debug|Any CPU
		{58A684FA-D03E-4981-A613-12689CDB8BA3}.Debug|x86.ActiveCfg = Debug|Any CPU
		{58A684FA-D03E-4981-A613-12689CDB8BA3}.Debug|x86.Build.0 = Debug|Any CPU
		{58A684FA-D03E-4981-A613-12689CDB8BA3}.Release|Any CPU.ActiveCfg = Release|Any CPU
		{58A684FA-D03E-4981-A613-12689CDB8BA3}.Release|Any CPU.Build.0 = Release|Any CPU
		{58A684FA-D03E-4981-A613-12689CDB8BA3}.Release|x64.ActiveCfg = Release|Any CPU
		{58A684FA-D03E-4981-A613-12689CDB8BA3}.Release|x64.Build.0 = Release|Any CPU
		{58A684FA-D03E-4981-A613-12689CDB8BA3}.Release|x86.ActiveCfg = Release|Any CPU
		{58A684FA-D03E-4981-A613-12689CDB8BA3}.Release|x86.Build.0 = Release|Any CPU
		{8466DB22-F4DC-4579-9BF8-BC91FC8C41C3}.Debug|Any CPU.ActiveCfg = Debug|Any CPU
		{8466DB22-F4DC-4579-9BF8-BC91FC8C41C3}.Debug|Any CPU.Build.0 = Debug|Any CPU
		{8466DB22-F4DC-4579-9BF8-BC91FC8C41C3}.Debug|x64.ActiveCfg = Debug|Any CPU
		{8466DB22-F4DC-4579-9BF8-BC91FC8C41C3}.Debug|x64.Build.0 = Debug|Any CPU
		{8466DB22-F4DC-4579-9BF8-BC91FC8C41C3}.Debug|x86.ActiveCfg = Debug|Any CPU
		{8466DB22-F4DC-4579-9BF8-BC91FC8C41C3}.Debug|x86.Build.0 = Debug|Any CPU
		{8466DB22-F4DC-4579-9BF8-BC91FC8C41C3}.Release|Any CPU.ActiveCfg = Release|Any CPU
		{8466DB22-F4DC-4579-9BF8-BC91FC8C41C3}.Release|Any CPU.Build.0 = Release|Any CPU
		{8466DB22-F4DC-4579-9BF8-BC91FC8C41C3}.Release|x64.ActiveCfg = Release|Any CPU
		{8466DB22-F4DC-4579-9BF8-BC91FC8C41C3}.Release|x64.Build.0 = Release|Any CPU
		{8466DB22-F4DC-4579-9BF8-BC91FC8C41C3}.Release|x86.ActiveCfg = Release|Any CPU
		{8466DB22-F4DC-4579-9BF8-BC91FC8C41C3}.Release|x86.Build.0 = Release|Any CPU
		{AB56CEB4-A45C-4448-9D68-40961DB669A6}.Debug|Any CPU.ActiveCfg = Debug|Any CPU
		{AB56CEB4-A45C-4448-9D68-40961DB669A6}.Debug|Any CPU.Build.0 = Debug|Any CPU
		{AB56CEB4-A45C-4448-9D68-40961DB669A6}.Debug|x64.ActiveCfg = Debug|Any CPU
		{AB56CEB4-A45C-4448-9D68-40961DB669A6}.Debug|x64.Build.0 = Debug|Any CPU
		{AB56CEB4-A45C-4448-9D68-40961DB669A6}.Debug|x86.ActiveCfg = Debug|Any CPU
		{AB56CEB4-A45C-4448-9D68-40961DB669A6}.Debug|x86.Build.0 = Debug|Any CPU
		{AB56CEB4-A45C-4448-9D68-40961DB669A6}.Release|Any CPU.ActiveCfg = Release|Any CPU
		{AB56CEB4-A45C-4448-9D68-40961DB669A6}.Release|Any CPU.Build.0 = Release|Any CPU
		{AB56CEB4-A45C-4448-9D68-40961DB669A6}.Release|x64.ActiveCfg = Release|Any CPU
		{AB56CEB4-A45C-4448-9D68-40961DB669A6}.Release|x64.Build.0 = Release|Any CPU
		{AB56CEB4-A45C-4448-9D68-40961DB669A6}.Release|x86.ActiveCfg = Release|Any CPU
		{AB56CEB4-A45C-4448-9D68-40961DB669A6}.Release|x86.Build.0 = Release|Any CPU
		{46E97A96-C010-4DB9-808A-0250963AD2D8}.Debug|Any CPU.ActiveCfg = Debug|Any CPU
		{46E97A96-C010-4DB9-808A-0250963AD2D8}.Debug|Any CPU.Build.0 = Debug|Any CPU
		{46E97A96-C010-4DB9-808A-0250963AD2D8}.Debug|x64.ActiveCfg = Debug|Any CPU
		{46E97A96-C010-4DB9-808A-0250963AD2D8}.Debug|x64.Build.0 = Debug|Any CPU
		{46E97A96-C010-4DB9-808A-0250963AD2D8}.Debug|x86.ActiveCfg = Debug|Any CPU
		{46E97A96-C010-4DB9-808A-0250963AD2D8}.Debug|x86.Build.0 = Debug|Any CPU
		{46E97A96-C010-4DB9-808A-0250963AD2D8}.Release|Any CPU.ActiveCfg = Release|Any CPU
		{46E97A96-C010-4DB9-808A-0250963AD2D8}.Release|Any CPU.Build.0 = Release|Any CPU
		{46E97A96-C010-4DB9-808A-0250963AD2D8}.Release|x64.ActiveCfg = Release|Any CPU
		{46E97A96-C010-4DB9-808A-0250963AD2D8}.Release|x64.Build.0 = Release|Any CPU
		{46E97A96-C010-4DB9-808A-0250963AD2D8}.Release|x86.ActiveCfg = Release|Any CPU
		{46E97A96-C010-4DB9-808A-0250963AD2D8}.Release|x86.Build.0 = Release|Any CPU
		{4D17443F-E0FA-4755-A36D-70B8401CE429}.Debug|Any CPU.ActiveCfg = Debug|Any CPU
		{4D17443F-E0FA-4755-A36D-70B8401CE429}.Debug|Any CPU.Build.0 = Debug|Any CPU
		{4D17443F-E0FA-4755-A36D-70B8401CE429}.Debug|x64.ActiveCfg = Debug|Any CPU
		{4D17443F-E0FA-4755-A36D-70B8401CE429}.Debug|x64.Build.0 = Debug|Any CPU
		{4D17443F-E0FA-4755-A36D-70B8401CE429}.Debug|x86.ActiveCfg = Debug|Any CPU
		{4D17443F-E0FA-4755-A36D-70B8401CE429}.Debug|x86.Build.0 = Debug|Any CPU
		{4D17443F-E0FA-4755-A36D-70B8401CE429}.Release|Any CPU.ActiveCfg = Release|Any CPU
		{4D17443F-E0FA-4755-A36D-70B8401CE429}.Release|Any CPU.Build.0 = Release|Any CPU
		{4D17443F-E0FA-4755-A36D-70B8401CE429}.Release|x64.ActiveCfg = Release|Any CPU
		{4D17443F-E0FA-4755-A36D-70B8401CE429}.Release|x64.Build.0 = Release|Any CPU
		{4D17443F-E0FA-4755-A36D-70B8401CE429}.Release|x86.ActiveCfg = Release|Any CPU
		{4D17443F-E0FA-4755-A36D-70B8401CE429}.Release|x86.Build.0 = Release|Any CPU
		{8C6720A8-A628-4C0D-B3D3-10B4749639EE}.Debug|Any CPU.ActiveCfg = Debug|Any CPU
		{8C6720A8-A628-4C0D-B3D3-10B4749639EE}.Debug|Any CPU.Build.0 = Debug|Any CPU
		{8C6720A8-A628-4C0D-B3D3-10B4749639EE}.Debug|x64.ActiveCfg = Debug|Any CPU
		{8C6720A8-A628-4C0D-B3D3-10B4749639EE}.Debug|x64.Build.0 = Debug|Any CPU
		{8C6720A8-A628-4C0D-B3D3-10B4749639EE}.Debug|x86.ActiveCfg = Debug|Any CPU
		{8C6720A8-A628-4C0D-B3D3-10B4749639EE}.Debug|x86.Build.0 = Debug|Any CPU
		{8C6720A8-A628-4C0D-B3D3-10B4749639EE}.Release|Any CPU.ActiveCfg = Release|Any CPU
		{8C6720A8-A628-4C0D-B3D3-10B4749639EE}.Release|Any CPU.Build.0 = Release|Any CPU
		{8C6720A8-A628-4C0D-B3D3-10B4749639EE}.Release|x64.ActiveCfg = Release|Any CPU
		{8C6720A8-A628-4C0D-B3D3-10B4749639EE}.Release|x64.Build.0 = Release|Any CPU
		{8C6720A8-A628-4C0D-B3D3-10B4749639EE}.Release|x86.ActiveCfg = Release|Any CPU
		{8C6720A8-A628-4C0D-B3D3-10B4749639EE}.Release|x86.Build.0 = Release|Any CPU
		{2268E410-F5A0-42CB-978E-C3D3C929DB77}.Debug|Any CPU.ActiveCfg = Debug|Any CPU
		{2268E410-F5A0-42CB-978E-C3D3C929DB77}.Debug|Any CPU.Build.0 = Debug|Any CPU
		{2268E410-F5A0-42CB-978E-C3D3C929DB77}.Debug|x64.ActiveCfg = Debug|Any CPU
		{2268E410-F5A0-42CB-978E-C3D3C929DB77}.Debug|x64.Build.0 = Debug|Any CPU
		{2268E410-F5A0-42CB-978E-C3D3C929DB77}.Debug|x86.ActiveCfg = Debug|Any CPU
		{2268E410-F5A0-42CB-978E-C3D3C929DB77}.Debug|x86.Build.0 = Debug|Any CPU
		{2268E410-F5A0-42CB-978E-C3D3C929DB77}.Release|Any CPU.ActiveCfg = Release|Any CPU
		{2268E410-F5A0-42CB-978E-C3D3C929DB77}.Release|Any CPU.Build.0 = Release|Any CPU
		{2268E410-F5A0-42CB-978E-C3D3C929DB77}.Release|x64.ActiveCfg = Release|Any CPU
		{2268E410-F5A0-42CB-978E-C3D3C929DB77}.Release|x64.Build.0 = Release|Any CPU
		{2268E410-F5A0-42CB-978E-C3D3C929DB77}.Release|x86.ActiveCfg = Release|Any CPU
		{2268E410-F5A0-42CB-978E-C3D3C929DB77}.Release|x86.Build.0 = Release|Any CPU
	EndGlobalSection
	GlobalSection(NestedProjects) = preSolution
		{E95CB5BC-F790-4B92-9730-3DAB3A9DD2F1} = {CB3DA9B1-521E-4955-862C-4F5D44D28828}
		{4F9B8E04-B516-4D9D-BE53-CF6175D0D9F5} = {CB3DA9B1-521E-4955-862C-4F5D44D28828}
		{0D4623C1-C2DF-412E-9606-FDFFFCE1BAFB} = {CB3DA9B1-521E-4955-862C-4F5D44D28828}
		{E40E37D5-E075-4C5F-A94B-BFCB4A9C78A7} = {CB3DA9B1-521E-4955-862C-4F5D44D28828}
		{793302FC-5615-46CF-B02D-273B8C70C3C7} = {CB3DA9B1-521E-4955-862C-4F5D44D28828}
		{71F6B6A3-D1D8-4EB4-B66A-43B11978A6E3} = {CB3DA9B1-521E-4955-862C-4F5D44D28828}
		{27347272-D5EB-4788-9D0D-9C1FA4723A8E} = {CB3DA9B1-521E-4955-862C-4F5D44D28828}
		{25412D20-4EAC-4A81-888A-90E5CA2E263F} = {3DC07238-52C3-46CB-A831-842786C29789}
		{34553649-E386-422C-8B32-C6FCA7F98BDC} = {3DC07238-52C3-46CB-A831-842786C29789}
		{21FD0CD3-0B5C-4084-8C42-105C90149A54} = {3DC07238-52C3-46CB-A831-842786C29789}
		{2DE6ED61-7F21-402F-A34D-BA9EB63D75F5} = {07052FD1-F463-4524-8B9C-5C2A22AB78E5}
		{C03F0483-5245-44BC-B9E7-CFCC6451A6D9} = {2DE6ED61-7F21-402F-A34D-BA9EB63D75F5}
		{CB76A23A-810B-4068-A212-24E662642EBF} = {C03F0483-5245-44BC-B9E7-CFCC6451A6D9}
		{A4733B28-751D-4E93-A7DD-220AA1BBA259} = {C03F0483-5245-44BC-B9E7-CFCC6451A6D9}
		{16B51B03-DFE0-4832-8BD4-C2190A3FB837} = {C03F0483-5245-44BC-B9E7-CFCC6451A6D9}
		{7BBEBA1F-5ED3-439E-A940-C259E7B2DE15} = {C03F0483-5245-44BC-B9E7-CFCC6451A6D9}
		{73C4AC6A-331F-498F-A8D0-B8C61D6B186B} = {C03F0483-5245-44BC-B9E7-CFCC6451A6D9}
		{5DD4057F-AA36-44C0-B353-103150ABA548} = {C03F0483-5245-44BC-B9E7-CFCC6451A6D9}
		{E857BB1A-3D9F-4BD7-9991-0B2D6AA313F5} = {C03F0483-5245-44BC-B9E7-CFCC6451A6D9}
		{87489B19-F041-4701-9D00-82E0966ED308} = {C03F0483-5245-44BC-B9E7-CFCC6451A6D9}
		{0EED16C3-EFB2-4B09-8451-3BB33AEFB182} = {C03F0483-5245-44BC-B9E7-CFCC6451A6D9}
		{284B1E35-9637-452E-85ED-88335000C52E} = {C03F0483-5245-44BC-B9E7-CFCC6451A6D9}
		{0D4C7BDD-1277-4D5F-B0F4-A01B1BE8A5CF} = {C03F0483-5245-44BC-B9E7-CFCC6451A6D9}
		{575A7373-E4D9-40B9-8CB1-4972D0990780} = {C03F0483-5245-44BC-B9E7-CFCC6451A6D9}
		{D396F7F8-67AB-4A26-9343-EA44CA2886FB} = {2DE6ED61-7F21-402F-A34D-BA9EB63D75F5}
		{48B46110-919A-4A40-BD96-8F88CD4CB358} = {D396F7F8-67AB-4A26-9343-EA44CA2886FB}
		{429A1850-4763-4FCC-8EAC-5DED5C43DE7B} = {D396F7F8-67AB-4A26-9343-EA44CA2886FB}
		{58A684FA-D03E-4981-A613-12689CDB8BA3} = {D396F7F8-67AB-4A26-9343-EA44CA2886FB}
		{8466DB22-F4DC-4579-9BF8-BC91FC8C41C3} = {D396F7F8-67AB-4A26-9343-EA44CA2886FB}
		{AB56CEB4-A45C-4448-9D68-40961DB669A6} = {D396F7F8-67AB-4A26-9343-EA44CA2886FB}
		{46E97A96-C010-4DB9-808A-0250963AD2D8} = {D396F7F8-67AB-4A26-9343-EA44CA2886FB}
		{4D17443F-E0FA-4755-A36D-70B8401CE429} = {D396F7F8-67AB-4A26-9343-EA44CA2886FB}
		{8C6720A8-A628-4C0D-B3D3-10B4749639EE} = {D396F7F8-67AB-4A26-9343-EA44CA2886FB}
		{2268E410-F5A0-42CB-978E-C3D3C929DB77} = {D396F7F8-67AB-4A26-9343-EA44CA2886FB}
	EndGlobalSection
EndGlobal
