
Microsoft Visual Studio Solution File, Format Version 12.00
# Visual Studio Version 16
VisualStudioVersion = 16.0.30114.105
MinimumVisualStudioVersion = 10.0.40219.1
Project("{2150E333-8FDC-42A3-9474-1A3956D46DE8}") = "src", "src", "{23A9D84E-810F-4A4A-8A55-03F8A8D90091}"
EndProject
Project("{FAE04EC0-301F-11D3-BF4B-00C04F79EFBC}") = "Omnius.Xeus.Intaractors", "src\Omnius.Xeus.Intaractors\Omnius.Xeus.Intaractors.csproj", "{0E2C79B3-C794-400D-A659-B1D476A0B734}"
EndProject
Project("{FAE04EC0-301F-11D3-BF4B-00C04F79EFBC}") = "Omnius.Xeus.Service.Daemon", "src\Omnius.Xeus.Service.Daemon\Omnius.Xeus.Service.Daemon.csproj", "{4C3F82CF-F700-4BF6-AB87-DE6E1C351C7B}"
EndProject
Project("{FAE04EC0-301F-11D3-BF4B-00C04F79EFBC}") = "Omnius.Xeus.Service.Engines", "src\Omnius.Xeus.Service.Engines\Omnius.Xeus.Service.Engines.csproj", "{409A4823-8F36-4253-BD34-207C9BED9264}"
EndProject
Project("{FAE04EC0-301F-11D3-BF4B-00C04F79EFBC}") = "Omnius.Xeus.Service.Models", "src\Omnius.Xeus.Service.Models\Omnius.Xeus.Service.Models.csproj", "{1A81D1B5-6776-46BB-86DB-14CB8EDC9F7A}"
EndProject
Project("{FAE04EC0-301F-11D3-BF4B-00C04F79EFBC}") = "Omnius.Xeus.Service.Remoting", "src\Omnius.Xeus.Service.Remoting\Omnius.Xeus.Service.Remoting.csproj", "{B6C4FC1B-B7AC-4C33-A386-A9D29E30944B}"
EndProject
Project("{FAE04EC0-301F-11D3-BF4B-00C04F79EFBC}") = "Omnius.Xeus.Ui.Desktop", "src\Omnius.Xeus.Ui.Desktop\Omnius.Xeus.Ui.Desktop.csproj", "{036EE9CC-E5B5-46EB-B244-2A7F6FB5A6D4}"
EndProject
Project("{FAE04EC0-301F-11D3-BF4B-00C04F79EFBC}") = "Omnius.Xeus.Utils", "src\Omnius.Xeus.Utils\Omnius.Xeus.Utils.csproj", "{BF740AE2-7990-4BF5-A0AF-C1C919CDD64F}"
EndProject
Project("{2150E333-8FDC-42A3-9474-1A3956D46DE8}") = "test", "test", "{B189D12D-3FFA-4E7C-BCAC-FD4B42553D88}"
EndProject
Project("{FAE04EC0-301F-11D3-BF4B-00C04F79EFBC}") = "Omnius.Xeus.Engines.Tests", "test\Omnius.Xeus.Engines.Tests\Omnius.Xeus.Engines.Tests.csproj", "{6266090E-E083-4FC2-9A57-62AA6239FB48}"
EndProject
Project("{2150E333-8FDC-42A3-9474-1A3956D46DE8}") = "refs", "refs", "{A75FDAC9-5744-42CC-84A3-4BB567294997}"
EndProject
Project("{2150E333-8FDC-42A3-9474-1A3956D46DE8}") = "core", "core", "{821CEF84-09C1-4523-9DBB-04ACD51D18A5}"
EndProject
Project("{2150E333-8FDC-42A3-9474-1A3956D46DE8}") = "src", "src", "{65D6DF84-BC57-4D25-996F-C1CDEC44F309}"
EndProject
Project("{FAE04EC0-301F-11D3-BF4B-00C04F79EFBC}") = "Omnius.Core.Avalonia", "refs\core\src\Omnius.Core.Avalonia\Omnius.Core.Avalonia.csproj", "{C64DDF5C-ADE8-4AF7-897E-CB28CB46E3E9}"
EndProject
Project("{FAE04EC0-301F-11D3-BF4B-00C04F79EFBC}") = "Omnius.Core.Collections", "refs\core\src\Omnius.Core.Collections\Omnius.Core.Collections.csproj", "{B5197799-79CE-41C3-8810-8FBB6F3188D0}"
EndProject
Project("{FAE04EC0-301F-11D3-BF4B-00C04F79EFBC}") = "Omnius.Core.Cryptography", "refs\core\src\Omnius.Core.Cryptography\Omnius.Core.Cryptography.csproj", "{5FE3F413-537F-48E3-A8EA-AD04FA69C388}"
EndProject
Project("{FAE04EC0-301F-11D3-BF4B-00C04F79EFBC}") = "Omnius.Core.Net.Caps", "refs\core\src\Omnius.Core.Net.Caps\Omnius.Core.Net.Caps.csproj", "{C9B84307-8FF7-4C2B-88F2-F5BC48C911D7}"
EndProject
Project("{FAE04EC0-301F-11D3-BF4B-00C04F79EFBC}") = "Omnius.Core.Net.Connections", "refs\core\src\Omnius.Core.Net.Connections\Omnius.Core.Net.Connections.csproj", "{EFB5BD85-AB96-49F4-BAF9-B51E0862A5B9}"
EndProject
Project("{FAE04EC0-301F-11D3-BF4B-00C04F79EFBC}") = "Omnius.Core.Net.Proxies", "refs\core\src\Omnius.Core.Net.Proxies\Omnius.Core.Net.Proxies.csproj", "{0FBF26DD-3F3B-44AB-B19D-11B8D81ED243}"
EndProject
Project("{FAE04EC0-301F-11D3-BF4B-00C04F79EFBC}") = "Omnius.Core.Net.Upnp", "refs\core\src\Omnius.Core.Net.Upnp\Omnius.Core.Net.Upnp.csproj", "{CD457435-625B-43C9-8BC6-F6E01BA1C532}"
EndProject
Project("{FAE04EC0-301F-11D3-BF4B-00C04F79EFBC}") = "Omnius.Core.Net", "refs\core\src\Omnius.Core.Net\Omnius.Core.Net.csproj", "{BC247588-7563-4133-ADFA-BE1A21C11B9B}"
EndProject
Project("{FAE04EC0-301F-11D3-BF4B-00C04F79EFBC}") = "Omnius.Core.Pipelines", "refs\core\src\Omnius.Core.Pipelines\Omnius.Core.Pipelines.csproj", "{232BBA8F-870D-4921-9FCB-470CAD3F10D5}"
EndProject
Project("{FAE04EC0-301F-11D3-BF4B-00C04F79EFBC}") = "Omnius.Core.RocketPack.DefinitionCompiler", "refs\core\src\Omnius.Core.RocketPack.DefinitionCompiler\Omnius.Core.RocketPack.DefinitionCompiler.csproj", "{AE3B7667-4C57-4D1D-83B5-D470FD261DF7}"
EndProject
Project("{FAE04EC0-301F-11D3-BF4B-00C04F79EFBC}") = "Omnius.Core.RocketPack.Remoting", "refs\core\src\Omnius.Core.RocketPack.Remoting\Omnius.Core.RocketPack.Remoting.csproj", "{188965C3-4F4A-4254-85AA-64E6614334BA}"
EndProject
Project("{FAE04EC0-301F-11D3-BF4B-00C04F79EFBC}") = "Omnius.Core.RocketPack", "refs\core\src\Omnius.Core.RocketPack\Omnius.Core.RocketPack.csproj", "{4F92501C-D591-4C78-B3F1-5DAA91E38F3F}"
EndProject
Project("{FAE04EC0-301F-11D3-BF4B-00C04F79EFBC}") = "Omnius.Core.Serialization", "refs\core\src\Omnius.Core.Serialization\Omnius.Core.Serialization.csproj", "{2D1E9D57-D8EA-4459-90D8-0244748BDA3E}"
EndProject
Project("{FAE04EC0-301F-11D3-BF4B-00C04F79EFBC}") = "Omnius.Core.Storages", "refs\core\src\Omnius.Core.Storages\Omnius.Core.Storages.csproj", "{9091BEE6-FCE2-4BC8-A9CD-0F39BA74AEE8}"
EndProject
Project("{FAE04EC0-301F-11D3-BF4B-00C04F79EFBC}") = "Omnius.Core.Streams", "refs\core\src\Omnius.Core.Streams\Omnius.Core.Streams.csproj", "{5A91815B-E347-4A41-9610-A7AA7E61B150}"
EndProject
Project("{FAE04EC0-301F-11D3-BF4B-00C04F79EFBC}") = "Omnius.Core.Tasks", "refs\core\src\Omnius.Core.Tasks\Omnius.Core.Tasks.csproj", "{DB740913-C150-486E-9662-457B1E3362B1}"
EndProject
Project("{FAE04EC0-301F-11D3-BF4B-00C04F79EFBC}") = "Omnius.Core.UnitTestToolkit", "refs\core\src\Omnius.Core.UnitTestToolkit\Omnius.Core.UnitTestToolkit.csproj", "{FBEF4C43-9D4D-4713-A56D-93E958FC891F}"
EndProject
Project("{FAE04EC0-301F-11D3-BF4B-00C04F79EFBC}") = "Omnius.Core.Utils", "refs\core\src\Omnius.Core.Utils\Omnius.Core.Utils.csproj", "{9568A4EC-3E86-4A55-AC69-38DEA43E2438}"
EndProject
Project("{FAE04EC0-301F-11D3-BF4B-00C04F79EFBC}") = "Omnius.Core", "refs\core\src\Omnius.Core\Omnius.Core.csproj", "{4B2A8F15-ACFD-40B2-A44A-8B3219640505}"
EndProject
Project("{2150E333-8FDC-42A3-9474-1A3956D46DE8}") = "test", "test", "{3F2FEEAF-C2CE-40CE-8313-24B7DEE0B5A6}"
EndProject
Project("{FAE04EC0-301F-11D3-BF4B-00C04F79EFBC}") = "Omnius.Core.Cryptography.Tests", "refs\core\test\Omnius.Core.Cryptography.Tests\Omnius.Core.Cryptography.Tests.csproj", "{F78DBAAE-AAEF-47BC-B0A4-6F7141E8FE09}"
EndProject
Project("{FAE04EC0-301F-11D3-BF4B-00C04F79EFBC}") = "Omnius.Core.Net.Connections.Tests", "refs\core\test\Omnius.Core.Net.Connections.Tests\Omnius.Core.Net.Connections.Tests.csproj", "{D9008160-4F31-4CC1-8397-FAB3990EAA9B}"
EndProject
Project("{FAE04EC0-301F-11D3-BF4B-00C04F79EFBC}") = "Omnius.Core.Net.Tests", "refs\core\test\Omnius.Core.Net.Tests\Omnius.Core.Net.Tests.csproj", "{A9ACBA24-6FD3-40C8-AEED-8DB5C7DAFD3F}"
EndProject
Project("{FAE04EC0-301F-11D3-BF4B-00C04F79EFBC}") = "Omnius.Core.Net.Upnp.Tests", "refs\core\test\Omnius.Core.Net.Upnp.Tests\Omnius.Core.Net.Upnp.Tests.csproj", "{42314EF7-6B38-435D-9ACE-1A476333E44B}"
EndProject
Project("{FAE04EC0-301F-11D3-BF4B-00C04F79EFBC}") = "Omnius.Core.Pipelines.Tests", "refs\core\test\Omnius.Core.Pipelines.Tests\Omnius.Core.Pipelines.Tests.csproj", "{C56C5001-FDF6-454D-B0A1-A9054CCDF899}"
EndProject
Project("{FAE04EC0-301F-11D3-BF4B-00C04F79EFBC}") = "Omnius.Core.RocketPack.DefinitionCompiler.Tests", "refs\core\test\Omnius.Core.RocketPack.DefinitionCompiler.Tests\Omnius.Core.RocketPack.DefinitionCompiler.Tests.csproj", "{757707FB-6F9E-42AF-986A-E345C745C647}"
EndProject
Project("{FAE04EC0-301F-11D3-BF4B-00C04F79EFBC}") = "Omnius.Core.RocketPack.Remoting.Tests", "refs\core\test\Omnius.Core.RocketPack.Remoting.Tests\Omnius.Core.RocketPack.Remoting.Tests.csproj", "{4804773D-D8EC-427B-A997-9C85DB806EB7}"
EndProject
Project("{FAE04EC0-301F-11D3-BF4B-00C04F79EFBC}") = "Omnius.Core.RocketPack.Tests", "refs\core\test\Omnius.Core.RocketPack.Tests\Omnius.Core.RocketPack.Tests.csproj", "{65FC128B-D2F3-4FDC-A451-945C99195D4C}"
EndProject
Project("{FAE04EC0-301F-11D3-BF4B-00C04F79EFBC}") = "Omnius.Core.Serialization.Tests", "refs\core\test\Omnius.Core.Serialization.Tests\Omnius.Core.Serialization.Tests.csproj", "{CC1732DE-A5CE-4ECB-A573-A12B62C8BBEB}"
EndProject
Project("{FAE04EC0-301F-11D3-BF4B-00C04F79EFBC}") = "Omnius.Core.Streams.Tests", "refs\core\test\Omnius.Core.Streams.Tests\Omnius.Core.Streams.Tests.csproj", "{BFF8E638-B269-486B-A1DA-223F6C2ED896}"
EndProject
Project("{FAE04EC0-301F-11D3-BF4B-00C04F79EFBC}") = "Omnius.Core.Tests", "refs\core\test\Omnius.Core.Tests\Omnius.Core.Tests.csproj", "{D59D6E2B-1D3C-4E5F-8EE3-FC215E920704}"
EndProject
Global
	GlobalSection(SolutionConfigurationPlatforms) = preSolution
		Debug|Any CPU = Debug|Any CPU
		Debug|x64 = Debug|x64
		Debug|x86 = Debug|x86
		Release|Any CPU = Release|Any CPU
		Release|x64 = Release|x64
		Release|x86 = Release|x86
	EndGlobalSection
	GlobalSection(SolutionProperties) = preSolution
		HideSolutionNode = FALSE
	EndGlobalSection
	GlobalSection(ProjectConfigurationPlatforms) = postSolution
		{0E2C79B3-C794-400D-A659-B1D476A0B734}.Debug|Any CPU.ActiveCfg = Debug|Any CPU
		{0E2C79B3-C794-400D-A659-B1D476A0B734}.Debug|Any CPU.Build.0 = Debug|Any CPU
		{0E2C79B3-C794-400D-A659-B1D476A0B734}.Debug|x64.ActiveCfg = Debug|Any CPU
		{0E2C79B3-C794-400D-A659-B1D476A0B734}.Debug|x64.Build.0 = Debug|Any CPU
		{0E2C79B3-C794-400D-A659-B1D476A0B734}.Debug|x86.ActiveCfg = Debug|Any CPU
		{0E2C79B3-C794-400D-A659-B1D476A0B734}.Debug|x86.Build.0 = Debug|Any CPU
		{0E2C79B3-C794-400D-A659-B1D476A0B734}.Release|Any CPU.ActiveCfg = Release|Any CPU
		{0E2C79B3-C794-400D-A659-B1D476A0B734}.Release|Any CPU.Build.0 = Release|Any CPU
		{0E2C79B3-C794-400D-A659-B1D476A0B734}.Release|x64.ActiveCfg = Release|Any CPU
		{0E2C79B3-C794-400D-A659-B1D476A0B734}.Release|x64.Build.0 = Release|Any CPU
		{0E2C79B3-C794-400D-A659-B1D476A0B734}.Release|x86.ActiveCfg = Release|Any CPU
		{0E2C79B3-C794-400D-A659-B1D476A0B734}.Release|x86.Build.0 = Release|Any CPU
		{4C3F82CF-F700-4BF6-AB87-DE6E1C351C7B}.Debug|Any CPU.ActiveCfg = Debug|Any CPU
		{4C3F82CF-F700-4BF6-AB87-DE6E1C351C7B}.Debug|Any CPU.Build.0 = Debug|Any CPU
		{4C3F82CF-F700-4BF6-AB87-DE6E1C351C7B}.Debug|x64.ActiveCfg = Debug|Any CPU
		{4C3F82CF-F700-4BF6-AB87-DE6E1C351C7B}.Debug|x64.Build.0 = Debug|Any CPU
		{4C3F82CF-F700-4BF6-AB87-DE6E1C351C7B}.Debug|x86.ActiveCfg = Debug|Any CPU
		{4C3F82CF-F700-4BF6-AB87-DE6E1C351C7B}.Debug|x86.Build.0 = Debug|Any CPU
		{4C3F82CF-F700-4BF6-AB87-DE6E1C351C7B}.Release|Any CPU.ActiveCfg = Release|Any CPU
		{4C3F82CF-F700-4BF6-AB87-DE6E1C351C7B}.Release|Any CPU.Build.0 = Release|Any CPU
		{4C3F82CF-F700-4BF6-AB87-DE6E1C351C7B}.Release|x64.ActiveCfg = Release|Any CPU
		{4C3F82CF-F700-4BF6-AB87-DE6E1C351C7B}.Release|x64.Build.0 = Release|Any CPU
		{4C3F82CF-F700-4BF6-AB87-DE6E1C351C7B}.Release|x86.ActiveCfg = Release|Any CPU
		{4C3F82CF-F700-4BF6-AB87-DE6E1C351C7B}.Release|x86.Build.0 = Release|Any CPU
		{409A4823-8F36-4253-BD34-207C9BED9264}.Debug|Any CPU.ActiveCfg = Debug|Any CPU
		{409A4823-8F36-4253-BD34-207C9BED9264}.Debug|Any CPU.Build.0 = Debug|Any CPU
		{409A4823-8F36-4253-BD34-207C9BED9264}.Debug|x64.ActiveCfg = Debug|Any CPU
		{409A4823-8F36-4253-BD34-207C9BED9264}.Debug|x64.Build.0 = Debug|Any CPU
		{409A4823-8F36-4253-BD34-207C9BED9264}.Debug|x86.ActiveCfg = Debug|Any CPU
		{409A4823-8F36-4253-BD34-207C9BED9264}.Debug|x86.Build.0 = Debug|Any CPU
		{409A4823-8F36-4253-BD34-207C9BED9264}.Release|Any CPU.ActiveCfg = Release|Any CPU
		{409A4823-8F36-4253-BD34-207C9BED9264}.Release|Any CPU.Build.0 = Release|Any CPU
		{409A4823-8F36-4253-BD34-207C9BED9264}.Release|x64.ActiveCfg = Release|Any CPU
		{409A4823-8F36-4253-BD34-207C9BED9264}.Release|x64.Build.0 = Release|Any CPU
		{409A4823-8F36-4253-BD34-207C9BED9264}.Release|x86.ActiveCfg = Release|Any CPU
		{409A4823-8F36-4253-BD34-207C9BED9264}.Release|x86.Build.0 = Release|Any CPU
		{1A81D1B5-6776-46BB-86DB-14CB8EDC9F7A}.Debug|Any CPU.ActiveCfg = Debug|Any CPU
		{1A81D1B5-6776-46BB-86DB-14CB8EDC9F7A}.Debug|Any CPU.Build.0 = Debug|Any CPU
		{1A81D1B5-6776-46BB-86DB-14CB8EDC9F7A}.Debug|x64.ActiveCfg = Debug|Any CPU
		{1A81D1B5-6776-46BB-86DB-14CB8EDC9F7A}.Debug|x64.Build.0 = Debug|Any CPU
		{1A81D1B5-6776-46BB-86DB-14CB8EDC9F7A}.Debug|x86.ActiveCfg = Debug|Any CPU
		{1A81D1B5-6776-46BB-86DB-14CB8EDC9F7A}.Debug|x86.Build.0 = Debug|Any CPU
		{1A81D1B5-6776-46BB-86DB-14CB8EDC9F7A}.Release|Any CPU.ActiveCfg = Release|Any CPU
		{1A81D1B5-6776-46BB-86DB-14CB8EDC9F7A}.Release|Any CPU.Build.0 = Release|Any CPU
		{1A81D1B5-6776-46BB-86DB-14CB8EDC9F7A}.Release|x64.ActiveCfg = Release|Any CPU
		{1A81D1B5-6776-46BB-86DB-14CB8EDC9F7A}.Release|x64.Build.0 = Release|Any CPU
		{1A81D1B5-6776-46BB-86DB-14CB8EDC9F7A}.Release|x86.ActiveCfg = Release|Any CPU
		{1A81D1B5-6776-46BB-86DB-14CB8EDC9F7A}.Release|x86.Build.0 = Release|Any CPU
		{B6C4FC1B-B7AC-4C33-A386-A9D29E30944B}.Debug|Any CPU.ActiveCfg = Debug|Any CPU
		{B6C4FC1B-B7AC-4C33-A386-A9D29E30944B}.Debug|Any CPU.Build.0 = Debug|Any CPU
		{B6C4FC1B-B7AC-4C33-A386-A9D29E30944B}.Debug|x64.ActiveCfg = Debug|Any CPU
		{B6C4FC1B-B7AC-4C33-A386-A9D29E30944B}.Debug|x64.Build.0 = Debug|Any CPU
		{B6C4FC1B-B7AC-4C33-A386-A9D29E30944B}.Debug|x86.ActiveCfg = Debug|Any CPU
		{B6C4FC1B-B7AC-4C33-A386-A9D29E30944B}.Debug|x86.Build.0 = Debug|Any CPU
		{B6C4FC1B-B7AC-4C33-A386-A9D29E30944B}.Release|Any CPU.ActiveCfg = Release|Any CPU
		{B6C4FC1B-B7AC-4C33-A386-A9D29E30944B}.Release|Any CPU.Build.0 = Release|Any CPU
		{B6C4FC1B-B7AC-4C33-A386-A9D29E30944B}.Release|x64.ActiveCfg = Release|Any CPU
		{B6C4FC1B-B7AC-4C33-A386-A9D29E30944B}.Release|x64.Build.0 = Release|Any CPU
		{B6C4FC1B-B7AC-4C33-A386-A9D29E30944B}.Release|x86.ActiveCfg = Release|Any CPU
		{B6C4FC1B-B7AC-4C33-A386-A9D29E30944B}.Release|x86.Build.0 = Release|Any CPU
		{036EE9CC-E5B5-46EB-B244-2A7F6FB5A6D4}.Debug|Any CPU.ActiveCfg = Debug|Any CPU
		{036EE9CC-E5B5-46EB-B244-2A7F6FB5A6D4}.Debug|Any CPU.Build.0 = Debug|Any CPU
		{036EE9CC-E5B5-46EB-B244-2A7F6FB5A6D4}.Debug|x64.ActiveCfg = Debug|Any CPU
		{036EE9CC-E5B5-46EB-B244-2A7F6FB5A6D4}.Debug|x64.Build.0 = Debug|Any CPU
		{036EE9CC-E5B5-46EB-B244-2A7F6FB5A6D4}.Debug|x86.ActiveCfg = Debug|Any CPU
		{036EE9CC-E5B5-46EB-B244-2A7F6FB5A6D4}.Debug|x86.Build.0 = Debug|Any CPU
		{036EE9CC-E5B5-46EB-B244-2A7F6FB5A6D4}.Release|Any CPU.ActiveCfg = Release|Any CPU
		{036EE9CC-E5B5-46EB-B244-2A7F6FB5A6D4}.Release|Any CPU.Build.0 = Release|Any CPU
		{036EE9CC-E5B5-46EB-B244-2A7F6FB5A6D4}.Release|x64.ActiveCfg = Release|Any CPU
		{036EE9CC-E5B5-46EB-B244-2A7F6FB5A6D4}.Release|x64.Build.0 = Release|Any CPU
		{036EE9CC-E5B5-46EB-B244-2A7F6FB5A6D4}.Release|x86.ActiveCfg = Release|Any CPU
		{036EE9CC-E5B5-46EB-B244-2A7F6FB5A6D4}.Release|x86.Build.0 = Release|Any CPU
		{BF740AE2-7990-4BF5-A0AF-C1C919CDD64F}.Debug|Any CPU.ActiveCfg = Debug|Any CPU
		{BF740AE2-7990-4BF5-A0AF-C1C919CDD64F}.Debug|Any CPU.Build.0 = Debug|Any CPU
		{BF740AE2-7990-4BF5-A0AF-C1C919CDD64F}.Debug|x64.ActiveCfg = Debug|Any CPU
		{BF740AE2-7990-4BF5-A0AF-C1C919CDD64F}.Debug|x64.Build.0 = Debug|Any CPU
		{BF740AE2-7990-4BF5-A0AF-C1C919CDD64F}.Debug|x86.ActiveCfg = Debug|Any CPU
		{BF740AE2-7990-4BF5-A0AF-C1C919CDD64F}.Debug|x86.Build.0 = Debug|Any CPU
		{BF740AE2-7990-4BF5-A0AF-C1C919CDD64F}.Release|Any CPU.ActiveCfg = Release|Any CPU
		{BF740AE2-7990-4BF5-A0AF-C1C919CDD64F}.Release|Any CPU.Build.0 = Release|Any CPU
		{BF740AE2-7990-4BF5-A0AF-C1C919CDD64F}.Release|x64.ActiveCfg = Release|Any CPU
		{BF740AE2-7990-4BF5-A0AF-C1C919CDD64F}.Release|x64.Build.0 = Release|Any CPU
		{BF740AE2-7990-4BF5-A0AF-C1C919CDD64F}.Release|x86.ActiveCfg = Release|Any CPU
		{BF740AE2-7990-4BF5-A0AF-C1C919CDD64F}.Release|x86.Build.0 = Release|Any CPU
		{6266090E-E083-4FC2-9A57-62AA6239FB48}.Debug|Any CPU.ActiveCfg = Debug|Any CPU
		{6266090E-E083-4FC2-9A57-62AA6239FB48}.Debug|Any CPU.Build.0 = Debug|Any CPU
		{6266090E-E083-4FC2-9A57-62AA6239FB48}.Debug|x64.ActiveCfg = Debug|Any CPU
		{6266090E-E083-4FC2-9A57-62AA6239FB48}.Debug|x64.Build.0 = Debug|Any CPU
		{6266090E-E083-4FC2-9A57-62AA6239FB48}.Debug|x86.ActiveCfg = Debug|Any CPU
		{6266090E-E083-4FC2-9A57-62AA6239FB48}.Debug|x86.Build.0 = Debug|Any CPU
		{6266090E-E083-4FC2-9A57-62AA6239FB48}.Release|Any CPU.ActiveCfg = Release|Any CPU
		{6266090E-E083-4FC2-9A57-62AA6239FB48}.Release|Any CPU.Build.0 = Release|Any CPU
		{6266090E-E083-4FC2-9A57-62AA6239FB48}.Release|x64.ActiveCfg = Release|Any CPU
		{6266090E-E083-4FC2-9A57-62AA6239FB48}.Release|x64.Build.0 = Release|Any CPU
		{6266090E-E083-4FC2-9A57-62AA6239FB48}.Release|x86.ActiveCfg = Release|Any CPU
		{6266090E-E083-4FC2-9A57-62AA6239FB48}.Release|x86.Build.0 = Release|Any CPU
		{C64DDF5C-ADE8-4AF7-897E-CB28CB46E3E9}.Debug|Any CPU.ActiveCfg = Debug|Any CPU
		{C64DDF5C-ADE8-4AF7-897E-CB28CB46E3E9}.Debug|Any CPU.Build.0 = Debug|Any CPU
		{C64DDF5C-ADE8-4AF7-897E-CB28CB46E3E9}.Debug|x64.ActiveCfg = Debug|Any CPU
		{C64DDF5C-ADE8-4AF7-897E-CB28CB46E3E9}.Debug|x64.Build.0 = Debug|Any CPU
		{C64DDF5C-ADE8-4AF7-897E-CB28CB46E3E9}.Debug|x86.ActiveCfg = Debug|Any CPU
		{C64DDF5C-ADE8-4AF7-897E-CB28CB46E3E9}.Debug|x86.Build.0 = Debug|Any CPU
		{C64DDF5C-ADE8-4AF7-897E-CB28CB46E3E9}.Release|Any CPU.ActiveCfg = Release|Any CPU
		{C64DDF5C-ADE8-4AF7-897E-CB28CB46E3E9}.Release|Any CPU.Build.0 = Release|Any CPU
		{C64DDF5C-ADE8-4AF7-897E-CB28CB46E3E9}.Release|x64.ActiveCfg = Release|Any CPU
		{C64DDF5C-ADE8-4AF7-897E-CB28CB46E3E9}.Release|x64.Build.0 = Release|Any CPU
		{C64DDF5C-ADE8-4AF7-897E-CB28CB46E3E9}.Release|x86.ActiveCfg = Release|Any CPU
		{C64DDF5C-ADE8-4AF7-897E-CB28CB46E3E9}.Release|x86.Build.0 = Release|Any CPU
		{B5197799-79CE-41C3-8810-8FBB6F3188D0}.Debug|Any CPU.ActiveCfg = Debug|Any CPU
		{B5197799-79CE-41C3-8810-8FBB6F3188D0}.Debug|Any CPU.Build.0 = Debug|Any CPU
		{B5197799-79CE-41C3-8810-8FBB6F3188D0}.Debug|x64.ActiveCfg = Debug|Any CPU
		{B5197799-79CE-41C3-8810-8FBB6F3188D0}.Debug|x64.Build.0 = Debug|Any CPU
		{B5197799-79CE-41C3-8810-8FBB6F3188D0}.Debug|x86.ActiveCfg = Debug|Any CPU
		{B5197799-79CE-41C3-8810-8FBB6F3188D0}.Debug|x86.Build.0 = Debug|Any CPU
		{B5197799-79CE-41C3-8810-8FBB6F3188D0}.Release|Any CPU.ActiveCfg = Release|Any CPU
		{B5197799-79CE-41C3-8810-8FBB6F3188D0}.Release|Any CPU.Build.0 = Release|Any CPU
		{B5197799-79CE-41C3-8810-8FBB6F3188D0}.Release|x64.ActiveCfg = Release|Any CPU
		{B5197799-79CE-41C3-8810-8FBB6F3188D0}.Release|x64.Build.0 = Release|Any CPU
		{B5197799-79CE-41C3-8810-8FBB6F3188D0}.Release|x86.ActiveCfg = Release|Any CPU
		{B5197799-79CE-41C3-8810-8FBB6F3188D0}.Release|x86.Build.0 = Release|Any CPU
		{5FE3F413-537F-48E3-A8EA-AD04FA69C388}.Debug|Any CPU.ActiveCfg = Debug|Any CPU
		{5FE3F413-537F-48E3-A8EA-AD04FA69C388}.Debug|Any CPU.Build.0 = Debug|Any CPU
		{5FE3F413-537F-48E3-A8EA-AD04FA69C388}.Debug|x64.ActiveCfg = Debug|Any CPU
		{5FE3F413-537F-48E3-A8EA-AD04FA69C388}.Debug|x64.Build.0 = Debug|Any CPU
		{5FE3F413-537F-48E3-A8EA-AD04FA69C388}.Debug|x86.ActiveCfg = Debug|Any CPU
		{5FE3F413-537F-48E3-A8EA-AD04FA69C388}.Debug|x86.Build.0 = Debug|Any CPU
		{5FE3F413-537F-48E3-A8EA-AD04FA69C388}.Release|Any CPU.ActiveCfg = Release|Any CPU
		{5FE3F413-537F-48E3-A8EA-AD04FA69C388}.Release|Any CPU.Build.0 = Release|Any CPU
		{5FE3F413-537F-48E3-A8EA-AD04FA69C388}.Release|x64.ActiveCfg = Release|Any CPU
		{5FE3F413-537F-48E3-A8EA-AD04FA69C388}.Release|x64.Build.0 = Release|Any CPU
		{5FE3F413-537F-48E3-A8EA-AD04FA69C388}.Release|x86.ActiveCfg = Release|Any CPU
		{5FE3F413-537F-48E3-A8EA-AD04FA69C388}.Release|x86.Build.0 = Release|Any CPU
		{C9B84307-8FF7-4C2B-88F2-F5BC48C911D7}.Debug|Any CPU.ActiveCfg = Debug|Any CPU
		{C9B84307-8FF7-4C2B-88F2-F5BC48C911D7}.Debug|Any CPU.Build.0 = Debug|Any CPU
		{C9B84307-8FF7-4C2B-88F2-F5BC48C911D7}.Debug|x64.ActiveCfg = Debug|Any CPU
		{C9B84307-8FF7-4C2B-88F2-F5BC48C911D7}.Debug|x64.Build.0 = Debug|Any CPU
		{C9B84307-8FF7-4C2B-88F2-F5BC48C911D7}.Debug|x86.ActiveCfg = Debug|Any CPU
		{C9B84307-8FF7-4C2B-88F2-F5BC48C911D7}.Debug|x86.Build.0 = Debug|Any CPU
		{C9B84307-8FF7-4C2B-88F2-F5BC48C911D7}.Release|Any CPU.ActiveCfg = Release|Any CPU
		{C9B84307-8FF7-4C2B-88F2-F5BC48C911D7}.Release|Any CPU.Build.0 = Release|Any CPU
		{C9B84307-8FF7-4C2B-88F2-F5BC48C911D7}.Release|x64.ActiveCfg = Release|Any CPU
		{C9B84307-8FF7-4C2B-88F2-F5BC48C911D7}.Release|x64.Build.0 = Release|Any CPU
		{C9B84307-8FF7-4C2B-88F2-F5BC48C911D7}.Release|x86.ActiveCfg = Release|Any CPU
		{C9B84307-8FF7-4C2B-88F2-F5BC48C911D7}.Release|x86.Build.0 = Release|Any CPU
		{EFB5BD85-AB96-49F4-BAF9-B51E0862A5B9}.Debug|Any CPU.ActiveCfg = Debug|Any CPU
		{EFB5BD85-AB96-49F4-BAF9-B51E0862A5B9}.Debug|Any CPU.Build.0 = Debug|Any CPU
		{EFB5BD85-AB96-49F4-BAF9-B51E0862A5B9}.Debug|x64.ActiveCfg = Debug|Any CPU
		{EFB5BD85-AB96-49F4-BAF9-B51E0862A5B9}.Debug|x64.Build.0 = Debug|Any CPU
		{EFB5BD85-AB96-49F4-BAF9-B51E0862A5B9}.Debug|x86.ActiveCfg = Debug|Any CPU
		{EFB5BD85-AB96-49F4-BAF9-B51E0862A5B9}.Debug|x86.Build.0 = Debug|Any CPU
		{EFB5BD85-AB96-49F4-BAF9-B51E0862A5B9}.Release|Any CPU.ActiveCfg = Release|Any CPU
		{EFB5BD85-AB96-49F4-BAF9-B51E0862A5B9}.Release|Any CPU.Build.0 = Release|Any CPU
		{EFB5BD85-AB96-49F4-BAF9-B51E0862A5B9}.Release|x64.ActiveCfg = Release|Any CPU
		{EFB5BD85-AB96-49F4-BAF9-B51E0862A5B9}.Release|x64.Build.0 = Release|Any CPU
		{EFB5BD85-AB96-49F4-BAF9-B51E0862A5B9}.Release|x86.ActiveCfg = Release|Any CPU
		{EFB5BD85-AB96-49F4-BAF9-B51E0862A5B9}.Release|x86.Build.0 = Release|Any CPU
		{0FBF26DD-3F3B-44AB-B19D-11B8D81ED243}.Debug|Any CPU.ActiveCfg = Debug|Any CPU
		{0FBF26DD-3F3B-44AB-B19D-11B8D81ED243}.Debug|Any CPU.Build.0 = Debug|Any CPU
		{0FBF26DD-3F3B-44AB-B19D-11B8D81ED243}.Debug|x64.ActiveCfg = Debug|Any CPU
		{0FBF26DD-3F3B-44AB-B19D-11B8D81ED243}.Debug|x64.Build.0 = Debug|Any CPU
		{0FBF26DD-3F3B-44AB-B19D-11B8D81ED243}.Debug|x86.ActiveCfg = Debug|Any CPU
		{0FBF26DD-3F3B-44AB-B19D-11B8D81ED243}.Debug|x86.Build.0 = Debug|Any CPU
		{0FBF26DD-3F3B-44AB-B19D-11B8D81ED243}.Release|Any CPU.ActiveCfg = Release|Any CPU
		{0FBF26DD-3F3B-44AB-B19D-11B8D81ED243}.Release|Any CPU.Build.0 = Release|Any CPU
		{0FBF26DD-3F3B-44AB-B19D-11B8D81ED243}.Release|x64.ActiveCfg = Release|Any CPU
		{0FBF26DD-3F3B-44AB-B19D-11B8D81ED243}.Release|x64.Build.0 = Release|Any CPU
		{0FBF26DD-3F3B-44AB-B19D-11B8D81ED243}.Release|x86.ActiveCfg = Release|Any CPU
		{0FBF26DD-3F3B-44AB-B19D-11B8D81ED243}.Release|x86.Build.0 = Release|Any CPU
		{CD457435-625B-43C9-8BC6-F6E01BA1C532}.Debug|Any CPU.ActiveCfg = Debug|Any CPU
		{CD457435-625B-43C9-8BC6-F6E01BA1C532}.Debug|Any CPU.Build.0 = Debug|Any CPU
		{CD457435-625B-43C9-8BC6-F6E01BA1C532}.Debug|x64.ActiveCfg = Debug|Any CPU
		{CD457435-625B-43C9-8BC6-F6E01BA1C532}.Debug|x64.Build.0 = Debug|Any CPU
		{CD457435-625B-43C9-8BC6-F6E01BA1C532}.Debug|x86.ActiveCfg = Debug|Any CPU
		{CD457435-625B-43C9-8BC6-F6E01BA1C532}.Debug|x86.Build.0 = Debug|Any CPU
		{CD457435-625B-43C9-8BC6-F6E01BA1C532}.Release|Any CPU.ActiveCfg = Release|Any CPU
		{CD457435-625B-43C9-8BC6-F6E01BA1C532}.Release|Any CPU.Build.0 = Release|Any CPU
		{CD457435-625B-43C9-8BC6-F6E01BA1C532}.Release|x64.ActiveCfg = Release|Any CPU
		{CD457435-625B-43C9-8BC6-F6E01BA1C532}.Release|x64.Build.0 = Release|Any CPU
		{CD457435-625B-43C9-8BC6-F6E01BA1C532}.Release|x86.ActiveCfg = Release|Any CPU
		{CD457435-625B-43C9-8BC6-F6E01BA1C532}.Release|x86.Build.0 = Release|Any CPU
		{BC247588-7563-4133-ADFA-BE1A21C11B9B}.Debug|Any CPU.ActiveCfg = Debug|Any CPU
		{BC247588-7563-4133-ADFA-BE1A21C11B9B}.Debug|Any CPU.Build.0 = Debug|Any CPU
		{BC247588-7563-4133-ADFA-BE1A21C11B9B}.Debug|x64.ActiveCfg = Debug|Any CPU
		{BC247588-7563-4133-ADFA-BE1A21C11B9B}.Debug|x64.Build.0 = Debug|Any CPU
		{BC247588-7563-4133-ADFA-BE1A21C11B9B}.Debug|x86.ActiveCfg = Debug|Any CPU
		{BC247588-7563-4133-ADFA-BE1A21C11B9B}.Debug|x86.Build.0 = Debug|Any CPU
		{BC247588-7563-4133-ADFA-BE1A21C11B9B}.Release|Any CPU.ActiveCfg = Release|Any CPU
		{BC247588-7563-4133-ADFA-BE1A21C11B9B}.Release|Any CPU.Build.0 = Release|Any CPU
		{BC247588-7563-4133-ADFA-BE1A21C11B9B}.Release|x64.ActiveCfg = Release|Any CPU
		{BC247588-7563-4133-ADFA-BE1A21C11B9B}.Release|x64.Build.0 = Release|Any CPU
		{BC247588-7563-4133-ADFA-BE1A21C11B9B}.Release|x86.ActiveCfg = Release|Any CPU
		{BC247588-7563-4133-ADFA-BE1A21C11B9B}.Release|x86.Build.0 = Release|Any CPU
		{232BBA8F-870D-4921-9FCB-470CAD3F10D5}.Debug|Any CPU.ActiveCfg = Debug|Any CPU
		{232BBA8F-870D-4921-9FCB-470CAD3F10D5}.Debug|Any CPU.Build.0 = Debug|Any CPU
		{232BBA8F-870D-4921-9FCB-470CAD3F10D5}.Debug|x64.ActiveCfg = Debug|Any CPU
		{232BBA8F-870D-4921-9FCB-470CAD3F10D5}.Debug|x64.Build.0 = Debug|Any CPU
		{232BBA8F-870D-4921-9FCB-470CAD3F10D5}.Debug|x86.ActiveCfg = Debug|Any CPU
		{232BBA8F-870D-4921-9FCB-470CAD3F10D5}.Debug|x86.Build.0 = Debug|Any CPU
		{232BBA8F-870D-4921-9FCB-470CAD3F10D5}.Release|Any CPU.ActiveCfg = Release|Any CPU
		{232BBA8F-870D-4921-9FCB-470CAD3F10D5}.Release|Any CPU.Build.0 = Release|Any CPU
		{232BBA8F-870D-4921-9FCB-470CAD3F10D5}.Release|x64.ActiveCfg = Release|Any CPU
		{232BBA8F-870D-4921-9FCB-470CAD3F10D5}.Release|x64.Build.0 = Release|Any CPU
		{232BBA8F-870D-4921-9FCB-470CAD3F10D5}.Release|x86.ActiveCfg = Release|Any CPU
		{232BBA8F-870D-4921-9FCB-470CAD3F10D5}.Release|x86.Build.0 = Release|Any CPU
		{AE3B7667-4C57-4D1D-83B5-D470FD261DF7}.Debug|Any CPU.ActiveCfg = Debug|Any CPU
		{AE3B7667-4C57-4D1D-83B5-D470FD261DF7}.Debug|Any CPU.Build.0 = Debug|Any CPU
		{AE3B7667-4C57-4D1D-83B5-D470FD261DF7}.Debug|x64.ActiveCfg = Debug|Any CPU
		{AE3B7667-4C57-4D1D-83B5-D470FD261DF7}.Debug|x64.Build.0 = Debug|Any CPU
		{AE3B7667-4C57-4D1D-83B5-D470FD261DF7}.Debug|x86.ActiveCfg = Debug|Any CPU
		{AE3B7667-4C57-4D1D-83B5-D470FD261DF7}.Debug|x86.Build.0 = Debug|Any CPU
		{AE3B7667-4C57-4D1D-83B5-D470FD261DF7}.Release|Any CPU.ActiveCfg = Release|Any CPU
		{AE3B7667-4C57-4D1D-83B5-D470FD261DF7}.Release|Any CPU.Build.0 = Release|Any CPU
		{AE3B7667-4C57-4D1D-83B5-D470FD261DF7}.Release|x64.ActiveCfg = Release|Any CPU
		{AE3B7667-4C57-4D1D-83B5-D470FD261DF7}.Release|x64.Build.0 = Release|Any CPU
		{AE3B7667-4C57-4D1D-83B5-D470FD261DF7}.Release|x86.ActiveCfg = Release|Any CPU
		{AE3B7667-4C57-4D1D-83B5-D470FD261DF7}.Release|x86.Build.0 = Release|Any CPU
		{188965C3-4F4A-4254-85AA-64E6614334BA}.Debug|Any CPU.ActiveCfg = Debug|Any CPU
		{188965C3-4F4A-4254-85AA-64E6614334BA}.Debug|Any CPU.Build.0 = Debug|Any CPU
		{188965C3-4F4A-4254-85AA-64E6614334BA}.Debug|x64.ActiveCfg = Debug|Any CPU
		{188965C3-4F4A-4254-85AA-64E6614334BA}.Debug|x64.Build.0 = Debug|Any CPU
		{188965C3-4F4A-4254-85AA-64E6614334BA}.Debug|x86.ActiveCfg = Debug|Any CPU
		{188965C3-4F4A-4254-85AA-64E6614334BA}.Debug|x86.Build.0 = Debug|Any CPU
		{188965C3-4F4A-4254-85AA-64E6614334BA}.Release|Any CPU.ActiveCfg = Release|Any CPU
		{188965C3-4F4A-4254-85AA-64E6614334BA}.Release|Any CPU.Build.0 = Release|Any CPU
		{188965C3-4F4A-4254-85AA-64E6614334BA}.Release|x64.ActiveCfg = Release|Any CPU
		{188965C3-4F4A-4254-85AA-64E6614334BA}.Release|x64.Build.0 = Release|Any CPU
		{188965C3-4F4A-4254-85AA-64E6614334BA}.Release|x86.ActiveCfg = Release|Any CPU
		{188965C3-4F4A-4254-85AA-64E6614334BA}.Release|x86.Build.0 = Release|Any CPU
		{4F92501C-D591-4C78-B3F1-5DAA91E38F3F}.Debug|Any CPU.ActiveCfg = Debug|Any CPU
		{4F92501C-D591-4C78-B3F1-5DAA91E38F3F}.Debug|Any CPU.Build.0 = Debug|Any CPU
		{4F92501C-D591-4C78-B3F1-5DAA91E38F3F}.Debug|x64.ActiveCfg = Debug|Any CPU
		{4F92501C-D591-4C78-B3F1-5DAA91E38F3F}.Debug|x64.Build.0 = Debug|Any CPU
		{4F92501C-D591-4C78-B3F1-5DAA91E38F3F}.Debug|x86.ActiveCfg = Debug|Any CPU
		{4F92501C-D591-4C78-B3F1-5DAA91E38F3F}.Debug|x86.Build.0 = Debug|Any CPU
		{4F92501C-D591-4C78-B3F1-5DAA91E38F3F}.Release|Any CPU.ActiveCfg = Release|Any CPU
		{4F92501C-D591-4C78-B3F1-5DAA91E38F3F}.Release|Any CPU.Build.0 = Release|Any CPU
		{4F92501C-D591-4C78-B3F1-5DAA91E38F3F}.Release|x64.ActiveCfg = Release|Any CPU
		{4F92501C-D591-4C78-B3F1-5DAA91E38F3F}.Release|x64.Build.0 = Release|Any CPU
		{4F92501C-D591-4C78-B3F1-5DAA91E38F3F}.Release|x86.ActiveCfg = Release|Any CPU
		{4F92501C-D591-4C78-B3F1-5DAA91E38F3F}.Release|x86.Build.0 = Release|Any CPU
		{2D1E9D57-D8EA-4459-90D8-0244748BDA3E}.Debug|Any CPU.ActiveCfg = Debug|Any CPU
		{2D1E9D57-D8EA-4459-90D8-0244748BDA3E}.Debug|Any CPU.Build.0 = Debug|Any CPU
		{2D1E9D57-D8EA-4459-90D8-0244748BDA3E}.Debug|x64.ActiveCfg = Debug|Any CPU
		{2D1E9D57-D8EA-4459-90D8-0244748BDA3E}.Debug|x64.Build.0 = Debug|Any CPU
		{2D1E9D57-D8EA-4459-90D8-0244748BDA3E}.Debug|x86.ActiveCfg = Debug|Any CPU
		{2D1E9D57-D8EA-4459-90D8-0244748BDA3E}.Debug|x86.Build.0 = Debug|Any CPU
		{2D1E9D57-D8EA-4459-90D8-0244748BDA3E}.Release|Any CPU.ActiveCfg = Release|Any CPU
		{2D1E9D57-D8EA-4459-90D8-0244748BDA3E}.Release|Any CPU.Build.0 = Release|Any CPU
		{2D1E9D57-D8EA-4459-90D8-0244748BDA3E}.Release|x64.ActiveCfg = Release|Any CPU
		{2D1E9D57-D8EA-4459-90D8-0244748BDA3E}.Release|x64.Build.0 = Release|Any CPU
		{2D1E9D57-D8EA-4459-90D8-0244748BDA3E}.Release|x86.ActiveCfg = Release|Any CPU
		{2D1E9D57-D8EA-4459-90D8-0244748BDA3E}.Release|x86.Build.0 = Release|Any CPU
		{9091BEE6-FCE2-4BC8-A9CD-0F39BA74AEE8}.Debug|Any CPU.ActiveCfg = Debug|Any CPU
		{9091BEE6-FCE2-4BC8-A9CD-0F39BA74AEE8}.Debug|Any CPU.Build.0 = Debug|Any CPU
		{9091BEE6-FCE2-4BC8-A9CD-0F39BA74AEE8}.Debug|x64.ActiveCfg = Debug|Any CPU
		{9091BEE6-FCE2-4BC8-A9CD-0F39BA74AEE8}.Debug|x64.Build.0 = Debug|Any CPU
		{9091BEE6-FCE2-4BC8-A9CD-0F39BA74AEE8}.Debug|x86.ActiveCfg = Debug|Any CPU
		{9091BEE6-FCE2-4BC8-A9CD-0F39BA74AEE8}.Debug|x86.Build.0 = Debug|Any CPU
		{9091BEE6-FCE2-4BC8-A9CD-0F39BA74AEE8}.Release|Any CPU.ActiveCfg = Release|Any CPU
		{9091BEE6-FCE2-4BC8-A9CD-0F39BA74AEE8}.Release|Any CPU.Build.0 = Release|Any CPU
		{9091BEE6-FCE2-4BC8-A9CD-0F39BA74AEE8}.Release|x64.ActiveCfg = Release|Any CPU
		{9091BEE6-FCE2-4BC8-A9CD-0F39BA74AEE8}.Release|x64.Build.0 = Release|Any CPU
		{9091BEE6-FCE2-4BC8-A9CD-0F39BA74AEE8}.Release|x86.ActiveCfg = Release|Any CPU
		{9091BEE6-FCE2-4BC8-A9CD-0F39BA74AEE8}.Release|x86.Build.0 = Release|Any CPU
		{5A91815B-E347-4A41-9610-A7AA7E61B150}.Debug|Any CPU.ActiveCfg = Debug|Any CPU
		{5A91815B-E347-4A41-9610-A7AA7E61B150}.Debug|Any CPU.Build.0 = Debug|Any CPU
		{5A91815B-E347-4A41-9610-A7AA7E61B150}.Debug|x64.ActiveCfg = Debug|Any CPU
		{5A91815B-E347-4A41-9610-A7AA7E61B150}.Debug|x64.Build.0 = Debug|Any CPU
		{5A91815B-E347-4A41-9610-A7AA7E61B150}.Debug|x86.ActiveCfg = Debug|Any CPU
		{5A91815B-E347-4A41-9610-A7AA7E61B150}.Debug|x86.Build.0 = Debug|Any CPU
		{5A91815B-E347-4A41-9610-A7AA7E61B150}.Release|Any CPU.ActiveCfg = Release|Any CPU
		{5A91815B-E347-4A41-9610-A7AA7E61B150}.Release|Any CPU.Build.0 = Release|Any CPU
		{5A91815B-E347-4A41-9610-A7AA7E61B150}.Release|x64.ActiveCfg = Release|Any CPU
		{5A91815B-E347-4A41-9610-A7AA7E61B150}.Release|x64.Build.0 = Release|Any CPU
		{5A91815B-E347-4A41-9610-A7AA7E61B150}.Release|x86.ActiveCfg = Release|Any CPU
		{5A91815B-E347-4A41-9610-A7AA7E61B150}.Release|x86.Build.0 = Release|Any CPU
		{DB740913-C150-486E-9662-457B1E3362B1}.Debug|Any CPU.ActiveCfg = Debug|Any CPU
		{DB740913-C150-486E-9662-457B1E3362B1}.Debug|Any CPU.Build.0 = Debug|Any CPU
		{DB740913-C150-486E-9662-457B1E3362B1}.Debug|x64.ActiveCfg = Debug|Any CPU
		{DB740913-C150-486E-9662-457B1E3362B1}.Debug|x64.Build.0 = Debug|Any CPU
		{DB740913-C150-486E-9662-457B1E3362B1}.Debug|x86.ActiveCfg = Debug|Any CPU
		{DB740913-C150-486E-9662-457B1E3362B1}.Debug|x86.Build.0 = Debug|Any CPU
		{DB740913-C150-486E-9662-457B1E3362B1}.Release|Any CPU.ActiveCfg = Release|Any CPU
		{DB740913-C150-486E-9662-457B1E3362B1}.Release|Any CPU.Build.0 = Release|Any CPU
		{DB740913-C150-486E-9662-457B1E3362B1}.Release|x64.ActiveCfg = Release|Any CPU
		{DB740913-C150-486E-9662-457B1E3362B1}.Release|x64.Build.0 = Release|Any CPU
		{DB740913-C150-486E-9662-457B1E3362B1}.Release|x86.ActiveCfg = Release|Any CPU
		{DB740913-C150-486E-9662-457B1E3362B1}.Release|x86.Build.0 = Release|Any CPU
		{FBEF4C43-9D4D-4713-A56D-93E958FC891F}.Debug|Any CPU.ActiveCfg = Debug|Any CPU
		{FBEF4C43-9D4D-4713-A56D-93E958FC891F}.Debug|Any CPU.Build.0 = Debug|Any CPU
		{FBEF4C43-9D4D-4713-A56D-93E958FC891F}.Debug|x64.ActiveCfg = Debug|Any CPU
		{FBEF4C43-9D4D-4713-A56D-93E958FC891F}.Debug|x64.Build.0 = Debug|Any CPU
		{FBEF4C43-9D4D-4713-A56D-93E958FC891F}.Debug|x86.ActiveCfg = Debug|Any CPU
		{FBEF4C43-9D4D-4713-A56D-93E958FC891F}.Debug|x86.Build.0 = Debug|Any CPU
		{FBEF4C43-9D4D-4713-A56D-93E958FC891F}.Release|Any CPU.ActiveCfg = Release|Any CPU
		{FBEF4C43-9D4D-4713-A56D-93E958FC891F}.Release|Any CPU.Build.0 = Release|Any CPU
		{FBEF4C43-9D4D-4713-A56D-93E958FC891F}.Release|x64.ActiveCfg = Release|Any CPU
		{FBEF4C43-9D4D-4713-A56D-93E958FC891F}.Release|x64.Build.0 = Release|Any CPU
		{FBEF4C43-9D4D-4713-A56D-93E958FC891F}.Release|x86.ActiveCfg = Release|Any CPU
		{FBEF4C43-9D4D-4713-A56D-93E958FC891F}.Release|x86.Build.0 = Release|Any CPU
		{9568A4EC-3E86-4A55-AC69-38DEA43E2438}.Debug|Any CPU.ActiveCfg = Debug|Any CPU
		{9568A4EC-3E86-4A55-AC69-38DEA43E2438}.Debug|Any CPU.Build.0 = Debug|Any CPU
		{9568A4EC-3E86-4A55-AC69-38DEA43E2438}.Debug|x64.ActiveCfg = Debug|Any CPU
		{9568A4EC-3E86-4A55-AC69-38DEA43E2438}.Debug|x64.Build.0 = Debug|Any CPU
		{9568A4EC-3E86-4A55-AC69-38DEA43E2438}.Debug|x86.ActiveCfg = Debug|Any CPU
		{9568A4EC-3E86-4A55-AC69-38DEA43E2438}.Debug|x86.Build.0 = Debug|Any CPU
		{9568A4EC-3E86-4A55-AC69-38DEA43E2438}.Release|Any CPU.ActiveCfg = Release|Any CPU
		{9568A4EC-3E86-4A55-AC69-38DEA43E2438}.Release|Any CPU.Build.0 = Release|Any CPU
		{9568A4EC-3E86-4A55-AC69-38DEA43E2438}.Release|x64.ActiveCfg = Release|Any CPU
		{9568A4EC-3E86-4A55-AC69-38DEA43E2438}.Release|x64.Build.0 = Release|Any CPU
		{9568A4EC-3E86-4A55-AC69-38DEA43E2438}.Release|x86.ActiveCfg = Release|Any CPU
		{9568A4EC-3E86-4A55-AC69-38DEA43E2438}.Release|x86.Build.0 = Release|Any CPU
		{4B2A8F15-ACFD-40B2-A44A-8B3219640505}.Debug|Any CPU.ActiveCfg = Debug|Any CPU
		{4B2A8F15-ACFD-40B2-A44A-8B3219640505}.Debug|Any CPU.Build.0 = Debug|Any CPU
		{4B2A8F15-ACFD-40B2-A44A-8B3219640505}.Debug|x64.ActiveCfg = Debug|Any CPU
		{4B2A8F15-ACFD-40B2-A44A-8B3219640505}.Debug|x64.Build.0 = Debug|Any CPU
		{4B2A8F15-ACFD-40B2-A44A-8B3219640505}.Debug|x86.ActiveCfg = Debug|Any CPU
		{4B2A8F15-ACFD-40B2-A44A-8B3219640505}.Debug|x86.Build.0 = Debug|Any CPU
		{4B2A8F15-ACFD-40B2-A44A-8B3219640505}.Release|Any CPU.ActiveCfg = Release|Any CPU
		{4B2A8F15-ACFD-40B2-A44A-8B3219640505}.Release|Any CPU.Build.0 = Release|Any CPU
		{4B2A8F15-ACFD-40B2-A44A-8B3219640505}.Release|x64.ActiveCfg = Release|Any CPU
		{4B2A8F15-ACFD-40B2-A44A-8B3219640505}.Release|x64.Build.0 = Release|Any CPU
		{4B2A8F15-ACFD-40B2-A44A-8B3219640505}.Release|x86.ActiveCfg = Release|Any CPU
		{4B2A8F15-ACFD-40B2-A44A-8B3219640505}.Release|x86.Build.0 = Release|Any CPU
		{F78DBAAE-AAEF-47BC-B0A4-6F7141E8FE09}.Debug|Any CPU.ActiveCfg = Debug|Any CPU
		{F78DBAAE-AAEF-47BC-B0A4-6F7141E8FE09}.Debug|Any CPU.Build.0 = Debug|Any CPU
		{F78DBAAE-AAEF-47BC-B0A4-6F7141E8FE09}.Debug|x64.ActiveCfg = Debug|Any CPU
		{F78DBAAE-AAEF-47BC-B0A4-6F7141E8FE09}.Debug|x64.Build.0 = Debug|Any CPU
		{F78DBAAE-AAEF-47BC-B0A4-6F7141E8FE09}.Debug|x86.ActiveCfg = Debug|Any CPU
		{F78DBAAE-AAEF-47BC-B0A4-6F7141E8FE09}.Debug|x86.Build.0 = Debug|Any CPU
		{F78DBAAE-AAEF-47BC-B0A4-6F7141E8FE09}.Release|Any CPU.ActiveCfg = Release|Any CPU
		{F78DBAAE-AAEF-47BC-B0A4-6F7141E8FE09}.Release|Any CPU.Build.0 = Release|Any CPU
		{F78DBAAE-AAEF-47BC-B0A4-6F7141E8FE09}.Release|x64.ActiveCfg = Release|Any CPU
		{F78DBAAE-AAEF-47BC-B0A4-6F7141E8FE09}.Release|x64.Build.0 = Release|Any CPU
		{F78DBAAE-AAEF-47BC-B0A4-6F7141E8FE09}.Release|x86.ActiveCfg = Release|Any CPU
		{F78DBAAE-AAEF-47BC-B0A4-6F7141E8FE09}.Release|x86.Build.0 = Release|Any CPU
		{D9008160-4F31-4CC1-8397-FAB3990EAA9B}.Debug|Any CPU.ActiveCfg = Debug|Any CPU
		{D9008160-4F31-4CC1-8397-FAB3990EAA9B}.Debug|Any CPU.Build.0 = Debug|Any CPU
		{D9008160-4F31-4CC1-8397-FAB3990EAA9B}.Debug|x64.ActiveCfg = Debug|Any CPU
		{D9008160-4F31-4CC1-8397-FAB3990EAA9B}.Debug|x64.Build.0 = Debug|Any CPU
		{D9008160-4F31-4CC1-8397-FAB3990EAA9B}.Debug|x86.ActiveCfg = Debug|Any CPU
		{D9008160-4F31-4CC1-8397-FAB3990EAA9B}.Debug|x86.Build.0 = Debug|Any CPU
		{D9008160-4F31-4CC1-8397-FAB3990EAA9B}.Release|Any CPU.ActiveCfg = Release|Any CPU
		{D9008160-4F31-4CC1-8397-FAB3990EAA9B}.Release|Any CPU.Build.0 = Release|Any CPU
		{D9008160-4F31-4CC1-8397-FAB3990EAA9B}.Release|x64.ActiveCfg = Release|Any CPU
		{D9008160-4F31-4CC1-8397-FAB3990EAA9B}.Release|x64.Build.0 = Release|Any CPU
		{D9008160-4F31-4CC1-8397-FAB3990EAA9B}.Release|x86.ActiveCfg = Release|Any CPU
		{D9008160-4F31-4CC1-8397-FAB3990EAA9B}.Release|x86.Build.0 = Release|Any CPU
		{A9ACBA24-6FD3-40C8-AEED-8DB5C7DAFD3F}.Debug|Any CPU.ActiveCfg = Debug|Any CPU
		{A9ACBA24-6FD3-40C8-AEED-8DB5C7DAFD3F}.Debug|Any CPU.Build.0 = Debug|Any CPU
		{A9ACBA24-6FD3-40C8-AEED-8DB5C7DAFD3F}.Debug|x64.ActiveCfg = Debug|Any CPU
		{A9ACBA24-6FD3-40C8-AEED-8DB5C7DAFD3F}.Debug|x64.Build.0 = Debug|Any CPU
		{A9ACBA24-6FD3-40C8-AEED-8DB5C7DAFD3F}.Debug|x86.ActiveCfg = Debug|Any CPU
		{A9ACBA24-6FD3-40C8-AEED-8DB5C7DAFD3F}.Debug|x86.Build.0 = Debug|Any CPU
		{A9ACBA24-6FD3-40C8-AEED-8DB5C7DAFD3F}.Release|Any CPU.ActiveCfg = Release|Any CPU
		{A9ACBA24-6FD3-40C8-AEED-8DB5C7DAFD3F}.Release|Any CPU.Build.0 = Release|Any CPU
		{A9ACBA24-6FD3-40C8-AEED-8DB5C7DAFD3F}.Release|x64.ActiveCfg = Release|Any CPU
		{A9ACBA24-6FD3-40C8-AEED-8DB5C7DAFD3F}.Release|x64.Build.0 = Release|Any CPU
		{A9ACBA24-6FD3-40C8-AEED-8DB5C7DAFD3F}.Release|x86.ActiveCfg = Release|Any CPU
		{A9ACBA24-6FD3-40C8-AEED-8DB5C7DAFD3F}.Release|x86.Build.0 = Release|Any CPU
		{42314EF7-6B38-435D-9ACE-1A476333E44B}.Debug|Any CPU.ActiveCfg = Debug|Any CPU
		{42314EF7-6B38-435D-9ACE-1A476333E44B}.Debug|Any CPU.Build.0 = Debug|Any CPU
		{42314EF7-6B38-435D-9ACE-1A476333E44B}.Debug|x64.ActiveCfg = Debug|Any CPU
		{42314EF7-6B38-435D-9ACE-1A476333E44B}.Debug|x64.Build.0 = Debug|Any CPU
		{42314EF7-6B38-435D-9ACE-1A476333E44B}.Debug|x86.ActiveCfg = Debug|Any CPU
		{42314EF7-6B38-435D-9ACE-1A476333E44B}.Debug|x86.Build.0 = Debug|Any CPU
		{42314EF7-6B38-435D-9ACE-1A476333E44B}.Release|Any CPU.ActiveCfg = Release|Any CPU
		{42314EF7-6B38-435D-9ACE-1A476333E44B}.Release|Any CPU.Build.0 = Release|Any CPU
		{42314EF7-6B38-435D-9ACE-1A476333E44B}.Release|x64.ActiveCfg = Release|Any CPU
		{42314EF7-6B38-435D-9ACE-1A476333E44B}.Release|x64.Build.0 = Release|Any CPU
		{42314EF7-6B38-435D-9ACE-1A476333E44B}.Release|x86.ActiveCfg = Release|Any CPU
		{42314EF7-6B38-435D-9ACE-1A476333E44B}.Release|x86.Build.0 = Release|Any CPU
		{C56C5001-FDF6-454D-B0A1-A9054CCDF899}.Debug|Any CPU.ActiveCfg = Debug|Any CPU
		{C56C5001-FDF6-454D-B0A1-A9054CCDF899}.Debug|Any CPU.Build.0 = Debug|Any CPU
		{C56C5001-FDF6-454D-B0A1-A9054CCDF899}.Debug|x64.ActiveCfg = Debug|Any CPU
		{C56C5001-FDF6-454D-B0A1-A9054CCDF899}.Debug|x64.Build.0 = Debug|Any CPU
		{C56C5001-FDF6-454D-B0A1-A9054CCDF899}.Debug|x86.ActiveCfg = Debug|Any CPU
		{C56C5001-FDF6-454D-B0A1-A9054CCDF899}.Debug|x86.Build.0 = Debug|Any CPU
		{C56C5001-FDF6-454D-B0A1-A9054CCDF899}.Release|Any CPU.ActiveCfg = Release|Any CPU
		{C56C5001-FDF6-454D-B0A1-A9054CCDF899}.Release|Any CPU.Build.0 = Release|Any CPU
		{C56C5001-FDF6-454D-B0A1-A9054CCDF899}.Release|x64.ActiveCfg = Release|Any CPU
		{C56C5001-FDF6-454D-B0A1-A9054CCDF899}.Release|x64.Build.0 = Release|Any CPU
		{C56C5001-FDF6-454D-B0A1-A9054CCDF899}.Release|x86.ActiveCfg = Release|Any CPU
		{C56C5001-FDF6-454D-B0A1-A9054CCDF899}.Release|x86.Build.0 = Release|Any CPU
		{757707FB-6F9E-42AF-986A-E345C745C647}.Debug|Any CPU.ActiveCfg = Debug|Any CPU
		{757707FB-6F9E-42AF-986A-E345C745C647}.Debug|Any CPU.Build.0 = Debug|Any CPU
		{757707FB-6F9E-42AF-986A-E345C745C647}.Debug|x64.ActiveCfg = Debug|Any CPU
		{757707FB-6F9E-42AF-986A-E345C745C647}.Debug|x64.Build.0 = Debug|Any CPU
		{757707FB-6F9E-42AF-986A-E345C745C647}.Debug|x86.ActiveCfg = Debug|Any CPU
		{757707FB-6F9E-42AF-986A-E345C745C647}.Debug|x86.Build.0 = Debug|Any CPU
		{757707FB-6F9E-42AF-986A-E345C745C647}.Release|Any CPU.ActiveCfg = Release|Any CPU
		{757707FB-6F9E-42AF-986A-E345C745C647}.Release|Any CPU.Build.0 = Release|Any CPU
		{757707FB-6F9E-42AF-986A-E345C745C647}.Release|x64.ActiveCfg = Release|Any CPU
		{757707FB-6F9E-42AF-986A-E345C745C647}.Release|x64.Build.0 = Release|Any CPU
		{757707FB-6F9E-42AF-986A-E345C745C647}.Release|x86.ActiveCfg = Release|Any CPU
		{757707FB-6F9E-42AF-986A-E345C745C647}.Release|x86.Build.0 = Release|Any CPU
		{4804773D-D8EC-427B-A997-9C85DB806EB7}.Debug|Any CPU.ActiveCfg = Debug|Any CPU
		{4804773D-D8EC-427B-A997-9C85DB806EB7}.Debug|Any CPU.Build.0 = Debug|Any CPU
		{4804773D-D8EC-427B-A997-9C85DB806EB7}.Debug|x64.ActiveCfg = Debug|Any CPU
		{4804773D-D8EC-427B-A997-9C85DB806EB7}.Debug|x64.Build.0 = Debug|Any CPU
		{4804773D-D8EC-427B-A997-9C85DB806EB7}.Debug|x86.ActiveCfg = Debug|Any CPU
		{4804773D-D8EC-427B-A997-9C85DB806EB7}.Debug|x86.Build.0 = Debug|Any CPU
		{4804773D-D8EC-427B-A997-9C85DB806EB7}.Release|Any CPU.ActiveCfg = Release|Any CPU
		{4804773D-D8EC-427B-A997-9C85DB806EB7}.Release|Any CPU.Build.0 = Release|Any CPU
		{4804773D-D8EC-427B-A997-9C85DB806EB7}.Release|x64.ActiveCfg = Release|Any CPU
		{4804773D-D8EC-427B-A997-9C85DB806EB7}.Release|x64.Build.0 = Release|Any CPU
		{4804773D-D8EC-427B-A997-9C85DB806EB7}.Release|x86.ActiveCfg = Release|Any CPU
		{4804773D-D8EC-427B-A997-9C85DB806EB7}.Release|x86.Build.0 = Release|Any CPU
		{65FC128B-D2F3-4FDC-A451-945C99195D4C}.Debug|Any CPU.ActiveCfg = Debug|Any CPU
		{65FC128B-D2F3-4FDC-A451-945C99195D4C}.Debug|Any CPU.Build.0 = Debug|Any CPU
		{65FC128B-D2F3-4FDC-A451-945C99195D4C}.Debug|x64.ActiveCfg = Debug|Any CPU
		{65FC128B-D2F3-4FDC-A451-945C99195D4C}.Debug|x64.Build.0 = Debug|Any CPU
		{65FC128B-D2F3-4FDC-A451-945C99195D4C}.Debug|x86.ActiveCfg = Debug|Any CPU
		{65FC128B-D2F3-4FDC-A451-945C99195D4C}.Debug|x86.Build.0 = Debug|Any CPU
		{65FC128B-D2F3-4FDC-A451-945C99195D4C}.Release|Any CPU.ActiveCfg = Release|Any CPU
		{65FC128B-D2F3-4FDC-A451-945C99195D4C}.Release|Any CPU.Build.0 = Release|Any CPU
		{65FC128B-D2F3-4FDC-A451-945C99195D4C}.Release|x64.ActiveCfg = Release|Any CPU
		{65FC128B-D2F3-4FDC-A451-945C99195D4C}.Release|x64.Build.0 = Release|Any CPU
		{65FC128B-D2F3-4FDC-A451-945C99195D4C}.Release|x86.ActiveCfg = Release|Any CPU
		{65FC128B-D2F3-4FDC-A451-945C99195D4C}.Release|x86.Build.0 = Release|Any CPU
		{CC1732DE-A5CE-4ECB-A573-A12B62C8BBEB}.Debug|Any CPU.ActiveCfg = Debug|Any CPU
		{CC1732DE-A5CE-4ECB-A573-A12B62C8BBEB}.Debug|Any CPU.Build.0 = Debug|Any CPU
		{CC1732DE-A5CE-4ECB-A573-A12B62C8BBEB}.Debug|x64.ActiveCfg = Debug|Any CPU
		{CC1732DE-A5CE-4ECB-A573-A12B62C8BBEB}.Debug|x64.Build.0 = Debug|Any CPU
		{CC1732DE-A5CE-4ECB-A573-A12B62C8BBEB}.Debug|x86.ActiveCfg = Debug|Any CPU
		{CC1732DE-A5CE-4ECB-A573-A12B62C8BBEB}.Debug|x86.Build.0 = Debug|Any CPU
		{CC1732DE-A5CE-4ECB-A573-A12B62C8BBEB}.Release|Any CPU.ActiveCfg = Release|Any CPU
		{CC1732DE-A5CE-4ECB-A573-A12B62C8BBEB}.Release|Any CPU.Build.0 = Release|Any CPU
		{CC1732DE-A5CE-4ECB-A573-A12B62C8BBEB}.Release|x64.ActiveCfg = Release|Any CPU
		{CC1732DE-A5CE-4ECB-A573-A12B62C8BBEB}.Release|x64.Build.0 = Release|Any CPU
		{CC1732DE-A5CE-4ECB-A573-A12B62C8BBEB}.Release|x86.ActiveCfg = Release|Any CPU
		{CC1732DE-A5CE-4ECB-A573-A12B62C8BBEB}.Release|x86.Build.0 = Release|Any CPU
		{BFF8E638-B269-486B-A1DA-223F6C2ED896}.Debug|Any CPU.ActiveCfg = Debug|Any CPU
		{BFF8E638-B269-486B-A1DA-223F6C2ED896}.Debug|Any CPU.Build.0 = Debug|Any CPU
		{BFF8E638-B269-486B-A1DA-223F6C2ED896}.Debug|x64.ActiveCfg = Debug|Any CPU
		{BFF8E638-B269-486B-A1DA-223F6C2ED896}.Debug|x64.Build.0 = Debug|Any CPU
		{BFF8E638-B269-486B-A1DA-223F6C2ED896}.Debug|x86.ActiveCfg = Debug|Any CPU
		{BFF8E638-B269-486B-A1DA-223F6C2ED896}.Debug|x86.Build.0 = Debug|Any CPU
		{BFF8E638-B269-486B-A1DA-223F6C2ED896}.Release|Any CPU.ActiveCfg = Release|Any CPU
		{BFF8E638-B269-486B-A1DA-223F6C2ED896}.Release|Any CPU.Build.0 = Release|Any CPU
		{BFF8E638-B269-486B-A1DA-223F6C2ED896}.Release|x64.ActiveCfg = Release|Any CPU
		{BFF8E638-B269-486B-A1DA-223F6C2ED896}.Release|x64.Build.0 = Release|Any CPU
		{BFF8E638-B269-486B-A1DA-223F6C2ED896}.Release|x86.ActiveCfg = Release|Any CPU
		{BFF8E638-B269-486B-A1DA-223F6C2ED896}.Release|x86.Build.0 = Release|Any CPU
		{D59D6E2B-1D3C-4E5F-8EE3-FC215E920704}.Debug|Any CPU.ActiveCfg = Debug|Any CPU
		{D59D6E2B-1D3C-4E5F-8EE3-FC215E920704}.Debug|Any CPU.Build.0 = Debug|Any CPU
		{D59D6E2B-1D3C-4E5F-8EE3-FC215E920704}.Debug|x64.ActiveCfg = Debug|Any CPU
		{D59D6E2B-1D3C-4E5F-8EE3-FC215E920704}.Debug|x64.Build.0 = Debug|Any CPU
		{D59D6E2B-1D3C-4E5F-8EE3-FC215E920704}.Debug|x86.ActiveCfg = Debug|Any CPU
		{D59D6E2B-1D3C-4E5F-8EE3-FC215E920704}.Debug|x86.Build.0 = Debug|Any CPU
		{D59D6E2B-1D3C-4E5F-8EE3-FC215E920704}.Release|Any CPU.ActiveCfg = Release|Any CPU
		{D59D6E2B-1D3C-4E5F-8EE3-FC215E920704}.Release|Any CPU.Build.0 = Release|Any CPU
		{D59D6E2B-1D3C-4E5F-8EE3-FC215E920704}.Release|x64.ActiveCfg = Release|Any CPU
		{D59D6E2B-1D3C-4E5F-8EE3-FC215E920704}.Release|x64.Build.0 = Release|Any CPU
		{D59D6E2B-1D3C-4E5F-8EE3-FC215E920704}.Release|x86.ActiveCfg = Release|Any CPU
		{D59D6E2B-1D3C-4E5F-8EE3-FC215E920704}.Release|x86.Build.0 = Release|Any CPU
	EndGlobalSection
	GlobalSection(NestedProjects) = preSolution
		{0E2C79B3-C794-400D-A659-B1D476A0B734} = {23A9D84E-810F-4A4A-8A55-03F8A8D90091}
		{4C3F82CF-F700-4BF6-AB87-DE6E1C351C7B} = {23A9D84E-810F-4A4A-8A55-03F8A8D90091}
		{409A4823-8F36-4253-BD34-207C9BED9264} = {23A9D84E-810F-4A4A-8A55-03F8A8D90091}
		{1A81D1B5-6776-46BB-86DB-14CB8EDC9F7A} = {23A9D84E-810F-4A4A-8A55-03F8A8D90091}
		{B6C4FC1B-B7AC-4C33-A386-A9D29E30944B} = {23A9D84E-810F-4A4A-8A55-03F8A8D90091}
		{036EE9CC-E5B5-46EB-B244-2A7F6FB5A6D4} = {23A9D84E-810F-4A4A-8A55-03F8A8D90091}
		{BF740AE2-7990-4BF5-A0AF-C1C919CDD64F} = {23A9D84E-810F-4A4A-8A55-03F8A8D90091}
		{6266090E-E083-4FC2-9A57-62AA6239FB48} = {B189D12D-3FFA-4E7C-BCAC-FD4B42553D88}
		{821CEF84-09C1-4523-9DBB-04ACD51D18A5} = {A75FDAC9-5744-42CC-84A3-4BB567294997}
		{65D6DF84-BC57-4D25-996F-C1CDEC44F309} = {821CEF84-09C1-4523-9DBB-04ACD51D18A5}
		{C64DDF5C-ADE8-4AF7-897E-CB28CB46E3E9} = {65D6DF84-BC57-4D25-996F-C1CDEC44F309}
		{B5197799-79CE-41C3-8810-8FBB6F3188D0} = {65D6DF84-BC57-4D25-996F-C1CDEC44F309}
		{5FE3F413-537F-48E3-A8EA-AD04FA69C388} = {65D6DF84-BC57-4D25-996F-C1CDEC44F309}
		{C9B84307-8FF7-4C2B-88F2-F5BC48C911D7} = {65D6DF84-BC57-4D25-996F-C1CDEC44F309}
		{EFB5BD85-AB96-49F4-BAF9-B51E0862A5B9} = {65D6DF84-BC57-4D25-996F-C1CDEC44F309}
		{0FBF26DD-3F3B-44AB-B19D-11B8D81ED243} = {65D6DF84-BC57-4D25-996F-C1CDEC44F309}
		{CD457435-625B-43C9-8BC6-F6E01BA1C532} = {65D6DF84-BC57-4D25-996F-C1CDEC44F309}
		{BC247588-7563-4133-ADFA-BE1A21C11B9B} = {65D6DF84-BC57-4D25-996F-C1CDEC44F309}
		{232BBA8F-870D-4921-9FCB-470CAD3F10D5} = {65D6DF84-BC57-4D25-996F-C1CDEC44F309}
		{AE3B7667-4C57-4D1D-83B5-D470FD261DF7} = {65D6DF84-BC57-4D25-996F-C1CDEC44F309}
		{188965C3-4F4A-4254-85AA-64E6614334BA} = {65D6DF84-BC57-4D25-996F-C1CDEC44F309}
		{4F92501C-D591-4C78-B3F1-5DAA91E38F3F} = {65D6DF84-BC57-4D25-996F-C1CDEC44F309}
		{2D1E9D57-D8EA-4459-90D8-0244748BDA3E} = {65D6DF84-BC57-4D25-996F-C1CDEC44F309}
		{9091BEE6-FCE2-4BC8-A9CD-0F39BA74AEE8} = {65D6DF84-BC57-4D25-996F-C1CDEC44F309}
		{5A91815B-E347-4A41-9610-A7AA7E61B150} = {65D6DF84-BC57-4D25-996F-C1CDEC44F309}
		{DB740913-C150-486E-9662-457B1E3362B1} = {65D6DF84-BC57-4D25-996F-C1CDEC44F309}
		{FBEF4C43-9D4D-4713-A56D-93E958FC891F} = {65D6DF84-BC57-4D25-996F-C1CDEC44F309}
		{9568A4EC-3E86-4A55-AC69-38DEA43E2438} = {65D6DF84-BC57-4D25-996F-C1CDEC44F309}
		{4B2A8F15-ACFD-40B2-A44A-8B3219640505} = {65D6DF84-BC57-4D25-996F-C1CDEC44F309}
		{3F2FEEAF-C2CE-40CE-8313-24B7DEE0B5A6} = {821CEF84-09C1-4523-9DBB-04ACD51D18A5}
		{F78DBAAE-AAEF-47BC-B0A4-6F7141E8FE09} = {3F2FEEAF-C2CE-40CE-8313-24B7DEE0B5A6}
		{D9008160-4F31-4CC1-8397-FAB3990EAA9B} = {3F2FEEAF-C2CE-40CE-8313-24B7DEE0B5A6}
		{A9ACBA24-6FD3-40C8-AEED-8DB5C7DAFD3F} = {3F2FEEAF-C2CE-40CE-8313-24B7DEE0B5A6}
		{42314EF7-6B38-435D-9ACE-1A476333E44B} = {3F2FEEAF-C2CE-40CE-8313-24B7DEE0B5A6}
		{C56C5001-FDF6-454D-B0A1-A9054CCDF899} = {3F2FEEAF-C2CE-40CE-8313-24B7DEE0B5A6}
		{757707FB-6F9E-42AF-986A-E345C745C647} = {3F2FEEAF-C2CE-40CE-8313-24B7DEE0B5A6}
		{4804773D-D8EC-427B-A997-9C85DB806EB7} = {3F2FEEAF-C2CE-40CE-8313-24B7DEE0B5A6}
		{65FC128B-D2F3-4FDC-A451-945C99195D4C} = {3F2FEEAF-C2CE-40CE-8313-24B7DEE0B5A6}
		{CC1732DE-A5CE-4ECB-A573-A12B62C8BBEB} = {3F2FEEAF-C2CE-40CE-8313-24B7DEE0B5A6}
		{BFF8E638-B269-486B-A1DA-223F6C2ED896} = {3F2FEEAF-C2CE-40CE-8313-24B7DEE0B5A6}
		{D59D6E2B-1D3C-4E5F-8EE3-FC215E920704} = {3F2FEEAF-C2CE-40CE-8313-24B7DEE0B5A6}
	EndGlobalSection
EndGlobal
