
Microsoft Visual Studio Solution File, Format Version 12.00
# Visual Studio 15
VisualStudioVersion = 15.0.26124.0
MinimumVisualStudioVersion = 15.0.26124.0
Project("{2150E333-8FDC-42A3-9474-1A3956D46DE8}") = "refs", "refs", "{4683D6CF-41F6-4ED4-9F50-813FD93B32D9}"
EndProject
Project("{2150E333-8FDC-42A3-9474-1A3956D46DE8}") = "core", "core", "{A6D32EC4-1D59-4A8E-A9E1-859633F29290}"
EndProject
Project("{2150E333-8FDC-42A3-9474-1A3956D46DE8}") = "src", "src", "{A4EE358C-D1C5-47D7-83E7-4CFEE9E2FD93}"
EndProject
Project("{FAE04EC0-301F-11D3-BF4B-00C04F79EFBC}") = "Omnius.Core", "refs\core\src\Omnius.Core\Omnius.Core.csproj", "{06E810C6-0DA1-43E8-8E97-4DCF38FDDFEB}"
EndProject
Project("{FAE04EC0-301F-11D3-BF4B-00C04F79EFBC}") = "Omnius.Core.Collections", "refs\core\src\Omnius.Core.Collections\Omnius.Core.Collections.csproj", "{8F9AFCB0-90B2-49AD-B8C8-A2C09E1C7C1A}"
EndProject
Project("{FAE04EC0-301F-11D3-BF4B-00C04F79EFBC}") = "Omnius.Core.Cryptography", "refs\core\src\Omnius.Core.Cryptography\Omnius.Core.Cryptography.csproj", "{984C32A8-0546-4FA1-97C1-08D8182E3EFD}"
EndProject
Project("{FAE04EC0-301F-11D3-BF4B-00C04F79EFBC}") = "Omnius.Core.Io", "refs\core\src\Omnius.Core.Io\Omnius.Core.Io.csproj", "{C1D04537-0E4E-46DA-8AB5-0D4EDE15AE0E}"
EndProject
Project("{FAE04EC0-301F-11D3-BF4B-00C04F79EFBC}") = "Omnius.Core.Network", "refs\core\src\Omnius.Core.Network\Omnius.Core.Network.csproj", "{272D3041-2449-499E-8A77-98213C6FE302}"
EndProject
Project("{FAE04EC0-301F-11D3-BF4B-00C04F79EFBC}") = "Omnius.Core.Network.Proxies", "refs\core\src\Omnius.Core.Network.Proxies\Omnius.Core.Network.Proxies.csproj", "{A7E6286A-5B14-4BDD-A47C-6EB835619B85}"
EndProject
Project("{FAE04EC0-301F-11D3-BF4B-00C04F79EFBC}") = "Omnius.Core.Network.Upnp", "refs\core\src\Omnius.Core.Network.Upnp\Omnius.Core.Network.Upnp.csproj", "{6BA7F496-BFDF-4D34-B9B0-457FA00BB99C}"
EndProject
Project("{FAE04EC0-301F-11D3-BF4B-00C04F79EFBC}") = "Omnius.Core.RocketPack", "refs\core\src\Omnius.Core.RocketPack\Omnius.Core.RocketPack.csproj", "{E345A70E-D590-4B3D-90EC-98ACAC6A6F55}"
EndProject
Project("{FAE04EC0-301F-11D3-BF4B-00C04F79EFBC}") = "Omnius.Core.RocketPack.DefinitionCompiler", "refs\core\src\Omnius.Core.RocketPack.DefinitionCompiler\Omnius.Core.RocketPack.DefinitionCompiler.csproj", "{3395E562-F9B3-4D45-93BB-6A25C31BA83F}"
EndProject
Project("{FAE04EC0-301F-11D3-BF4B-00C04F79EFBC}") = "Omnius.Core.RocketPack.Remoting", "refs\core\src\Omnius.Core.RocketPack.Remoting\Omnius.Core.RocketPack.Remoting.csproj", "{DEC359DA-0B1C-415A-957C-5AAF28F7117B}"
EndProject
Project("{FAE04EC0-301F-11D3-BF4B-00C04F79EFBC}") = "Omnius.Core.Serialization", "refs\core\src\Omnius.Core.Serialization\Omnius.Core.Serialization.csproj", "{9328BF64-CE38-486C-8E54-A23437EB5E16}"
EndProject
Project("{FAE04EC0-301F-11D3-BF4B-00C04F79EFBC}") = "Omnius.Core.Test", "refs\core\src\Omnius.Core.Test\Omnius.Core.Test.csproj", "{F69BB5A2-F4CB-4AD5-BBCF-6AEF21CB67D3}"
EndProject
Project("{2150E333-8FDC-42A3-9474-1A3956D46DE8}") = "test", "test", "{0DC83D64-B537-4ECC-8E67-E7201A408E3F}"
EndProject
Project("{FAE04EC0-301F-11D3-BF4B-00C04F79EFBC}") = "Omnius.Core.Cryptography.Tests", "refs\core\test\Omnius.Core.Cryptography.Tests\Omnius.Core.Cryptography.Tests.csproj", "{4E177F59-6642-47DB-9497-622E08396A31}"
EndProject
Project("{FAE04EC0-301F-11D3-BF4B-00C04F79EFBC}") = "Omnius.Core.Io.Tests", "refs\core\test\Omnius.Core.Io.Tests\Omnius.Core.Io.Tests.csproj", "{5D330522-C305-483C-BC04-8868D1F3CE13}"
EndProject
Project("{FAE04EC0-301F-11D3-BF4B-00C04F79EFBC}") = "Omnius.Core.Network.Tests", "refs\core\test\Omnius.Core.Network.Tests\Omnius.Core.Network.Tests.csproj", "{8F6EF45B-E109-43A0-9162-24E1C12F448F}"
EndProject
Project("{FAE04EC0-301F-11D3-BF4B-00C04F79EFBC}") = "Omnius.Core.Network.Upnp.Tests", "refs\core\test\Omnius.Core.Network.Upnp.Tests\Omnius.Core.Network.Upnp.Tests.csproj", "{422BB12D-97F8-4990-A83F-BD46AA362AD7}"
EndProject
Project("{FAE04EC0-301F-11D3-BF4B-00C04F79EFBC}") = "Omnius.Core.RocketPack.Remoting.Tests", "refs\core\test\Omnius.Core.RocketPack.Remoting.Tests\Omnius.Core.RocketPack.Remoting.Tests.csproj", "{1971725B-BE5B-413F-9510-CE70EB5638FF}"
EndProject
Project("{FAE04EC0-301F-11D3-BF4B-00C04F79EFBC}") = "Omnius.Core.RocketPack.Tests", "refs\core\test\Omnius.Core.RocketPack.Tests\Omnius.Core.RocketPack.Tests.csproj", "{1ABD4A4E-9128-4AE2-8EED-6A1A648AED20}"
EndProject
Project("{FAE04EC0-301F-11D3-BF4B-00C04F79EFBC}") = "Omnius.Core.Serialization.Tests", "refs\core\test\Omnius.Core.Serialization.Tests\Omnius.Core.Serialization.Tests.csproj", "{775CC4A9-8D55-499F-81BB-28B0427BB09C}"
EndProject
Project("{FAE04EC0-301F-11D3-BF4B-00C04F79EFBC}") = "Omnius.Core.Tests", "refs\core\test\Omnius.Core.Tests\Omnius.Core.Tests.csproj", "{9B5DB3B0-6834-4DAD-A27E-E1680FAFF9C9}"
EndProject
Project("{2150E333-8FDC-42A3-9474-1A3956D46DE8}") = "src", "src", "{0667AC43-7C96-4BB4-B018-F12A0ED9F112}"
EndProject
Project("{FAE04EC0-301F-11D3-BF4B-00C04F79EFBC}") = "Omnius.Xeus.Api", "src\Omnius.Xeus.Api\Omnius.Xeus.Api.csproj", "{B5E88E77-5580-4089-A7DF-FDACC206851B}"
EndProject
Project("{FAE04EC0-301F-11D3-BF4B-00C04F79EFBC}") = "Omnius.Xeus.Daemon", "src\Omnius.Xeus.Daemon\Omnius.Xeus.Daemon.csproj", "{760F0893-2DF3-4801-82C2-32DA9415B2C3}"
EndProject
Project("{FAE04EC0-301F-11D3-BF4B-00C04F79EFBC}") = "Omnius.Xeus.Engines", "src\Omnius.Xeus.Engines\Omnius.Xeus.Engines.csproj", "{19FB1D9B-B524-4886-BD2A-888673278DD4}"
EndProject
Project("{FAE04EC0-301F-11D3-BF4B-00C04F79EFBC}") = "Omnius.Xeus.Engines.Implementations", "src\Omnius.Xeus.Engines.Implementations\Omnius.Xeus.Engines.Implementations.csproj", "{CA1BF73C-F267-462B-9E42-E42BEE6E4D79}"
EndProject
Project("{FAE04EC0-301F-11D3-BF4B-00C04F79EFBC}") = "Omnius.Xeus.Ui.Desktop", "src\Omnius.Xeus.Ui.Desktop\Omnius.Xeus.Ui.Desktop.csproj", "{6F6EB37F-3F53-49B1-9C7A-6B631AC47D34}"
EndProject
Project("{2150E333-8FDC-42A3-9474-1A3956D46DE8}") = "test", "test", "{037E9260-ED7D-4193-B137-DF6BC180AD49}"
EndProject
Project("{FAE04EC0-301F-11D3-BF4B-00C04F79EFBC}") = "Omnius.Xeus.Daemon.Tests", "test\Omnius.Xeus.Daemon.Tests\Omnius.Xeus.Daemon.Tests.csproj", "{9BF80D8A-EF86-4AA6-B0A1-11A3CBB4F936}"
EndProject
Project("{FAE04EC0-301F-11D3-BF4B-00C04F79EFBC}") = "Omnius.Xeus.Engines.Tests", "test\Omnius.Xeus.Engines.Tests\Omnius.Xeus.Engines.Tests.csproj", "{0A8901AB-C15C-4EE7-B32A-289A9AB51D2A}"
EndProject
Project("{FAE04EC0-301F-11D3-BF4B-00C04F79EFBC}") = "Omnius.Xeus.IntegrationTests", "test\Omnius.Xeus.IntegrationTests\Omnius.Xeus.IntegrationTests.csproj", "{3C022E25-AD59-4910-A1FF-D244EF6AB3BF}"
EndProject
Global
	GlobalSection(SolutionConfigurationPlatforms) = preSolution
		Debug|Any CPU = Debug|Any CPU
		Debug|x64 = Debug|x64
		Debug|x86 = Debug|x86
		Release|Any CPU = Release|Any CPU
		Release|x64 = Release|x64
		Release|x86 = Release|x86
	EndGlobalSection
	GlobalSection(SolutionProperties) = preSolution
		HideSolutionNode = FALSE
	EndGlobalSection
	GlobalSection(ProjectConfigurationPlatforms) = postSolution
		{06E810C6-0DA1-43E8-8E97-4DCF38FDDFEB}.Debug|Any CPU.ActiveCfg = Debug|Any CPU
		{06E810C6-0DA1-43E8-8E97-4DCF38FDDFEB}.Debug|Any CPU.Build.0 = Debug|Any CPU
		{06E810C6-0DA1-43E8-8E97-4DCF38FDDFEB}.Debug|x64.ActiveCfg = Debug|Any CPU
		{06E810C6-0DA1-43E8-8E97-4DCF38FDDFEB}.Debug|x64.Build.0 = Debug|Any CPU
		{06E810C6-0DA1-43E8-8E97-4DCF38FDDFEB}.Debug|x86.ActiveCfg = Debug|Any CPU
		{06E810C6-0DA1-43E8-8E97-4DCF38FDDFEB}.Debug|x86.Build.0 = Debug|Any CPU
		{06E810C6-0DA1-43E8-8E97-4DCF38FDDFEB}.Release|Any CPU.ActiveCfg = Release|Any CPU
		{06E810C6-0DA1-43E8-8E97-4DCF38FDDFEB}.Release|Any CPU.Build.0 = Release|Any CPU
		{06E810C6-0DA1-43E8-8E97-4DCF38FDDFEB}.Release|x64.ActiveCfg = Release|Any CPU
		{06E810C6-0DA1-43E8-8E97-4DCF38FDDFEB}.Release|x64.Build.0 = Release|Any CPU
		{06E810C6-0DA1-43E8-8E97-4DCF38FDDFEB}.Release|x86.ActiveCfg = Release|Any CPU
		{06E810C6-0DA1-43E8-8E97-4DCF38FDDFEB}.Release|x86.Build.0 = Release|Any CPU
		{8F9AFCB0-90B2-49AD-B8C8-A2C09E1C7C1A}.Debug|Any CPU.ActiveCfg = Debug|Any CPU
		{8F9AFCB0-90B2-49AD-B8C8-A2C09E1C7C1A}.Debug|Any CPU.Build.0 = Debug|Any CPU
		{8F9AFCB0-90B2-49AD-B8C8-A2C09E1C7C1A}.Debug|x64.ActiveCfg = Debug|Any CPU
		{8F9AFCB0-90B2-49AD-B8C8-A2C09E1C7C1A}.Debug|x64.Build.0 = Debug|Any CPU
		{8F9AFCB0-90B2-49AD-B8C8-A2C09E1C7C1A}.Debug|x86.ActiveCfg = Debug|Any CPU
		{8F9AFCB0-90B2-49AD-B8C8-A2C09E1C7C1A}.Debug|x86.Build.0 = Debug|Any CPU
		{8F9AFCB0-90B2-49AD-B8C8-A2C09E1C7C1A}.Release|Any CPU.ActiveCfg = Release|Any CPU
		{8F9AFCB0-90B2-49AD-B8C8-A2C09E1C7C1A}.Release|Any CPU.Build.0 = Release|Any CPU
		{8F9AFCB0-90B2-49AD-B8C8-A2C09E1C7C1A}.Release|x64.ActiveCfg = Release|Any CPU
		{8F9AFCB0-90B2-49AD-B8C8-A2C09E1C7C1A}.Release|x64.Build.0 = Release|Any CPU
		{8F9AFCB0-90B2-49AD-B8C8-A2C09E1C7C1A}.Release|x86.ActiveCfg = Release|Any CPU
		{8F9AFCB0-90B2-49AD-B8C8-A2C09E1C7C1A}.Release|x86.Build.0 = Release|Any CPU
		{984C32A8-0546-4FA1-97C1-08D8182E3EFD}.Debug|Any CPU.ActiveCfg = Debug|Any CPU
		{984C32A8-0546-4FA1-97C1-08D8182E3EFD}.Debug|Any CPU.Build.0 = Debug|Any CPU
		{984C32A8-0546-4FA1-97C1-08D8182E3EFD}.Debug|x64.ActiveCfg = Debug|Any CPU
		{984C32A8-0546-4FA1-97C1-08D8182E3EFD}.Debug|x64.Build.0 = Debug|Any CPU
		{984C32A8-0546-4FA1-97C1-08D8182E3EFD}.Debug|x86.ActiveCfg = Debug|Any CPU
		{984C32A8-0546-4FA1-97C1-08D8182E3EFD}.Debug|x86.Build.0 = Debug|Any CPU
		{984C32A8-0546-4FA1-97C1-08D8182E3EFD}.Release|Any CPU.ActiveCfg = Release|Any CPU
		{984C32A8-0546-4FA1-97C1-08D8182E3EFD}.Release|Any CPU.Build.0 = Release|Any CPU
		{984C32A8-0546-4FA1-97C1-08D8182E3EFD}.Release|x64.ActiveCfg = Release|Any CPU
		{984C32A8-0546-4FA1-97C1-08D8182E3EFD}.Release|x64.Build.0 = Release|Any CPU
		{984C32A8-0546-4FA1-97C1-08D8182E3EFD}.Release|x86.ActiveCfg = Release|Any CPU
		{984C32A8-0546-4FA1-97C1-08D8182E3EFD}.Release|x86.Build.0 = Release|Any CPU
		{C1D04537-0E4E-46DA-8AB5-0D4EDE15AE0E}.Debug|Any CPU.ActiveCfg = Debug|Any CPU
		{C1D04537-0E4E-46DA-8AB5-0D4EDE15AE0E}.Debug|Any CPU.Build.0 = Debug|Any CPU
		{C1D04537-0E4E-46DA-8AB5-0D4EDE15AE0E}.Debug|x64.ActiveCfg = Debug|Any CPU
		{C1D04537-0E4E-46DA-8AB5-0D4EDE15AE0E}.Debug|x64.Build.0 = Debug|Any CPU
		{C1D04537-0E4E-46DA-8AB5-0D4EDE15AE0E}.Debug|x86.ActiveCfg = Debug|Any CPU
		{C1D04537-0E4E-46DA-8AB5-0D4EDE15AE0E}.Debug|x86.Build.0 = Debug|Any CPU
		{C1D04537-0E4E-46DA-8AB5-0D4EDE15AE0E}.Release|Any CPU.ActiveCfg = Release|Any CPU
		{C1D04537-0E4E-46DA-8AB5-0D4EDE15AE0E}.Release|Any CPU.Build.0 = Release|Any CPU
		{C1D04537-0E4E-46DA-8AB5-0D4EDE15AE0E}.Release|x64.ActiveCfg = Release|Any CPU
		{C1D04537-0E4E-46DA-8AB5-0D4EDE15AE0E}.Release|x64.Build.0 = Release|Any CPU
		{C1D04537-0E4E-46DA-8AB5-0D4EDE15AE0E}.Release|x86.ActiveCfg = Release|Any CPU
		{C1D04537-0E4E-46DA-8AB5-0D4EDE15AE0E}.Release|x86.Build.0 = Release|Any CPU
		{272D3041-2449-499E-8A77-98213C6FE302}.Debug|Any CPU.ActiveCfg = Debug|Any CPU
		{272D3041-2449-499E-8A77-98213C6FE302}.Debug|Any CPU.Build.0 = Debug|Any CPU
		{272D3041-2449-499E-8A77-98213C6FE302}.Debug|x64.ActiveCfg = Debug|Any CPU
		{272D3041-2449-499E-8A77-98213C6FE302}.Debug|x64.Build.0 = Debug|Any CPU
		{272D3041-2449-499E-8A77-98213C6FE302}.Debug|x86.ActiveCfg = Debug|Any CPU
		{272D3041-2449-499E-8A77-98213C6FE302}.Debug|x86.Build.0 = Debug|Any CPU
		{272D3041-2449-499E-8A77-98213C6FE302}.Release|Any CPU.ActiveCfg = Release|Any CPU
		{272D3041-2449-499E-8A77-98213C6FE302}.Release|Any CPU.Build.0 = Release|Any CPU
		{272D3041-2449-499E-8A77-98213C6FE302}.Release|x64.ActiveCfg = Release|Any CPU
		{272D3041-2449-499E-8A77-98213C6FE302}.Release|x64.Build.0 = Release|Any CPU
		{272D3041-2449-499E-8A77-98213C6FE302}.Release|x86.ActiveCfg = Release|Any CPU
		{272D3041-2449-499E-8A77-98213C6FE302}.Release|x86.Build.0 = Release|Any CPU
		{A7E6286A-5B14-4BDD-A47C-6EB835619B85}.Debug|Any CPU.ActiveCfg = Debug|Any CPU
		{A7E6286A-5B14-4BDD-A47C-6EB835619B85}.Debug|Any CPU.Build.0 = Debug|Any CPU
		{A7E6286A-5B14-4BDD-A47C-6EB835619B85}.Debug|x64.ActiveCfg = Debug|Any CPU
		{A7E6286A-5B14-4BDD-A47C-6EB835619B85}.Debug|x64.Build.0 = Debug|Any CPU
		{A7E6286A-5B14-4BDD-A47C-6EB835619B85}.Debug|x86.ActiveCfg = Debug|Any CPU
		{A7E6286A-5B14-4BDD-A47C-6EB835619B85}.Debug|x86.Build.0 = Debug|Any CPU
		{A7E6286A-5B14-4BDD-A47C-6EB835619B85}.Release|Any CPU.ActiveCfg = Release|Any CPU
		{A7E6286A-5B14-4BDD-A47C-6EB835619B85}.Release|Any CPU.Build.0 = Release|Any CPU
		{A7E6286A-5B14-4BDD-A47C-6EB835619B85}.Release|x64.ActiveCfg = Release|Any CPU
		{A7E6286A-5B14-4BDD-A47C-6EB835619B85}.Release|x64.Build.0 = Release|Any CPU
		{A7E6286A-5B14-4BDD-A47C-6EB835619B85}.Release|x86.ActiveCfg = Release|Any CPU
		{A7E6286A-5B14-4BDD-A47C-6EB835619B85}.Release|x86.Build.0 = Release|Any CPU
		{6BA7F496-BFDF-4D34-B9B0-457FA00BB99C}.Debug|Any CPU.ActiveCfg = Debug|Any CPU
		{6BA7F496-BFDF-4D34-B9B0-457FA00BB99C}.Debug|Any CPU.Build.0 = Debug|Any CPU
		{6BA7F496-BFDF-4D34-B9B0-457FA00BB99C}.Debug|x64.ActiveCfg = Debug|Any CPU
		{6BA7F496-BFDF-4D34-B9B0-457FA00BB99C}.Debug|x64.Build.0 = Debug|Any CPU
		{6BA7F496-BFDF-4D34-B9B0-457FA00BB99C}.Debug|x86.ActiveCfg = Debug|Any CPU
		{6BA7F496-BFDF-4D34-B9B0-457FA00BB99C}.Debug|x86.Build.0 = Debug|Any CPU
		{6BA7F496-BFDF-4D34-B9B0-457FA00BB99C}.Release|Any CPU.ActiveCfg = Release|Any CPU
		{6BA7F496-BFDF-4D34-B9B0-457FA00BB99C}.Release|Any CPU.Build.0 = Release|Any CPU
		{6BA7F496-BFDF-4D34-B9B0-457FA00BB99C}.Release|x64.ActiveCfg = Release|Any CPU
		{6BA7F496-BFDF-4D34-B9B0-457FA00BB99C}.Release|x64.Build.0 = Release|Any CPU
		{6BA7F496-BFDF-4D34-B9B0-457FA00BB99C}.Release|x86.ActiveCfg = Release|Any CPU
		{6BA7F496-BFDF-4D34-B9B0-457FA00BB99C}.Release|x86.Build.0 = Release|Any CPU
		{E345A70E-D590-4B3D-90EC-98ACAC6A6F55}.Debug|Any CPU.ActiveCfg = Debug|Any CPU
		{E345A70E-D590-4B3D-90EC-98ACAC6A6F55}.Debug|Any CPU.Build.0 = Debug|Any CPU
		{E345A70E-D590-4B3D-90EC-98ACAC6A6F55}.Debug|x64.ActiveCfg = Debug|Any CPU
		{E345A70E-D590-4B3D-90EC-98ACAC6A6F55}.Debug|x64.Build.0 = Debug|Any CPU
		{E345A70E-D590-4B3D-90EC-98ACAC6A6F55}.Debug|x86.ActiveCfg = Debug|Any CPU
		{E345A70E-D590-4B3D-90EC-98ACAC6A6F55}.Debug|x86.Build.0 = Debug|Any CPU
		{E345A70E-D590-4B3D-90EC-98ACAC6A6F55}.Release|Any CPU.ActiveCfg = Release|Any CPU
		{E345A70E-D590-4B3D-90EC-98ACAC6A6F55}.Release|Any CPU.Build.0 = Release|Any CPU
		{E345A70E-D590-4B3D-90EC-98ACAC6A6F55}.Release|x64.ActiveCfg = Release|Any CPU
		{E345A70E-D590-4B3D-90EC-98ACAC6A6F55}.Release|x64.Build.0 = Release|Any CPU
		{E345A70E-D590-4B3D-90EC-98ACAC6A6F55}.Release|x86.ActiveCfg = Release|Any CPU
		{E345A70E-D590-4B3D-90EC-98ACAC6A6F55}.Release|x86.Build.0 = Release|Any CPU
		{3395E562-F9B3-4D45-93BB-6A25C31BA83F}.Debug|Any CPU.ActiveCfg = Debug|Any CPU
		{3395E562-F9B3-4D45-93BB-6A25C31BA83F}.Debug|Any CPU.Build.0 = Debug|Any CPU
		{3395E562-F9B3-4D45-93BB-6A25C31BA83F}.Debug|x64.ActiveCfg = Debug|Any CPU
		{3395E562-F9B3-4D45-93BB-6A25C31BA83F}.Debug|x64.Build.0 = Debug|Any CPU
		{3395E562-F9B3-4D45-93BB-6A25C31BA83F}.Debug|x86.ActiveCfg = Debug|Any CPU
		{3395E562-F9B3-4D45-93BB-6A25C31BA83F}.Debug|x86.Build.0 = Debug|Any CPU
		{3395E562-F9B3-4D45-93BB-6A25C31BA83F}.Release|Any CPU.ActiveCfg = Release|Any CPU
		{3395E562-F9B3-4D45-93BB-6A25C31BA83F}.Release|Any CPU.Build.0 = Release|Any CPU
		{3395E562-F9B3-4D45-93BB-6A25C31BA83F}.Release|x64.ActiveCfg = Release|Any CPU
		{3395E562-F9B3-4D45-93BB-6A25C31BA83F}.Release|x64.Build.0 = Release|Any CPU
		{3395E562-F9B3-4D45-93BB-6A25C31BA83F}.Release|x86.ActiveCfg = Release|Any CPU
		{3395E562-F9B3-4D45-93BB-6A25C31BA83F}.Release|x86.Build.0 = Release|Any CPU
		{DEC359DA-0B1C-415A-957C-5AAF28F7117B}.Debug|Any CPU.ActiveCfg = Debug|Any CPU
		{DEC359DA-0B1C-415A-957C-5AAF28F7117B}.Debug|Any CPU.Build.0 = Debug|Any CPU
		{DEC359DA-0B1C-415A-957C-5AAF28F7117B}.Debug|x64.ActiveCfg = Debug|Any CPU
		{DEC359DA-0B1C-415A-957C-5AAF28F7117B}.Debug|x64.Build.0 = Debug|Any CPU
		{DEC359DA-0B1C-415A-957C-5AAF28F7117B}.Debug|x86.ActiveCfg = Debug|Any CPU
		{DEC359DA-0B1C-415A-957C-5AAF28F7117B}.Debug|x86.Build.0 = Debug|Any CPU
		{DEC359DA-0B1C-415A-957C-5AAF28F7117B}.Release|Any CPU.ActiveCfg = Release|Any CPU
		{DEC359DA-0B1C-415A-957C-5AAF28F7117B}.Release|Any CPU.Build.0 = Release|Any CPU
		{DEC359DA-0B1C-415A-957C-5AAF28F7117B}.Release|x64.ActiveCfg = Release|Any CPU
		{DEC359DA-0B1C-415A-957C-5AAF28F7117B}.Release|x64.Build.0 = Release|Any CPU
		{DEC359DA-0B1C-415A-957C-5AAF28F7117B}.Release|x86.ActiveCfg = Release|Any CPU
		{DEC359DA-0B1C-415A-957C-5AAF28F7117B}.Release|x86.Build.0 = Release|Any CPU
		{9328BF64-CE38-486C-8E54-A23437EB5E16}.Debug|Any CPU.ActiveCfg = Debug|Any CPU
		{9328BF64-CE38-486C-8E54-A23437EB5E16}.Debug|Any CPU.Build.0 = Debug|Any CPU
		{9328BF64-CE38-486C-8E54-A23437EB5E16}.Debug|x64.ActiveCfg = Debug|Any CPU
		{9328BF64-CE38-486C-8E54-A23437EB5E16}.Debug|x64.Build.0 = Debug|Any CPU
		{9328BF64-CE38-486C-8E54-A23437EB5E16}.Debug|x86.ActiveCfg = Debug|Any CPU
		{9328BF64-CE38-486C-8E54-A23437EB5E16}.Debug|x86.Build.0 = Debug|Any CPU
		{9328BF64-CE38-486C-8E54-A23437EB5E16}.Release|Any CPU.ActiveCfg = Release|Any CPU
		{9328BF64-CE38-486C-8E54-A23437EB5E16}.Release|Any CPU.Build.0 = Release|Any CPU
		{9328BF64-CE38-486C-8E54-A23437EB5E16}.Release|x64.ActiveCfg = Release|Any CPU
		{9328BF64-CE38-486C-8E54-A23437EB5E16}.Release|x64.Build.0 = Release|Any CPU
		{9328BF64-CE38-486C-8E54-A23437EB5E16}.Release|x86.ActiveCfg = Release|Any CPU
		{9328BF64-CE38-486C-8E54-A23437EB5E16}.Release|x86.Build.0 = Release|Any CPU
		{F69BB5A2-F4CB-4AD5-BBCF-6AEF21CB67D3}.Debug|Any CPU.ActiveCfg = Debug|Any CPU
		{F69BB5A2-F4CB-4AD5-BBCF-6AEF21CB67D3}.Debug|Any CPU.Build.0 = Debug|Any CPU
		{F69BB5A2-F4CB-4AD5-BBCF-6AEF21CB67D3}.Debug|x64.ActiveCfg = Debug|Any CPU
		{F69BB5A2-F4CB-4AD5-BBCF-6AEF21CB67D3}.Debug|x64.Build.0 = Debug|Any CPU
		{F69BB5A2-F4CB-4AD5-BBCF-6AEF21CB67D3}.Debug|x86.ActiveCfg = Debug|Any CPU
		{F69BB5A2-F4CB-4AD5-BBCF-6AEF21CB67D3}.Debug|x86.Build.0 = Debug|Any CPU
		{F69BB5A2-F4CB-4AD5-BBCF-6AEF21CB67D3}.Release|Any CPU.ActiveCfg = Release|Any CPU
		{F69BB5A2-F4CB-4AD5-BBCF-6AEF21CB67D3}.Release|Any CPU.Build.0 = Release|Any CPU
		{F69BB5A2-F4CB-4AD5-BBCF-6AEF21CB67D3}.Release|x64.ActiveCfg = Release|Any CPU
		{F69BB5A2-F4CB-4AD5-BBCF-6AEF21CB67D3}.Release|x64.Build.0 = Release|Any CPU
		{F69BB5A2-F4CB-4AD5-BBCF-6AEF21CB67D3}.Release|x86.ActiveCfg = Release|Any CPU
		{F69BB5A2-F4CB-4AD5-BBCF-6AEF21CB67D3}.Release|x86.Build.0 = Release|Any CPU
		{4E177F59-6642-47DB-9497-622E08396A31}.Debug|Any CPU.ActiveCfg = Debug|Any CPU
		{4E177F59-6642-47DB-9497-622E08396A31}.Debug|Any CPU.Build.0 = Debug|Any CPU
		{4E177F59-6642-47DB-9497-622E08396A31}.Debug|x64.ActiveCfg = Debug|Any CPU
		{4E177F59-6642-47DB-9497-622E08396A31}.Debug|x64.Build.0 = Debug|Any CPU
		{4E177F59-6642-47DB-9497-622E08396A31}.Debug|x86.ActiveCfg = Debug|Any CPU
		{4E177F59-6642-47DB-9497-622E08396A31}.Debug|x86.Build.0 = Debug|Any CPU
		{4E177F59-6642-47DB-9497-622E08396A31}.Release|Any CPU.ActiveCfg = Release|Any CPU
		{4E177F59-6642-47DB-9497-622E08396A31}.Release|Any CPU.Build.0 = Release|Any CPU
		{4E177F59-6642-47DB-9497-622E08396A31}.Release|x64.ActiveCfg = Release|Any CPU
		{4E177F59-6642-47DB-9497-622E08396A31}.Release|x64.Build.0 = Release|Any CPU
		{4E177F59-6642-47DB-9497-622E08396A31}.Release|x86.ActiveCfg = Release|Any CPU
		{4E177F59-6642-47DB-9497-622E08396A31}.Release|x86.Build.0 = Release|Any CPU
		{5D330522-C305-483C-BC04-8868D1F3CE13}.Debug|Any CPU.ActiveCfg = Debug|Any CPU
		{5D330522-C305-483C-BC04-8868D1F3CE13}.Debug|Any CPU.Build.0 = Debug|Any CPU
		{5D330522-C305-483C-BC04-8868D1F3CE13}.Debug|x64.ActiveCfg = Debug|Any CPU
		{5D330522-C305-483C-BC04-8868D1F3CE13}.Debug|x64.Build.0 = Debug|Any CPU
		{5D330522-C305-483C-BC04-8868D1F3CE13}.Debug|x86.ActiveCfg = Debug|Any CPU
		{5D330522-C305-483C-BC04-8868D1F3CE13}.Debug|x86.Build.0 = Debug|Any CPU
		{5D330522-C305-483C-BC04-8868D1F3CE13}.Release|Any CPU.ActiveCfg = Release|Any CPU
		{5D330522-C305-483C-BC04-8868D1F3CE13}.Release|Any CPU.Build.0 = Release|Any CPU
		{5D330522-C305-483C-BC04-8868D1F3CE13}.Release|x64.ActiveCfg = Release|Any CPU
		{5D330522-C305-483C-BC04-8868D1F3CE13}.Release|x64.Build.0 = Release|Any CPU
		{5D330522-C305-483C-BC04-8868D1F3CE13}.Release|x86.ActiveCfg = Release|Any CPU
		{5D330522-C305-483C-BC04-8868D1F3CE13}.Release|x86.Build.0 = Release|Any CPU
		{8F6EF45B-E109-43A0-9162-24E1C12F448F}.Debug|Any CPU.ActiveCfg = Debug|Any CPU
		{8F6EF45B-E109-43A0-9162-24E1C12F448F}.Debug|Any CPU.Build.0 = Debug|Any CPU
		{8F6EF45B-E109-43A0-9162-24E1C12F448F}.Debug|x64.ActiveCfg = Debug|Any CPU
		{8F6EF45B-E109-43A0-9162-24E1C12F448F}.Debug|x64.Build.0 = Debug|Any CPU
		{8F6EF45B-E109-43A0-9162-24E1C12F448F}.Debug|x86.ActiveCfg = Debug|Any CPU
		{8F6EF45B-E109-43A0-9162-24E1C12F448F}.Debug|x86.Build.0 = Debug|Any CPU
		{8F6EF45B-E109-43A0-9162-24E1C12F448F}.Release|Any CPU.ActiveCfg = Release|Any CPU
		{8F6EF45B-E109-43A0-9162-24E1C12F448F}.Release|Any CPU.Build.0 = Release|Any CPU
		{8F6EF45B-E109-43A0-9162-24E1C12F448F}.Release|x64.ActiveCfg = Release|Any CPU
		{8F6EF45B-E109-43A0-9162-24E1C12F448F}.Release|x64.Build.0 = Release|Any CPU
		{8F6EF45B-E109-43A0-9162-24E1C12F448F}.Release|x86.ActiveCfg = Release|Any CPU
		{8F6EF45B-E109-43A0-9162-24E1C12F448F}.Release|x86.Build.0 = Release|Any CPU
		{422BB12D-97F8-4990-A83F-BD46AA362AD7}.Debug|Any CPU.ActiveCfg = Debug|Any CPU
		{422BB12D-97F8-4990-A83F-BD46AA362AD7}.Debug|Any CPU.Build.0 = Debug|Any CPU
		{422BB12D-97F8-4990-A83F-BD46AA362AD7}.Debug|x64.ActiveCfg = Debug|Any CPU
		{422BB12D-97F8-4990-A83F-BD46AA362AD7}.Debug|x64.Build.0 = Debug|Any CPU
		{422BB12D-97F8-4990-A83F-BD46AA362AD7}.Debug|x86.ActiveCfg = Debug|Any CPU
		{422BB12D-97F8-4990-A83F-BD46AA362AD7}.Debug|x86.Build.0 = Debug|Any CPU
		{422BB12D-97F8-4990-A83F-BD46AA362AD7}.Release|Any CPU.ActiveCfg = Release|Any CPU
		{422BB12D-97F8-4990-A83F-BD46AA362AD7}.Release|Any CPU.Build.0 = Release|Any CPU
		{422BB12D-97F8-4990-A83F-BD46AA362AD7}.Release|x64.ActiveCfg = Release|Any CPU
		{422BB12D-97F8-4990-A83F-BD46AA362AD7}.Release|x64.Build.0 = Release|Any CPU
		{422BB12D-97F8-4990-A83F-BD46AA362AD7}.Release|x86.ActiveCfg = Release|Any CPU
		{422BB12D-97F8-4990-A83F-BD46AA362AD7}.Release|x86.Build.0 = Release|Any CPU
		{1971725B-BE5B-413F-9510-CE70EB5638FF}.Debug|Any CPU.ActiveCfg = Debug|Any CPU
		{1971725B-BE5B-413F-9510-CE70EB5638FF}.Debug|Any CPU.Build.0 = Debug|Any CPU
		{1971725B-BE5B-413F-9510-CE70EB5638FF}.Debug|x64.ActiveCfg = Debug|Any CPU
		{1971725B-BE5B-413F-9510-CE70EB5638FF}.Debug|x64.Build.0 = Debug|Any CPU
		{1971725B-BE5B-413F-9510-CE70EB5638FF}.Debug|x86.ActiveCfg = Debug|Any CPU
		{1971725B-BE5B-413F-9510-CE70EB5638FF}.Debug|x86.Build.0 = Debug|Any CPU
		{1971725B-BE5B-413F-9510-CE70EB5638FF}.Release|Any CPU.ActiveCfg = Release|Any CPU
		{1971725B-BE5B-413F-9510-CE70EB5638FF}.Release|Any CPU.Build.0 = Release|Any CPU
		{1971725B-BE5B-413F-9510-CE70EB5638FF}.Release|x64.ActiveCfg = Release|Any CPU
		{1971725B-BE5B-413F-9510-CE70EB5638FF}.Release|x64.Build.0 = Release|Any CPU
		{1971725B-BE5B-413F-9510-CE70EB5638FF}.Release|x86.ActiveCfg = Release|Any CPU
		{1971725B-BE5B-413F-9510-CE70EB5638FF}.Release|x86.Build.0 = Release|Any CPU
		{1ABD4A4E-9128-4AE2-8EED-6A1A648AED20}.Debug|Any CPU.ActiveCfg = Debug|Any CPU
		{1ABD4A4E-9128-4AE2-8EED-6A1A648AED20}.Debug|Any CPU.Build.0 = Debug|Any CPU
		{1ABD4A4E-9128-4AE2-8EED-6A1A648AED20}.Debug|x64.ActiveCfg = Debug|Any CPU
		{1ABD4A4E-9128-4AE2-8EED-6A1A648AED20}.Debug|x64.Build.0 = Debug|Any CPU
		{1ABD4A4E-9128-4AE2-8EED-6A1A648AED20}.Debug|x86.ActiveCfg = Debug|Any CPU
		{1ABD4A4E-9128-4AE2-8EED-6A1A648AED20}.Debug|x86.Build.0 = Debug|Any CPU
		{1ABD4A4E-9128-4AE2-8EED-6A1A648AED20}.Release|Any CPU.ActiveCfg = Release|Any CPU
		{1ABD4A4E-9128-4AE2-8EED-6A1A648AED20}.Release|Any CPU.Build.0 = Release|Any CPU
		{1ABD4A4E-9128-4AE2-8EED-6A1A648AED20}.Release|x64.ActiveCfg = Release|Any CPU
		{1ABD4A4E-9128-4AE2-8EED-6A1A648AED20}.Release|x64.Build.0 = Release|Any CPU
		{1ABD4A4E-9128-4AE2-8EED-6A1A648AED20}.Release|x86.ActiveCfg = Release|Any CPU
		{1ABD4A4E-9128-4AE2-8EED-6A1A648AED20}.Release|x86.Build.0 = Release|Any CPU
		{775CC4A9-8D55-499F-81BB-28B0427BB09C}.Debug|Any CPU.ActiveCfg = Debug|Any CPU
		{775CC4A9-8D55-499F-81BB-28B0427BB09C}.Debug|Any CPU.Build.0 = Debug|Any CPU
		{775CC4A9-8D55-499F-81BB-28B0427BB09C}.Debug|x64.ActiveCfg = Debug|Any CPU
		{775CC4A9-8D55-499F-81BB-28B0427BB09C}.Debug|x64.Build.0 = Debug|Any CPU
		{775CC4A9-8D55-499F-81BB-28B0427BB09C}.Debug|x86.ActiveCfg = Debug|Any CPU
		{775CC4A9-8D55-499F-81BB-28B0427BB09C}.Debug|x86.Build.0 = Debug|Any CPU
		{775CC4A9-8D55-499F-81BB-28B0427BB09C}.Release|Any CPU.ActiveCfg = Release|Any CPU
		{775CC4A9-8D55-499F-81BB-28B0427BB09C}.Release|Any CPU.Build.0 = Release|Any CPU
		{775CC4A9-8D55-499F-81BB-28B0427BB09C}.Release|x64.ActiveCfg = Release|Any CPU
		{775CC4A9-8D55-499F-81BB-28B0427BB09C}.Release|x64.Build.0 = Release|Any CPU
		{775CC4A9-8D55-499F-81BB-28B0427BB09C}.Release|x86.ActiveCfg = Release|Any CPU
		{775CC4A9-8D55-499F-81BB-28B0427BB09C}.Release|x86.Build.0 = Release|Any CPU
		{9B5DB3B0-6834-4DAD-A27E-E1680FAFF9C9}.Debug|Any CPU.ActiveCfg = Debug|Any CPU
		{9B5DB3B0-6834-4DAD-A27E-E1680FAFF9C9}.Debug|Any CPU.Build.0 = Debug|Any CPU
		{9B5DB3B0-6834-4DAD-A27E-E1680FAFF9C9}.Debug|x64.ActiveCfg = Debug|Any CPU
		{9B5DB3B0-6834-4DAD-A27E-E1680FAFF9C9}.Debug|x64.Build.0 = Debug|Any CPU
		{9B5DB3B0-6834-4DAD-A27E-E1680FAFF9C9}.Debug|x86.ActiveCfg = Debug|Any CPU
		{9B5DB3B0-6834-4DAD-A27E-E1680FAFF9C9}.Debug|x86.Build.0 = Debug|Any CPU
		{9B5DB3B0-6834-4DAD-A27E-E1680FAFF9C9}.Release|Any CPU.ActiveCfg = Release|Any CPU
		{9B5DB3B0-6834-4DAD-A27E-E1680FAFF9C9}.Release|Any CPU.Build.0 = Release|Any CPU
		{9B5DB3B0-6834-4DAD-A27E-E1680FAFF9C9}.Release|x64.ActiveCfg = Release|Any CPU
		{9B5DB3B0-6834-4DAD-A27E-E1680FAFF9C9}.Release|x64.Build.0 = Release|Any CPU
		{9B5DB3B0-6834-4DAD-A27E-E1680FAFF9C9}.Release|x86.ActiveCfg = Release|Any CPU
		{9B5DB3B0-6834-4DAD-A27E-E1680FAFF9C9}.Release|x86.Build.0 = Release|Any CPU
		{B5E88E77-5580-4089-A7DF-FDACC206851B}.Debug|Any CPU.ActiveCfg = Debug|Any CPU
		{B5E88E77-5580-4089-A7DF-FDACC206851B}.Debug|Any CPU.Build.0 = Debug|Any CPU
		{B5E88E77-5580-4089-A7DF-FDACC206851B}.Debug|x64.ActiveCfg = Debug|Any CPU
		{B5E88E77-5580-4089-A7DF-FDACC206851B}.Debug|x64.Build.0 = Debug|Any CPU
		{B5E88E77-5580-4089-A7DF-FDACC206851B}.Debug|x86.ActiveCfg = Debug|Any CPU
		{B5E88E77-5580-4089-A7DF-FDACC206851B}.Debug|x86.Build.0 = Debug|Any CPU
		{B5E88E77-5580-4089-A7DF-FDACC206851B}.Release|Any CPU.ActiveCfg = Release|Any CPU
		{B5E88E77-5580-4089-A7DF-FDACC206851B}.Release|Any CPU.Build.0 = Release|Any CPU
		{B5E88E77-5580-4089-A7DF-FDACC206851B}.Release|x64.ActiveCfg = Release|Any CPU
		{B5E88E77-5580-4089-A7DF-FDACC206851B}.Release|x64.Build.0 = Release|Any CPU
		{B5E88E77-5580-4089-A7DF-FDACC206851B}.Release|x86.ActiveCfg = Release|Any CPU
		{B5E88E77-5580-4089-A7DF-FDACC206851B}.Release|x86.Build.0 = Release|Any CPU
		{760F0893-2DF3-4801-82C2-32DA9415B2C3}.Debug|Any CPU.ActiveCfg = Debug|Any CPU
		{760F0893-2DF3-4801-82C2-32DA9415B2C3}.Debug|Any CPU.Build.0 = Debug|Any CPU
		{760F0893-2DF3-4801-82C2-32DA9415B2C3}.Debug|x64.ActiveCfg = Debug|Any CPU
		{760F0893-2DF3-4801-82C2-32DA9415B2C3}.Debug|x64.Build.0 = Debug|Any CPU
		{760F0893-2DF3-4801-82C2-32DA9415B2C3}.Debug|x86.ActiveCfg = Debug|Any CPU
		{760F0893-2DF3-4801-82C2-32DA9415B2C3}.Debug|x86.Build.0 = Debug|Any CPU
		{760F0893-2DF3-4801-82C2-32DA9415B2C3}.Release|Any CPU.ActiveCfg = Release|Any CPU
		{760F0893-2DF3-4801-82C2-32DA9415B2C3}.Release|Any CPU.Build.0 = Release|Any CPU
		{760F0893-2DF3-4801-82C2-32DA9415B2C3}.Release|x64.ActiveCfg = Release|Any CPU
		{760F0893-2DF3-4801-82C2-32DA9415B2C3}.Release|x64.Build.0 = Release|Any CPU
		{760F0893-2DF3-4801-82C2-32DA9415B2C3}.Release|x86.ActiveCfg = Release|Any CPU
		{760F0893-2DF3-4801-82C2-32DA9415B2C3}.Release|x86.Build.0 = Release|Any CPU
		{19FB1D9B-B524-4886-BD2A-888673278DD4}.Debug|Any CPU.ActiveCfg = Debug|Any CPU
		{19FB1D9B-B524-4886-BD2A-888673278DD4}.Debug|Any CPU.Build.0 = Debug|Any CPU
		{19FB1D9B-B524-4886-BD2A-888673278DD4}.Debug|x64.ActiveCfg = Debug|Any CPU
		{19FB1D9B-B524-4886-BD2A-888673278DD4}.Debug|x64.Build.0 = Debug|Any CPU
		{19FB1D9B-B524-4886-BD2A-888673278DD4}.Debug|x86.ActiveCfg = Debug|Any CPU
		{19FB1D9B-B524-4886-BD2A-888673278DD4}.Debug|x86.Build.0 = Debug|Any CPU
		{19FB1D9B-B524-4886-BD2A-888673278DD4}.Release|Any CPU.ActiveCfg = Release|Any CPU
		{19FB1D9B-B524-4886-BD2A-888673278DD4}.Release|Any CPU.Build.0 = Release|Any CPU
		{19FB1D9B-B524-4886-BD2A-888673278DD4}.Release|x64.ActiveCfg = Release|Any CPU
		{19FB1D9B-B524-4886-BD2A-888673278DD4}.Release|x64.Build.0 = Release|Any CPU
		{19FB1D9B-B524-4886-BD2A-888673278DD4}.Release|x86.ActiveCfg = Release|Any CPU
		{19FB1D9B-B524-4886-BD2A-888673278DD4}.Release|x86.Build.0 = Release|Any CPU
		{CA1BF73C-F267-462B-9E42-E42BEE6E4D79}.Debug|Any CPU.ActiveCfg = Debug|Any CPU
		{CA1BF73C-F267-462B-9E42-E42BEE6E4D79}.Debug|Any CPU.Build.0 = Debug|Any CPU
		{CA1BF73C-F267-462B-9E42-E42BEE6E4D79}.Debug|x64.ActiveCfg = Debug|Any CPU
		{CA1BF73C-F267-462B-9E42-E42BEE6E4D79}.Debug|x64.Build.0 = Debug|Any CPU
		{CA1BF73C-F267-462B-9E42-E42BEE6E4D79}.Debug|x86.ActiveCfg = Debug|Any CPU
		{CA1BF73C-F267-462B-9E42-E42BEE6E4D79}.Debug|x86.Build.0 = Debug|Any CPU
		{CA1BF73C-F267-462B-9E42-E42BEE6E4D79}.Release|Any CPU.ActiveCfg = Release|Any CPU
		{CA1BF73C-F267-462B-9E42-E42BEE6E4D79}.Release|Any CPU.Build.0 = Release|Any CPU
		{CA1BF73C-F267-462B-9E42-E42BEE6E4D79}.Release|x64.ActiveCfg = Release|Any CPU
		{CA1BF73C-F267-462B-9E42-E42BEE6E4D79}.Release|x64.Build.0 = Release|Any CPU
		{CA1BF73C-F267-462B-9E42-E42BEE6E4D79}.Release|x86.ActiveCfg = Release|Any CPU
		{CA1BF73C-F267-462B-9E42-E42BEE6E4D79}.Release|x86.Build.0 = Release|Any CPU
		{6F6EB37F-3F53-49B1-9C7A-6B631AC47D34}.Debug|Any CPU.ActiveCfg = Debug|Any CPU
		{6F6EB37F-3F53-49B1-9C7A-6B631AC47D34}.Debug|Any CPU.Build.0 = Debug|Any CPU
		{6F6EB37F-3F53-49B1-9C7A-6B631AC47D34}.Debug|x64.ActiveCfg = Debug|Any CPU
		{6F6EB37F-3F53-49B1-9C7A-6B631AC47D34}.Debug|x64.Build.0 = Debug|Any CPU
		{6F6EB37F-3F53-49B1-9C7A-6B631AC47D34}.Debug|x86.ActiveCfg = Debug|Any CPU
		{6F6EB37F-3F53-49B1-9C7A-6B631AC47D34}.Debug|x86.Build.0 = Debug|Any CPU
		{6F6EB37F-3F53-49B1-9C7A-6B631AC47D34}.Release|Any CPU.ActiveCfg = Release|Any CPU
		{6F6EB37F-3F53-49B1-9C7A-6B631AC47D34}.Release|Any CPU.Build.0 = Release|Any CPU
		{6F6EB37F-3F53-49B1-9C7A-6B631AC47D34}.Release|x64.ActiveCfg = Release|Any CPU
		{6F6EB37F-3F53-49B1-9C7A-6B631AC47D34}.Release|x64.Build.0 = Release|Any CPU
		{6F6EB37F-3F53-49B1-9C7A-6B631AC47D34}.Release|x86.ActiveCfg = Release|Any CPU
		{6F6EB37F-3F53-49B1-9C7A-6B631AC47D34}.Release|x86.Build.0 = Release|Any CPU
		{9BF80D8A-EF86-4AA6-B0A1-11A3CBB4F936}.Debug|Any CPU.ActiveCfg = Debug|Any CPU
		{9BF80D8A-EF86-4AA6-B0A1-11A3CBB4F936}.Debug|Any CPU.Build.0 = Debug|Any CPU
		{9BF80D8A-EF86-4AA6-B0A1-11A3CBB4F936}.Debug|x64.ActiveCfg = Debug|Any CPU
		{9BF80D8A-EF86-4AA6-B0A1-11A3CBB4F936}.Debug|x64.Build.0 = Debug|Any CPU
		{9BF80D8A-EF86-4AA6-B0A1-11A3CBB4F936}.Debug|x86.ActiveCfg = Debug|Any CPU
		{9BF80D8A-EF86-4AA6-B0A1-11A3CBB4F936}.Debug|x86.Build.0 = Debug|Any CPU
		{9BF80D8A-EF86-4AA6-B0A1-11A3CBB4F936}.Release|Any CPU.ActiveCfg = Release|Any CPU
		{9BF80D8A-EF86-4AA6-B0A1-11A3CBB4F936}.Release|Any CPU.Build.0 = Release|Any CPU
		{9BF80D8A-EF86-4AA6-B0A1-11A3CBB4F936}.Release|x64.ActiveCfg = Release|Any CPU
		{9BF80D8A-EF86-4AA6-B0A1-11A3CBB4F936}.Release|x64.Build.0 = Release|Any CPU
		{9BF80D8A-EF86-4AA6-B0A1-11A3CBB4F936}.Release|x86.ActiveCfg = Release|Any CPU
		{9BF80D8A-EF86-4AA6-B0A1-11A3CBB4F936}.Release|x86.Build.0 = Release|Any CPU
		{0A8901AB-C15C-4EE7-B32A-289A9AB51D2A}.Debug|Any CPU.ActiveCfg = Debug|Any CPU
		{0A8901AB-C15C-4EE7-B32A-289A9AB51D2A}.Debug|Any CPU.Build.0 = Debug|Any CPU
		{0A8901AB-C15C-4EE7-B32A-289A9AB51D2A}.Debug|x64.ActiveCfg = Debug|Any CPU
		{0A8901AB-C15C-4EE7-B32A-289A9AB51D2A}.Debug|x64.Build.0 = Debug|Any CPU
		{0A8901AB-C15C-4EE7-B32A-289A9AB51D2A}.Debug|x86.ActiveCfg = Debug|Any CPU
		{0A8901AB-C15C-4EE7-B32A-289A9AB51D2A}.Debug|x86.Build.0 = Debug|Any CPU
		{0A8901AB-C15C-4EE7-B32A-289A9AB51D2A}.Release|Any CPU.ActiveCfg = Release|Any CPU
		{0A8901AB-C15C-4EE7-B32A-289A9AB51D2A}.Release|Any CPU.Build.0 = Release|Any CPU
		{0A8901AB-C15C-4EE7-B32A-289A9AB51D2A}.Release|x64.ActiveCfg = Release|Any CPU
		{0A8901AB-C15C-4EE7-B32A-289A9AB51D2A}.Release|x64.Build.0 = Release|Any CPU
		{0A8901AB-C15C-4EE7-B32A-289A9AB51D2A}.Release|x86.ActiveCfg = Release|Any CPU
		{0A8901AB-C15C-4EE7-B32A-289A9AB51D2A}.Release|x86.Build.0 = Release|Any CPU
		{3C022E25-AD59-4910-A1FF-D244EF6AB3BF}.Debug|Any CPU.ActiveCfg = Debug|Any CPU
		{3C022E25-AD59-4910-A1FF-D244EF6AB3BF}.Debug|Any CPU.Build.0 = Debug|Any CPU
		{3C022E25-AD59-4910-A1FF-D244EF6AB3BF}.Debug|x64.ActiveCfg = Debug|Any CPU
		{3C022E25-AD59-4910-A1FF-D244EF6AB3BF}.Debug|x64.Build.0 = Debug|Any CPU
		{3C022E25-AD59-4910-A1FF-D244EF6AB3BF}.Debug|x86.ActiveCfg = Debug|Any CPU
		{3C022E25-AD59-4910-A1FF-D244EF6AB3BF}.Debug|x86.Build.0 = Debug|Any CPU
		{3C022E25-AD59-4910-A1FF-D244EF6AB3BF}.Release|Any CPU.ActiveCfg = Release|Any CPU
		{3C022E25-AD59-4910-A1FF-D244EF6AB3BF}.Release|Any CPU.Build.0 = Release|Any CPU
		{3C022E25-AD59-4910-A1FF-D244EF6AB3BF}.Release|x64.ActiveCfg = Release|Any CPU
		{3C022E25-AD59-4910-A1FF-D244EF6AB3BF}.Release|x64.Build.0 = Release|Any CPU
		{3C022E25-AD59-4910-A1FF-D244EF6AB3BF}.Release|x86.ActiveCfg = Release|Any CPU
		{3C022E25-AD59-4910-A1FF-D244EF6AB3BF}.Release|x86.Build.0 = Release|Any CPU
	EndGlobalSection
	GlobalSection(NestedProjects) = preSolution
		{A6D32EC4-1D59-4A8E-A9E1-859633F29290} = {4683D6CF-41F6-4ED4-9F50-813FD93B32D9}
		{A4EE358C-D1C5-47D7-83E7-4CFEE9E2FD93} = {A6D32EC4-1D59-4A8E-A9E1-859633F29290}
		{06E810C6-0DA1-43E8-8E97-4DCF38FDDFEB} = {A4EE358C-D1C5-47D7-83E7-4CFEE9E2FD93}
		{8F9AFCB0-90B2-49AD-B8C8-A2C09E1C7C1A} = {A4EE358C-D1C5-47D7-83E7-4CFEE9E2FD93}
		{984C32A8-0546-4FA1-97C1-08D8182E3EFD} = {A4EE358C-D1C5-47D7-83E7-4CFEE9E2FD93}
		{C1D04537-0E4E-46DA-8AB5-0D4EDE15AE0E} = {A4EE358C-D1C5-47D7-83E7-4CFEE9E2FD93}
		{272D3041-2449-499E-8A77-98213C6FE302} = {A4EE358C-D1C5-47D7-83E7-4CFEE9E2FD93}
		{A7E6286A-5B14-4BDD-A47C-6EB835619B85} = {A4EE358C-D1C5-47D7-83E7-4CFEE9E2FD93}
		{6BA7F496-BFDF-4D34-B9B0-457FA00BB99C} = {A4EE358C-D1C5-47D7-83E7-4CFEE9E2FD93}
		{E345A70E-D590-4B3D-90EC-98ACAC6A6F55} = {A4EE358C-D1C5-47D7-83E7-4CFEE9E2FD93}
		{3395E562-F9B3-4D45-93BB-6A25C31BA83F} = {A4EE358C-D1C5-47D7-83E7-4CFEE9E2FD93}
		{DEC359DA-0B1C-415A-957C-5AAF28F7117B} = {A4EE358C-D1C5-47D7-83E7-4CFEE9E2FD93}
		{9328BF64-CE38-486C-8E54-A23437EB5E16} = {A4EE358C-D1C5-47D7-83E7-4CFEE9E2FD93}
		{F69BB5A2-F4CB-4AD5-BBCF-6AEF21CB67D3} = {A4EE358C-D1C5-47D7-83E7-4CFEE9E2FD93}
		{0DC83D64-B537-4ECC-8E67-E7201A408E3F} = {A6D32EC4-1D59-4A8E-A9E1-859633F29290}
		{4E177F59-6642-47DB-9497-622E08396A31} = {0DC83D64-B537-4ECC-8E67-E7201A408E3F}
		{5D330522-C305-483C-BC04-8868D1F3CE13} = {0DC83D64-B537-4ECC-8E67-E7201A408E3F}
		{8F6EF45B-E109-43A0-9162-24E1C12F448F} = {0DC83D64-B537-4ECC-8E67-E7201A408E3F}
		{422BB12D-97F8-4990-A83F-BD46AA362AD7} = {0DC83D64-B537-4ECC-8E67-E7201A408E3F}
		{1971725B-BE5B-413F-9510-CE70EB5638FF} = {0DC83D64-B537-4ECC-8E67-E7201A408E3F}
		{1ABD4A4E-9128-4AE2-8EED-6A1A648AED20} = {0DC83D64-B537-4ECC-8E67-E7201A408E3F}
		{775CC4A9-8D55-499F-81BB-28B0427BB09C} = {0DC83D64-B537-4ECC-8E67-E7201A408E3F}
		{9B5DB3B0-6834-4DAD-A27E-E1680FAFF9C9} = {0DC83D64-B537-4ECC-8E67-E7201A408E3F}
		{B5E88E77-5580-4089-A7DF-FDACC206851B} = {0667AC43-7C96-4BB4-B018-F12A0ED9F112}
		{760F0893-2DF3-4801-82C2-32DA9415B2C3} = {0667AC43-7C96-4BB4-B018-F12A0ED9F112}
		{19FB1D9B-B524-4886-BD2A-888673278DD4} = {0667AC43-7C96-4BB4-B018-F12A0ED9F112}
		{CA1BF73C-F267-462B-9E42-E42BEE6E4D79} = {0667AC43-7C96-4BB4-B018-F12A0ED9F112}
		{6F6EB37F-3F53-49B1-9C7A-6B631AC47D34} = {0667AC43-7C96-4BB4-B018-F12A0ED9F112}
		{9BF80D8A-EF86-4AA6-B0A1-11A3CBB4F936} = {037E9260-ED7D-4193-B137-DF6BC180AD49}
		{0A8901AB-C15C-4EE7-B32A-289A9AB51D2A} = {037E9260-ED7D-4193-B137-DF6BC180AD49}
		{3C022E25-AD59-4910-A1FF-D244EF6AB3BF} = {037E9260-ED7D-4193-B137-DF6BC180AD49}
	EndGlobalSection
EndGlobal
