{
  "version": 1,
  "dependencies": {
    ".NETCoreApp,Version=v3.0": {
      "Microsoft.NETCore.App": {
        "type": "Direct",
        "requested": "[3.0.0-preview6-27804-01, )",
        "resolved": "3.0.0-preview6-27804-01",
        "contentHash": "ZusFeFw4lm4f3W1GyaTDbEdqln8N0fWFijKpykPLLvrEEsppfZwx8n/UeMm/e56QspzGHKpJfmKi4YF2Z6+G6A==",
        "dependencies": {
          "Microsoft.NETCore.Platforms": "3.0.0-preview6.19303.8"
        }
      },
      "Microsoft.SourceLink.GitHub": {
        "type": "Direct",
        "requested": "[1.0.0-beta2-18618-05, )",
        "resolved": "1.0.0-beta2-18618-05",
        "contentHash": "MTBBSI7ggTcnULTFLmud9Qp/SLjyrOlFijJXjMXHSe+3JGMCZeYF4tUNKQwQ989+7gR0nlQMhin63mJB0Tmb6g==",
        "dependencies": {
          "Microsoft.Build.Tasks.Git": "1.0.0-beta2-18618-05",
          "Microsoft.SourceLink.Common": "1.0.0-beta2-18618-05"
        }
      },
      "NLog": {
        "type": "Direct",
        "requested": "[4.6.5, )",
        "resolved": "4.6.5",
        "contentHash": "DTVz1+irQo7IyXLwaGUj/jteTeCK5ZINZ92kzU+WKD6GQvObI53/CXj4mU88Hx2Z9QsvIjLhhPV3lAVdDK8ULg=="
      },
      "Microsoft.Build.Tasks.Git": {
        "type": "Transitive",
        "resolved": "1.0.0-beta2-18618-05",
        "contentHash": "GcxvC20U34k0LNBHxpvO1Nl3YjAbgU3oBn7BxyI6+woB4I0lryHu8bvp4SSRYXF6V2p6QueLw0hPtvaBSa6+5w=="
      },
      "Microsoft.NETCore.Platforms": {
        "type": "Transitive",
        "resolved": "3.0.0-preview6.19303.8",
        "contentHash": "9nE9InmtkWL1ZIAvzZPoe8zzr8JNrmyofR5++0NCLomrLSbR70b60hLXFE/7vXIVgbKdTo3CTsCcFTOSZoOIEw=="
      },
      "Microsoft.SourceLink.Common": {
        "type": "Transitive",
        "resolved": "1.0.0-beta2-18618-05",
        "contentHash": "obLbR9apXZwID0woyykZzhUuU+K4xyLKwyZ8HKSW/SKd7wfywQ19ei6i4MM+ieVF0S7QJQFxGvuTWPlEBsFF6A=="
      }
    }
  }
}